<?xml version="1.0" encoding="UTF-8"?>
<!DOCTYPE plist PUBLIC "-//Apple//DTD PLIST 1.0//EN" "http://www.apple.com/DTDs/PropertyList-1.0.dtd">
<plist version="1.0">
<dict>
	<key>archiveVersion</key>
	<string>1</string>
	<key>classes</key>
	<dict/>
	<key>objectVersion</key>
	<string>46</string>
	<key>objects</key>
	<dict>
		<key>1605A36418349A3200358697</key>
		<dict>
			<key>fileEncoding</key>
			<string>4</string>
			<key>isa</key>
			<string>PBXFileReference</string>
			<key>lastKnownFileType</key>
			<string>sourcecode.c.h</string>
			<key>path</key>
			<string>DishCell.h</string>
			<key>sourceTree</key>
			<string>&lt;group&gt;</string>
		</dict>
		<key>1605A36518349A3200358697</key>
		<dict>
			<key>fileEncoding</key>
			<string>4</string>
			<key>isa</key>
			<string>PBXFileReference</string>
			<key>lastKnownFileType</key>
			<string>sourcecode.c.objc</string>
			<key>path</key>
			<string>DishCell.m</string>
			<key>sourceTree</key>
			<string>&lt;group&gt;</string>
		</dict>
		<key>1605A36618349A3200358697</key>
		<dict>
			<key>fileRef</key>
			<string>1605A36518349A3200358697</string>
			<key>isa</key>
			<string>PBXBuildFile</string>
		</dict>
		<key>1610BCFB1880F52200BBA1DC</key>
		<dict>
			<key>children</key>
			<array>
				<string>16FF72111824A3C70026C568</string>
				<string>16FF72121824A3C70026C568</string>
				<string>16AA38AC1824AAFB00374116</string>
				<string>16AA38AD1824AAFB00374116</string>
				<string>16AA38B9182597DD00374116</string>
				<string>16AA38BA182597DD00374116</string>
			</array>
			<key>isa</key>
			<string>PBXGroup</string>
			<key>path</key>
			<string>Controllers</string>
			<key>sourceTree</key>
			<string>&lt;group&gt;</string>
		</dict>
		<key>168B4400182E29DF001808E3</key>
		<dict>
			<key>children</key>
			<array>
				<string>168B4401182E2A3B001808E3</string>
				<string>168B4402182E2A3B001808E3</string>
				<string>B6D5EB491A23955E003922FC</string>
				<string>B6D5EB4A1A23955E003922FC</string>
			</array>
			<key>isa</key>
			<string>PBXGroup</string>
			<key>path</key>
			<string>Categories</string>
			<key>sourceTree</key>
			<string>&lt;group&gt;</string>
		</dict>
		<key>168B4401182E2A3B001808E3</key>
		<dict>
			<key>fileEncoding</key>
			<string>4</string>
			<key>isa</key>
			<string>PBXFileReference</string>
			<key>lastKnownFileType</key>
			<string>sourcecode.c.h</string>
			<key>path</key>
			<string>UIColor+GAColor.h</string>
			<key>sourceTree</key>
			<string>&lt;group&gt;</string>
		</dict>
		<key>168B4402182E2A3B001808E3</key>
		<dict>
			<key>fileEncoding</key>
			<string>4</string>
			<key>isa</key>
			<string>PBXFileReference</string>
			<key>lastKnownFileType</key>
			<string>sourcecode.c.objc</string>
			<key>path</key>
			<string>UIColor+GAColor.m</string>
			<key>sourceTree</key>
			<string>&lt;group&gt;</string>
		</dict>
		<key>168B4403182E2A3B001808E3</key>
		<dict>
			<key>fileRef</key>
			<string>168B4402182E2A3B001808E3</string>
			<key>isa</key>
			<string>PBXBuildFile</string>
		</dict>
		<key>168B4405182E2E9A001808E3</key>
		<dict>
			<key>children</key>
			<array>
				<string>8BBC829718838B5D004E9883</string>
				<string>8BBC829818838B5D004E9883</string>
				<string>8BBC829318838AD1004E9883</string>
				<string>8BBC829418838AD1004E9883</string>
				<string>8BBC828F18838A58004E9883</string>
				<string>8BBC829018838A58004E9883</string>
				<string>8BBC828B18838980004E9883</string>
				<string>8BBC828C18838980004E9883</string>
				<string>8BBC82831883888E004E9883</string>
				<string>8BBC82841883888E004E9883</string>
				<string>8BBC827F18837C9F004E9883</string>
				<string>8BBC828018837C9F004E9883</string>
				<string>8BBC827B18837BE3004E9883</string>
				<string>8BBC827C18837BE3004E9883</string>
				<string>8BBC827718837B93004E9883</string>
				<string>8BBC827818837B94004E9883</string>
				<string>8BBC8273188378A9004E9883</string>
				<string>8BBC8274188378A9004E9883</string>
				<string>8BBC826B188377D8004E9883</string>
				<string>8BBC826C188377D8004E9883</string>
				<string>8BBC826718836CDE004E9883</string>
				<string>8BBC826F1883783D004E9883</string>
				<string>8BBC82701883783D004E9883</string>
				<string>8BBC826818836CDE004E9883</string>
				<string>168B4406182E2F14001808E3</string>
				<string>168B4407182E2F14001808E3</string>
				<string>168B4408182E2F14001808E3</string>
				<string>168B4409182E2F14001808E3</string>
				<string>168B440A182E2F14001808E3</string>
				<string>168B440B182E2F14001808E3</string>
				<string>168B440C182E2F14001808E3</string>
				<string>168B440D182E2F14001808E3</string>
				<string>168B440E182E2F14001808E3</string>
				<string>168B440F182E2F14001808E3</string>
				<string>168B4410182E2F14001808E3</string>
			</array>
			<key>isa</key>
			<string>PBXGroup</string>
			<key>path</key>
			<string>NutritionViewFiles</string>
			<key>sourceTree</key>
			<string>&lt;group&gt;</string>
		</dict>
		<key>168B4406182E2F14001808E3</key>
		<dict>
			<key>fileEncoding</key>
			<string>4</string>
			<key>isa</key>
			<string>PBXFileReference</string>
			<key>lastKnownFileType</key>
			<string>sourcecode.c.h</string>
			<key>path</key>
			<string>AJRBackgroundDimmer.h</string>
			<key>sourceTree</key>
			<string>&lt;group&gt;</string>
		</dict>
		<key>168B4407182E2F14001808E3</key>
		<dict>
			<key>fileEncoding</key>
			<string>4</string>
			<key>isa</key>
			<string>PBXFileReference</string>
			<key>lastKnownFileType</key>
			<string>sourcecode.c.objc</string>
			<key>path</key>
			<string>AJRBackgroundDimmer.m</string>
			<key>sourceTree</key>
			<string>&lt;group&gt;</string>
		</dict>
		<key>168B4408182E2F14001808E3</key>
		<dict>
			<key>fileEncoding</key>
			<string>4</string>
			<key>isa</key>
			<string>PBXFileReference</string>
			<key>lastKnownFileType</key>
			<string>sourcecode.c.h</string>
			<key>path</key>
			<string>AJRNutritionLabelCalculation.h</string>
			<key>sourceTree</key>
			<string>&lt;group&gt;</string>
		</dict>
		<key>168B4409182E2F14001808E3</key>
		<dict>
			<key>fileEncoding</key>
			<string>4</string>
			<key>isa</key>
			<string>PBXFileReference</string>
			<key>lastKnownFileType</key>
			<string>sourcecode.c.objc</string>
			<key>path</key>
			<string>AJRNutritionLabelCalculation.m</string>
			<key>sourceTree</key>
			<string>&lt;group&gt;</string>
		</dict>
		<key>168B440A182E2F14001808E3</key>
		<dict>
			<key>fileEncoding</key>
			<string>4</string>
			<key>isa</key>
			<string>PBXFileReference</string>
			<key>lastKnownFileType</key>
			<string>sourcecode.c.h</string>
			<key>path</key>
			<string>AJRNutritionLabelView.h</string>
			<key>sourceTree</key>
			<string>&lt;group&gt;</string>
		</dict>
		<key>168B440B182E2F14001808E3</key>
		<dict>
			<key>fileEncoding</key>
			<string>4</string>
			<key>isa</key>
			<string>PBXFileReference</string>
			<key>lastKnownFileType</key>
			<string>sourcecode.c.objc</string>
			<key>path</key>
			<string>AJRNutritionLabelView.m</string>
			<key>sourceTree</key>
			<string>&lt;group&gt;</string>
		</dict>
		<key>168B440C182E2F14001808E3</key>
		<dict>
			<key>fileEncoding</key>
			<string>4</string>
			<key>isa</key>
			<string>PBXFileReference</string>
			<key>lastKnownFileType</key>
			<string>sourcecode.c.h</string>
			<key>path</key>
			<string>AJRNutritionViewController.h</string>
			<key>sourceTree</key>
			<string>&lt;group&gt;</string>
		</dict>
		<key>168B440D182E2F14001808E3</key>
		<dict>
			<key>fileEncoding</key>
			<string>4</string>
			<key>isa</key>
			<string>PBXFileReference</string>
			<key>lastKnownFileType</key>
			<string>sourcecode.c.objc</string>
			<key>path</key>
			<string>AJRNutritionViewController.m</string>
			<key>sourceTree</key>
			<string>&lt;group&gt;</string>
		</dict>
		<key>168B440E182E2F14001808E3</key>
		<dict>
			<key>fileEncoding</key>
			<string>4</string>
			<key>isa</key>
			<string>PBXFileReference</string>
			<key>lastKnownFileType</key>
			<string>file.xib</string>
			<key>path</key>
			<string>AJRNutritionViewController.xib</string>
			<key>sourceTree</key>
			<string>&lt;group&gt;</string>
		</dict>
		<key>168B440F182E2F14001808E3</key>
		<dict>
			<key>isa</key>
			<string>PBXFileReference</string>
			<key>lastKnownFileType</key>
			<string>image.png</string>
			<key>path</key>
			<string>CloseButton.png</string>
			<key>sourceTree</key>
			<string>&lt;group&gt;</string>
		</dict>
		<key>168B4410182E2F14001808E3</key>
		<dict>
			<key>isa</key>
			<string>PBXFileReference</string>
			<key>lastKnownFileType</key>
			<string>image.png</string>
			<key>path</key>
			<string>CloseButton@2x.png</string>
			<key>sourceTree</key>
			<string>&lt;group&gt;</string>
		</dict>
		<key>168B4411182E2F14001808E3</key>
		<dict>
			<key>fileRef</key>
			<string>168B4407182E2F14001808E3</string>
			<key>isa</key>
			<string>PBXBuildFile</string>
		</dict>
		<key>168B4412182E2F14001808E3</key>
		<dict>
			<key>fileRef</key>
			<string>168B4409182E2F14001808E3</string>
			<key>isa</key>
			<string>PBXBuildFile</string>
		</dict>
		<key>168B4413182E2F14001808E3</key>
		<dict>
			<key>fileRef</key>
			<string>168B440B182E2F14001808E3</string>
			<key>isa</key>
			<string>PBXBuildFile</string>
		</dict>
		<key>168B4414182E2F14001808E3</key>
		<dict>
			<key>fileRef</key>
			<string>168B440D182E2F14001808E3</string>
			<key>isa</key>
			<string>PBXBuildFile</string>
		</dict>
		<key>168B4415182E2F14001808E3</key>
		<dict>
			<key>fileRef</key>
			<string>168B440E182E2F14001808E3</string>
			<key>isa</key>
			<string>PBXBuildFile</string>
		</dict>
		<key>168B4416182E2F14001808E3</key>
		<dict>
			<key>fileRef</key>
			<string>168B440F182E2F14001808E3</string>
			<key>isa</key>
			<string>PBXBuildFile</string>
		</dict>
		<key>168B4417182E2F14001808E3</key>
		<dict>
			<key>fileRef</key>
			<string>168B4410182E2F14001808E3</string>
			<key>isa</key>
			<string>PBXBuildFile</string>
		</dict>
		<key>16A01D76183D932C00D8F4C2</key>
		<dict>
			<key>children</key>
			<array>
				<string>16A01D77183D966C00D8F4C2</string>
			</array>
			<key>isa</key>
			<string>PBXGroup</string>
			<key>name</key>
			<string>iPad</string>
			<key>sourceTree</key>
			<string>&lt;group&gt;</string>
		</dict>
		<key>16A01D77183D966C00D8F4C2</key>
		<dict>
			<key>fileEncoding</key>
			<string>4</string>
			<key>isa</key>
			<string>PBXFileReference</string>
			<key>lastKnownFileType</key>
			<string>file.storyboard</string>
			<key>path</key>
			<string>Main-iPad.storyboard</string>
			<key>sourceTree</key>
			<string>&lt;group&gt;</string>
		</dict>
		<key>16A01D78183D966C00D8F4C2</key>
		<dict>
			<key>fileRef</key>
			<string>16A01D77183D966C00D8F4C2</string>
			<key>isa</key>
			<string>PBXBuildFile</string>
		</dict>
		<key>16AA38AC1824AAFB00374116</key>
		<dict>
			<key>fileEncoding</key>
			<string>4</string>
			<key>isa</key>
			<string>PBXFileReference</string>
			<key>lastKnownFileType</key>
			<string>sourcecode.c.h</string>
			<key>path</key>
			<string>MealViewController.h</string>
			<key>sourceTree</key>
			<string>&lt;group&gt;</string>
		</dict>
		<key>16AA38AD1824AAFB00374116</key>
		<dict>
			<key>fileEncoding</key>
			<string>4</string>
			<key>isa</key>
			<string>PBXFileReference</string>
			<key>lastKnownFileType</key>
			<string>sourcecode.c.objc</string>
			<key>path</key>
			<string>MealViewController.m</string>
			<key>sourceTree</key>
			<string>&lt;group&gt;</string>
		</dict>
		<key>16AA38AE1824AAFB00374116</key>
		<dict>
			<key>fileRef</key>
			<string>16AA38AD1824AAFB00374116</string>
			<key>isa</key>
			<string>PBXBuildFile</string>
		</dict>
		<key>16AA38AF1825932C00374116</key>
		<dict>
			<key>children</key>
			<array>
				<string>16AA38B01825932C00374116</string>
				<string>16AA38B31825932C00374116</string>
				<string>16AA38B41825932C00374116</string>
			</array>
			<key>isa</key>
			<string>PBXGroup</string>
			<key>path</key>
			<string>RMDateSelectionViewController</string>
			<key>sourceTree</key>
			<string>&lt;group&gt;</string>
		</dict>
		<key>16AA38B01825932C00374116</key>
		<dict>
			<key>children</key>
			<array>
				<string>16AA38B11825932C00374116</string>
				<string>16AA38B21825932C00374116</string>
				<string>16AA38B51825932C00374116</string>
				<string>16AA38B61825932C00374116</string>
			</array>
			<key>isa</key>
			<string>PBXVariantGroup</string>
			<key>name</key>
			<string>RMDateSelectionViewController.xib</string>
			<key>sourceTree</key>
			<string>&lt;group&gt;</string>
		</dict>
		<key>16AA38B11825932C00374116</key>
		<dict>
			<key>isa</key>
			<string>PBXFileReference</string>
			<key>lastKnownFileType</key>
			<string>file.xib</string>
			<key>name</key>
			<string>de</string>
			<key>path</key>
			<string>de.lproj/RMDateSelectionViewController.xib</string>
			<key>sourceTree</key>
			<string>&lt;group&gt;</string>
		</dict>
		<key>16AA38B21825932C00374116</key>
		<dict>
			<key>isa</key>
			<string>PBXFileReference</string>
			<key>lastKnownFileType</key>
			<string>file.xib</string>
			<key>name</key>
			<string>en</string>
			<key>path</key>
			<string>en.lproj/RMDateSelectionViewController.xib</string>
			<key>sourceTree</key>
			<string>&lt;group&gt;</string>
		</dict>
		<key>16AA38B31825932C00374116</key>
		<dict>
			<key>fileEncoding</key>
			<string>4</string>
			<key>isa</key>
			<string>PBXFileReference</string>
			<key>lastKnownFileType</key>
			<string>sourcecode.c.h</string>
			<key>path</key>
			<string>RMDateSelectionViewController.h</string>
			<key>sourceTree</key>
			<string>&lt;group&gt;</string>
		</dict>
		<key>16AA38B41825932C00374116</key>
		<dict>
			<key>fileEncoding</key>
			<string>4</string>
			<key>isa</key>
			<string>PBXFileReference</string>
			<key>lastKnownFileType</key>
			<string>sourcecode.c.objc</string>
			<key>path</key>
			<string>RMDateSelectionViewController.m</string>
			<key>sourceTree</key>
			<string>&lt;group&gt;</string>
		</dict>
		<key>16AA38B51825932C00374116</key>
		<dict>
			<key>isa</key>
			<string>PBXFileReference</string>
			<key>lastKnownFileType</key>
			<string>file.xib</string>
			<key>name</key>
			<string>zh-Hans</string>
			<key>path</key>
			<string>zh-Hans.lproj/RMDateSelectionViewController.xib</string>
			<key>sourceTree</key>
			<string>&lt;group&gt;</string>
		</dict>
		<key>16AA38B61825932C00374116</key>
		<dict>
			<key>isa</key>
			<string>PBXFileReference</string>
			<key>lastKnownFileType</key>
			<string>file.xib</string>
			<key>name</key>
			<string>zh-Hant</string>
			<key>path</key>
			<string>zh-Hant.lproj/RMDateSelectionViewController.xib</string>
			<key>sourceTree</key>
			<string>&lt;group&gt;</string>
		</dict>
		<key>16AA38B71825932C00374116</key>
		<dict>
			<key>fileRef</key>
			<string>16AA38B01825932C00374116</string>
			<key>isa</key>
			<string>PBXBuildFile</string>
		</dict>
		<key>16AA38B81825932C00374116</key>
		<dict>
			<key>fileRef</key>
			<string>16AA38B41825932C00374116</string>
			<key>isa</key>
			<string>PBXBuildFile</string>
		</dict>
		<key>16AA38B9182597DD00374116</key>
		<dict>
			<key>fileEncoding</key>
			<string>4</string>
			<key>isa</key>
			<string>PBXFileReference</string>
			<key>lastKnownFileType</key>
			<string>sourcecode.c.h</string>
			<key>path</key>
			<string>SettingsViewController.h</string>
			<key>sourceTree</key>
			<string>&lt;group&gt;</string>
		</dict>
		<key>16AA38BA182597DD00374116</key>
		<dict>
			<key>fileEncoding</key>
			<string>4</string>
			<key>isa</key>
			<string>PBXFileReference</string>
			<key>lastKnownFileType</key>
			<string>sourcecode.c.objc</string>
			<key>path</key>
			<string>SettingsViewController.m</string>
			<key>sourceTree</key>
			<string>&lt;group&gt;</string>
		</dict>
		<key>16AA38BB182597DD00374116</key>
		<dict>
			<key>fileRef</key>
			<string>16AA38BA182597DD00374116</string>
			<key>isa</key>
			<string>PBXBuildFile</string>
		</dict>
		<key>16AA38BE1825D31500374116</key>
		<dict>
			<key>children</key>
			<array>
				<string>16AA38CB1825F25A00374116</string>
				<string>16AA38CC1825F25A00374116</string>
				<string>16AA38BF1825D35D00374116</string>
				<string>16AA38C01825D35D00374116</string>
				<string>16AA38C21825DDD100374116</string>
				<string>16AA38C31825DDD100374116</string>
				<string>16AA38C51825DE3000374116</string>
				<string>16AA38C61825DE3000374116</string>
				<string>16AA38C81825DE8F00374116</string>
				<string>16AA38C91825DE8F00374116</string>
				<string>B6483DDC1A23CFCB00A2A876</string>
				<string>B6483DDD1A23CFCB00A2A876</string>
			</array>
			<key>isa</key>
			<string>PBXGroup</string>
			<key>path</key>
			<string>Model</string>
			<key>sourceTree</key>
			<string>&lt;group&gt;</string>
		</dict>
		<key>16AA38BF1825D35D00374116</key>
		<dict>
			<key>fileEncoding</key>
			<string>4</string>
			<key>isa</key>
			<string>PBXFileReference</string>
			<key>lastKnownFileType</key>
			<string>sourcecode.c.h</string>
			<key>path</key>
			<string>MenuModel.h</string>
			<key>sourceTree</key>
			<string>&lt;group&gt;</string>
		</dict>
		<key>16AA38C01825D35D00374116</key>
		<dict>
			<key>fileEncoding</key>
			<string>4</string>
			<key>isa</key>
			<string>PBXFileReference</string>
			<key>lastKnownFileType</key>
			<string>sourcecode.c.objc</string>
			<key>path</key>
			<string>MenuModel.m</string>
			<key>sourceTree</key>
			<string>&lt;group&gt;</string>
		</dict>
		<key>16AA38C11825D35D00374116</key>
		<dict>
			<key>fileRef</key>
			<string>16AA38C01825D35D00374116</string>
			<key>isa</key>
			<string>PBXBuildFile</string>
		</dict>
		<key>16AA38C21825DDD100374116</key>
		<dict>
			<key>fileEncoding</key>
			<string>4</string>
			<key>isa</key>
			<string>PBXFileReference</string>
			<key>lastKnownFileType</key>
			<string>sourcecode.c.h</string>
			<key>path</key>
			<string>Dish.h</string>
			<key>sourceTree</key>
			<string>&lt;group&gt;</string>
		</dict>
		<key>16AA38C31825DDD100374116</key>
		<dict>
			<key>fileEncoding</key>
			<string>4</string>
			<key>isa</key>
			<string>PBXFileReference</string>
			<key>lastKnownFileType</key>
			<string>sourcecode.c.objc</string>
			<key>path</key>
			<string>Dish.m</string>
			<key>sourceTree</key>
			<string>&lt;group&gt;</string>
		</dict>
		<key>16AA38C41825DDD100374116</key>
		<dict>
			<key>fileRef</key>
			<string>16AA38C31825DDD100374116</string>
			<key>isa</key>
			<string>PBXBuildFile</string>
		</dict>
		<key>16AA38C51825DE3000374116</key>
		<dict>
			<key>fileEncoding</key>
			<string>4</string>
			<key>isa</key>
			<string>PBXFileReference</string>
			<key>lastKnownFileType</key>
			<string>sourcecode.c.h</string>
			<key>path</key>
			<string>Station.h</string>
			<key>sourceTree</key>
			<string>&lt;group&gt;</string>
		</dict>
		<key>16AA38C61825DE3000374116</key>
		<dict>
			<key>fileEncoding</key>
			<string>4</string>
			<key>isa</key>
			<string>PBXFileReference</string>
			<key>lastKnownFileType</key>
			<string>sourcecode.c.objc</string>
			<key>path</key>
			<string>Station.m</string>
			<key>sourceTree</key>
			<string>&lt;group&gt;</string>
		</dict>
		<key>16AA38C71825DE3000374116</key>
		<dict>
			<key>fileRef</key>
			<string>16AA38C61825DE3000374116</string>
			<key>isa</key>
			<string>PBXBuildFile</string>
		</dict>
		<key>16AA38C81825DE8F00374116</key>
		<dict>
			<key>fileEncoding</key>
			<string>4</string>
			<key>isa</key>
			<string>PBXFileReference</string>
			<key>lastKnownFileType</key>
			<string>sourcecode.c.h</string>
			<key>path</key>
			<string>Meal.h</string>
			<key>sourceTree</key>
			<string>&lt;group&gt;</string>
		</dict>
		<key>16AA38C91825DE8F00374116</key>
		<dict>
			<key>fileEncoding</key>
			<string>4</string>
			<key>isa</key>
			<string>PBXFileReference</string>
			<key>lastKnownFileType</key>
			<string>sourcecode.c.objc</string>
			<key>path</key>
			<string>Meal.m</string>
			<key>sourceTree</key>
			<string>&lt;group&gt;</string>
		</dict>
		<key>16AA38CA1825DE8F00374116</key>
		<dict>
			<key>fileRef</key>
			<string>16AA38C91825DE8F00374116</string>
			<key>isa</key>
			<string>PBXBuildFile</string>
		</dict>
		<key>16AA38CB1825F25A00374116</key>
		<dict>
			<key>fileEncoding</key>
			<string>4</string>
			<key>isa</key>
			<string>PBXFileReference</string>
			<key>lastKnownFileType</key>
			<string>sourcecode.c.h</string>
			<key>path</key>
			<string>DiningHallHours.h</string>
			<key>sourceTree</key>
			<string>&lt;group&gt;</string>
		</dict>
		<key>16AA38CC1825F25A00374116</key>
		<dict>
			<key>fileEncoding</key>
			<string>4</string>
			<key>isa</key>
			<string>PBXFileReference</string>
			<key>lastKnownFileType</key>
			<string>sourcecode.c.objc</string>
			<key>path</key>
			<string>DiningHallHours.m</string>
			<key>sourceTree</key>
			<string>&lt;group&gt;</string>
		</dict>
		<key>16AA38CD1825F25A00374116</key>
		<dict>
			<key>fileRef</key>
			<string>16AA38CC1825F25A00374116</string>
			<key>isa</key>
			<string>PBXBuildFile</string>
		</dict>
		<key>16AB52CD1881DB1800ECCABC</key>
		<dict>
			<key>buildActionMask</key>
			<string>2147483647</string>
			<key>files</key>
			<array/>
			<key>inputPaths</key>
			<array/>
			<key>isa</key>
			<string>PBXShellScriptBuildPhase</string>
			<key>outputPaths</key>
			<array/>
			<key>runOnlyForDeploymentPostprocessing</key>
			<string>0</string>
			<key>shellPath</key>
			<string>/bin/sh</string>
			<key>shellScript</key>
			<string>./Crashlytics.framework/run 45894d9e8a6bc3b8513651d6de36159e2c836e51</string>
		</dict>
		<key>16AB52CE1881DB3E00ECCABC</key>
		<dict>
			<key>isa</key>
			<string>PBXFileReference</string>
			<key>lastKnownFileType</key>
			<string>wrapper.framework</string>
			<key>path</key>
			<string>Crashlytics.framework</string>
			<key>sourceTree</key>
			<string>&lt;group&gt;</string>
		</dict>
		<key>16AB52CF1881DB3E00ECCABC</key>
		<dict>
			<key>fileRef</key>
			<string>16AB52CE1881DB3E00ECCABC</string>
			<key>isa</key>
			<string>PBXBuildFile</string>
		</dict>
		<key>16FDAC38182EC7360016E6A5</key>
		<dict>
			<key>isa</key>
			<string>PBXFileReference</string>
			<key>lastKnownFileType</key>
			<string>wrapper.framework</string>
			<key>name</key>
			<string>SystemConfiguration.framework</string>
			<key>path</key>
			<string>System/Library/Frameworks/SystemConfiguration.framework</string>
			<key>sourceTree</key>
			<string>SDKROOT</string>
		</dict>
		<key>16FDAC39182EC7360016E6A5</key>
		<dict>
			<key>fileRef</key>
			<string>16FDAC38182EC7360016E6A5</string>
			<key>isa</key>
			<string>PBXBuildFile</string>
		</dict>
		<key>16FF71B51824A32F0026C568</key>
		<dict>
			<key>children</key>
			<array>
				<string>16FF71C71824A3300026C568</string>
				<string>16FF71E61824A3300026C568</string>
				<string>16FF71C01824A3300026C568</string>
				<string>16FF71BF1824A3300026C568</string>
				<string>FC9B1ED49AD7E9DBB4037832</string>
			</array>
			<key>isa</key>
			<string>PBXGroup</string>
			<key>sourceTree</key>
			<string>&lt;group&gt;</string>
		</dict>
		<key>16FF71B61824A32F0026C568</key>
		<dict>
			<key>attributes</key>
			<dict>
				<key>LastUpgradeCheck</key>
				<string>0510</string>
				<key>ORGANIZATIONNAME</key>
				<string>Maijid Moujaled</string>
				<key>TargetAttributes</key>
				<dict>
					<key>16FF71BD1824A3300026C568</key>
					<dict>
						<key>DevelopmentTeam</key>
						<string>H69TS4DPUJ</string>
						<key>SystemCapabilities</key>
						<dict>
							<key>com.apple.InAppPurchase</key>
							<dict>
								<key>enabled</key>
								<string>0</string>
							</dict>
						</dict>
					</dict>
					<key>16FF71DE1824A3300026C568</key>
					<dict>
						<key>TestTargetID</key>
						<string>16FF71BD1824A3300026C568</string>
					</dict>
				</dict>
			</dict>
			<key>buildConfigurationList</key>
			<string>16FF71B91824A32F0026C568</string>
			<key>compatibilityVersion</key>
			<string>Xcode 3.2</string>
			<key>developmentRegion</key>
			<string>English</string>
			<key>hasScannedForEncodings</key>
			<string>0</string>
			<key>isa</key>
			<string>PBXProject</string>
			<key>knownRegions</key>
			<array>
				<string>en</string>
				<string>Base</string>
				<string>de</string>
				<string>zh-Hans</string>
				<string>zh-Hant</string>
			</array>
			<key>mainGroup</key>
			<string>16FF71B51824A32F0026C568</string>
			<key>productRefGroup</key>
			<string>16FF71BF1824A3300026C568</string>
			<key>projectDirPath</key>
			<string></string>
			<key>projectReferences</key>
			<array/>
			<key>projectRoot</key>
			<string></string>
			<key>targets</key>
			<array>
				<string>16FF71BD1824A3300026C568</string>
				<string>16FF71DE1824A3300026C568</string>
			</array>
		</dict>
		<key>16FF71B91824A32F0026C568</key>
		<dict>
			<key>buildConfigurations</key>
			<array>
				<string>16FF71EE1824A3300026C568</string>
				<string>16FF71EF1824A3300026C568</string>
			</array>
			<key>defaultConfigurationIsVisible</key>
			<string>0</string>
			<key>defaultConfigurationName</key>
			<string>Release</string>
			<key>isa</key>
			<string>XCConfigurationList</string>
		</dict>
		<key>16FF71BA1824A3300026C568</key>
		<dict>
			<key>buildActionMask</key>
			<string>2147483647</string>
			<key>files</key>
			<array>
				<string>16AA38C41825DDD100374116</string>
				<string>1605A36618349A3200358697</string>
				<string>16FF72101824A3AD0026C568</string>
				<string>16AA38AE1824AAFB00374116</string>
				<string>168B4403182E2A3B001808E3</string>
				<string>168B4412182E2F14001808E3</string>
				<string>16FF72131824A3C70026C568</string>
				<string>16AA38BB182597DD00374116</string>
				<string>168B4414182E2F14001808E3</string>
				<string>B6D5EB4B1A23955E003922FC</string>
				<string>16AA38C11825D35D00374116</string>
				<string>B6483DDE1A23CFCB00A2A876</string>
				<string>16FF720E1824A3AD0026C568</string>
				<string>16AA38CD1825F25A00374116</string>
				<string>168B4411182E2F14001808E3</string>
				<string>16FF720D1824A3AD0026C568</string>
				<string>16FF71D21824A3300026C568</string>
				<string>16FF71CE1824A3300026C568</string>
				<string>168B4413182E2F14001808E3</string>
				<string>16AA38CA1825DE8F00374116</string>
				<string>16FF720C1824A3AD0026C568</string>
				<string>16FF720F1824A3AD0026C568</string>
				<string>16AA38C71825DE3000374116</string>
				<string>16AA38B81825932C00374116</string>
			</array>
			<key>isa</key>
			<string>PBXSourcesBuildPhase</string>
			<key>runOnlyForDeploymentPostprocessing</key>
			<string>0</string>
		</dict>
		<key>16FF71BB1824A3300026C568</key>
		<dict>
			<key>buildActionMask</key>
			<string>2147483647</string>
			<key>files</key>
			<array>
				<string>16AB52CF1881DB3E00ECCABC</string>
				<string>16FDAC39182EC7360016E6A5</string>
				<string>16FF71C41824A3300026C568</string>
				<string>16FF71C61824A3300026C568</string>
				<string>16FF71C21824A3300026C568</string>
				<string>34A6D83C5D584BCB9314657F</string>
			</array>
			<key>isa</key>
			<string>PBXFrameworksBuildPhase</string>
			<key>runOnlyForDeploymentPostprocessing</key>
			<string>0</string>
		</dict>
		<key>16FF71BC1824A3300026C568</key>
		<dict>
			<key>buildActionMask</key>
			<string>2147483647</string>
			<key>files</key>
			<array>
				<string>16FF720B1824A3AD0026C568</string>
				<string>8BBC8275188378A9004E9883</string>
				<string>16FF71DA1824A3300026C568</string>
				<string>8BBC826E188377D8004E9883</string>
				<string>16FF720A1824A3AD0026C568</string>
				<string>168B4416182E2F14001808E3</string>
				<string>8BBC829118838A58004E9883</string>
				<string>168B4417182E2F14001808E3</string>
				<string>8BBC8276188378A9004E9883</string>
				<string>8BBC82721883783D004E9883</string>
				<string>8BBC829618838AD1004E9883</string>
				<string>8BBC827918837B94004E9883</string>
				<string>8BBC82851883888E004E9883</string>
				<string>8BBC828D18838980004E9883</string>
				<string>8BBC827E18837BE3004E9883</string>
				<string>16FF71CC1824A3300026C568</string>
				<string>8BBC828E18838980004E9883</string>
				<string>8BBC82861883888F004E9883</string>
				<string>8BBC827D18837BE3004E9883</string>
				<string>8BBC82711883783D004E9883</string>
				<string>16AA38B71825932C00374116</string>
				<string>8BBC826D188377D8004E9883</string>
				<string>8BBC826918836CDE004E9883</string>
				<string>8BBC827A18837B94004E9883</string>
				<string>16A01D78183D966C00D8F4C2</string>
				<string>8BBC829518838AD1004E9883</string>
				<string>B6D1494A19E1B82600E2B801</string>
				<string>8BBC826A18836CDE004E9883</string>
				<string>8BBC829918838B5D004E9883</string>
				<string>8BBC828118837C9F004E9883</string>
				<string>8BBC829218838A58004E9883</string>
				<string>16FF72091824A3AD0026C568</string>
				<string>168B4415182E2F14001808E3</string>
				<string>8BBC829A18838B5D004E9883</string>
				<string>16FF71D51824A3300026C568</string>
				<string>8BBC828218837C9F004E9883</string>
			</array>
			<key>isa</key>
			<string>PBXResourcesBuildPhase</string>
			<key>runOnlyForDeploymentPostprocessing</key>
			<string>0</string>
		</dict>
		<key>16FF71BD1824A3300026C568</key>
		<dict>
			<key>buildConfigurationList</key>
			<string>16FF71F01824A3300026C568</string>
			<key>buildPhases</key>
			<array>
				<string>830E3F4B399B49D8A3F74D7A</string>
				<string>16FF71BA1824A3300026C568</string>
				<string>16FF71BB1824A3300026C568</string>
				<string>16FF71BC1824A3300026C568</string>
				<string>5E29B6A0FAC8433CA616AB6A</string>
				<string>16AB52CD1881DB1800ECCABC</string>
			</array>
			<key>buildRules</key>
			<array/>
			<key>dependencies</key>
			<array/>
			<key>isa</key>
			<string>PBXNativeTarget</string>
			<key>name</key>
			<string>G-licious</string>
			<key>productName</key>
			<string>G-licious</string>
			<key>productReference</key>
			<string>16FF71BE1824A3300026C568</string>
			<key>productType</key>
			<string>com.apple.product-type.application</string>
		</dict>
		<key>16FF71BE1824A3300026C568</key>
		<dict>
			<key>explicitFileType</key>
			<string>wrapper.application</string>
			<key>includeInIndex</key>
			<string>0</string>
			<key>isa</key>
			<string>PBXFileReference</string>
			<key>path</key>
			<string>G-licious.app</string>
			<key>sourceTree</key>
			<string>BUILT_PRODUCTS_DIR</string>
		</dict>
		<key>16FF71BF1824A3300026C568</key>
		<dict>
			<key>children</key>
			<array>
				<string>16FF71BE1824A3300026C568</string>
				<string>16FF71DF1824A3300026C568</string>
			</array>
			<key>isa</key>
			<string>PBXGroup</string>
			<key>name</key>
			<string>Products</string>
			<key>sourceTree</key>
			<string>&lt;group&gt;</string>
		</dict>
		<key>16FF71C01824A3300026C568</key>
		<dict>
			<key>children</key>
			<array>
				<string>16AB52CE1881DB3E00ECCABC</string>
				<string>16FDAC38182EC7360016E6A5</string>
				<string>16FF71C11824A3300026C568</string>
				<string>16FF71C31824A3300026C568</string>
				<string>16FF71C51824A3300026C568</string>
				<string>16FF71E01824A3300026C568</string>
				<string>3575E85EF1F9439AAB9C3D46</string>
			</array>
			<key>isa</key>
			<string>PBXGroup</string>
			<key>name</key>
			<string>Frameworks</string>
			<key>sourceTree</key>
			<string>&lt;group&gt;</string>
		</dict>
		<key>16FF71C11824A3300026C568</key>
		<dict>
			<key>isa</key>
			<string>PBXFileReference</string>
			<key>lastKnownFileType</key>
			<string>wrapper.framework</string>
			<key>name</key>
			<string>Foundation.framework</string>
			<key>path</key>
			<string>System/Library/Frameworks/Foundation.framework</string>
			<key>sourceTree</key>
			<string>SDKROOT</string>
		</dict>
		<key>16FF71C21824A3300026C568</key>
		<dict>
			<key>fileRef</key>
			<string>16FF71C11824A3300026C568</string>
			<key>isa</key>
			<string>PBXBuildFile</string>
		</dict>
		<key>16FF71C31824A3300026C568</key>
		<dict>
			<key>isa</key>
			<string>PBXFileReference</string>
			<key>lastKnownFileType</key>
			<string>wrapper.framework</string>
			<key>name</key>
			<string>CoreGraphics.framework</string>
			<key>path</key>
			<string>System/Library/Frameworks/CoreGraphics.framework</string>
			<key>sourceTree</key>
			<string>SDKROOT</string>
		</dict>
		<key>16FF71C41824A3300026C568</key>
		<dict>
			<key>fileRef</key>
			<string>16FF71C31824A3300026C568</string>
			<key>isa</key>
			<string>PBXBuildFile</string>
		</dict>
		<key>16FF71C51824A3300026C568</key>
		<dict>
			<key>isa</key>
			<string>PBXFileReference</string>
			<key>lastKnownFileType</key>
			<string>wrapper.framework</string>
			<key>name</key>
			<string>UIKit.framework</string>
			<key>path</key>
			<string>System/Library/Frameworks/UIKit.framework</string>
			<key>sourceTree</key>
			<string>SDKROOT</string>
		</dict>
		<key>16FF71C61824A3300026C568</key>
		<dict>
			<key>fileRef</key>
			<string>16FF71C51824A3300026C568</string>
			<key>isa</key>
			<string>PBXBuildFile</string>
		</dict>
		<key>16FF71C71824A3300026C568</key>
		<dict>
			<key>children</key>
			<array>
				<string>1610BCFB1880F52200BBA1DC</string>
				<string>16A01D76183D932C00D8F4C2</string>
				<string>168B4400182E29DF001808E3</string>
				<string>16AA38BE1825D31500374116</string>
				<string>16FF71F61824A3680026C568</string>
				<string>16FF71D01824A3300026C568</string>
				<string>16FF71D11824A3300026C568</string>
				<string>16FF71D31824A3300026C568</string>
				<string>1605A36418349A3200358697</string>
				<string>1605A36518349A3200358697</string>
				<string>16FF71D91824A3300026C568</string>
				<string>16FF71C81824A3300026C568</string>
			</array>
			<key>isa</key>
			<string>PBXGroup</string>
			<key>path</key>
			<string>G-licious</string>
			<key>sourceTree</key>
			<string>&lt;group&gt;</string>
		</dict>
		<key>16FF71C81824A3300026C568</key>
		<dict>
			<key>children</key>
			<array>
				<string>B6D1494919E1B82600E2B801</string>
				<string>16FF71C91824A3300026C568</string>
				<string>16FF71CA1824A3300026C568</string>
				<string>16FF71CD1824A3300026C568</string>
				<string>16FF71CF1824A3300026C568</string>
			</array>
			<key>isa</key>
			<string>PBXGroup</string>
			<key>name</key>
			<string>Supporting Files</string>
			<key>sourceTree</key>
			<string>&lt;group&gt;</string>
		</dict>
		<key>16FF71C91824A3300026C568</key>
		<dict>
			<key>isa</key>
			<string>PBXFileReference</string>
			<key>lastKnownFileType</key>
			<string>text.plist.xml</string>
			<key>path</key>
			<string>G-licious-Info.plist</string>
			<key>sourceTree</key>
			<string>&lt;group&gt;</string>
		</dict>
		<key>16FF71CA1824A3300026C568</key>
		<dict>
			<key>children</key>
			<array>
				<string>16FF71CB1824A3300026C568</string>
			</array>
			<key>isa</key>
			<string>PBXVariantGroup</string>
			<key>name</key>
			<string>InfoPlist.strings</string>
			<key>sourceTree</key>
			<string>&lt;group&gt;</string>
		</dict>
		<key>16FF71CB1824A3300026C568</key>
		<dict>
			<key>isa</key>
			<string>PBXFileReference</string>
			<key>lastKnownFileType</key>
			<string>text.plist.strings</string>
			<key>name</key>
			<string>en</string>
			<key>path</key>
			<string>en.lproj/InfoPlist.strings</string>
			<key>sourceTree</key>
			<string>&lt;group&gt;</string>
		</dict>
		<key>16FF71CC1824A3300026C568</key>
		<dict>
			<key>fileRef</key>
			<string>16FF71CA1824A3300026C568</string>
			<key>isa</key>
			<string>PBXBuildFile</string>
		</dict>
		<key>16FF71CD1824A3300026C568</key>
		<dict>
			<key>isa</key>
			<string>PBXFileReference</string>
			<key>lastKnownFileType</key>
			<string>sourcecode.c.objc</string>
			<key>path</key>
			<string>main.m</string>
			<key>sourceTree</key>
			<string>&lt;group&gt;</string>
		</dict>
		<key>16FF71CE1824A3300026C568</key>
		<dict>
			<key>fileRef</key>
			<string>16FF71CD1824A3300026C568</string>
			<key>isa</key>
			<string>PBXBuildFile</string>
		</dict>
		<key>16FF71CF1824A3300026C568</key>
		<dict>
			<key>isa</key>
			<string>PBXFileReference</string>
			<key>lastKnownFileType</key>
			<string>sourcecode.c.h</string>
			<key>path</key>
			<string>G-licious-Prefix.pch</string>
			<key>sourceTree</key>
			<string>&lt;group&gt;</string>
		</dict>
		<key>16FF71D01824A3300026C568</key>
		<dict>
			<key>isa</key>
			<string>PBXFileReference</string>
			<key>lastKnownFileType</key>
			<string>sourcecode.c.h</string>
			<key>path</key>
			<string>AppDelegate.h</string>
			<key>sourceTree</key>
			<string>&lt;group&gt;</string>
		</dict>
		<key>16FF71D11824A3300026C568</key>
		<dict>
			<key>isa</key>
			<string>PBXFileReference</string>
			<key>lastKnownFileType</key>
			<string>sourcecode.c.objc</string>
			<key>path</key>
			<string>AppDelegate.m</string>
			<key>sourceTree</key>
			<string>&lt;group&gt;</string>
		</dict>
		<key>16FF71D21824A3300026C568</key>
		<dict>
			<key>fileRef</key>
			<string>16FF71D11824A3300026C568</string>
			<key>isa</key>
			<string>PBXBuildFile</string>
		</dict>
		<key>16FF71D31824A3300026C568</key>
		<dict>
			<key>children</key>
			<array>
				<string>16FF71D41824A3300026C568</string>
			</array>
			<key>isa</key>
			<string>PBXVariantGroup</string>
			<key>name</key>
			<string>Main.storyboard</string>
			<key>sourceTree</key>
			<string>&lt;group&gt;</string>
		</dict>
		<key>16FF71D41824A3300026C568</key>
		<dict>
			<key>isa</key>
			<string>PBXFileReference</string>
			<key>lastKnownFileType</key>
			<string>file.storyboard</string>
			<key>name</key>
			<string>Base</string>
			<key>path</key>
			<string>Base.lproj/Main.storyboard</string>
			<key>sourceTree</key>
			<string>&lt;group&gt;</string>
		</dict>
		<key>16FF71D51824A3300026C568</key>
		<dict>
			<key>fileRef</key>
			<string>16FF71D31824A3300026C568</string>
			<key>isa</key>
			<string>PBXBuildFile</string>
		</dict>
		<key>16FF71D91824A3300026C568</key>
		<dict>
			<key>isa</key>
			<string>PBXFileReference</string>
			<key>lastKnownFileType</key>
			<string>folder.assetcatalog</string>
			<key>path</key>
			<string>Images.xcassets</string>
			<key>sourceTree</key>
			<string>&lt;group&gt;</string>
		</dict>
		<key>16FF71DA1824A3300026C568</key>
		<dict>
			<key>fileRef</key>
			<string>16FF71D91824A3300026C568</string>
			<key>isa</key>
			<string>PBXBuildFile</string>
		</dict>
		<key>16FF71DB1824A3300026C568</key>
		<dict>
			<key>buildActionMask</key>
			<string>2147483647</string>
			<key>files</key>
			<array>
				<string>16FF71ED1824A3300026C568</string>
			</array>
			<key>isa</key>
			<string>PBXSourcesBuildPhase</string>
			<key>runOnlyForDeploymentPostprocessing</key>
			<string>0</string>
		</dict>
		<key>16FF71DC1824A3300026C568</key>
		<dict>
			<key>buildActionMask</key>
			<string>2147483647</string>
			<key>files</key>
			<array>
				<string>16FF71E11824A3300026C568</string>
				<string>16FF71E31824A3300026C568</string>
				<string>16FF71E21824A3300026C568</string>
			</array>
			<key>isa</key>
			<string>PBXFrameworksBuildPhase</string>
			<key>runOnlyForDeploymentPostprocessing</key>
			<string>0</string>
		</dict>
		<key>16FF71DD1824A3300026C568</key>
		<dict>
			<key>buildActionMask</key>
			<string>2147483647</string>
			<key>files</key>
			<array>
				<string>16FF71EB1824A3300026C568</string>
			</array>
			<key>isa</key>
			<string>PBXResourcesBuildPhase</string>
			<key>runOnlyForDeploymentPostprocessing</key>
			<string>0</string>
		</dict>
		<key>16FF71DE1824A3300026C568</key>
		<dict>
			<key>buildConfigurationList</key>
			<string>16FF71F31824A3300026C568</string>
			<key>buildPhases</key>
			<array>
				<string>16FF71DB1824A3300026C568</string>
				<string>16FF71DC1824A3300026C568</string>
				<string>16FF71DD1824A3300026C568</string>
			</array>
			<key>buildRules</key>
			<array/>
			<key>dependencies</key>
			<array>
				<string>16FF71E51824A3300026C568</string>
			</array>
			<key>isa</key>
			<string>PBXNativeTarget</string>
			<key>name</key>
			<string>G-liciousTests</string>
			<key>productName</key>
			<string>G-liciousTests</string>
			<key>productReference</key>
			<string>16FF71DF1824A3300026C568</string>
			<key>productType</key>
			<string>com.apple.product-type.bundle.unit-test</string>
		</dict>
		<key>16FF71DF1824A3300026C568</key>
		<dict>
			<key>explicitFileType</key>
			<string>wrapper.cfbundle</string>
			<key>includeInIndex</key>
			<string>0</string>
			<key>isa</key>
			<string>PBXFileReference</string>
			<key>path</key>
			<string>G-liciousTests.xctest</string>
			<key>sourceTree</key>
			<string>BUILT_PRODUCTS_DIR</string>
		</dict>
		<key>16FF71E01824A3300026C568</key>
		<dict>
			<key>isa</key>
			<string>PBXFileReference</string>
			<key>lastKnownFileType</key>
			<string>wrapper.framework</string>
			<key>name</key>
			<string>XCTest.framework</string>
			<key>path</key>
			<string>Library/Frameworks/XCTest.framework</string>
			<key>sourceTree</key>
			<string>DEVELOPER_DIR</string>
		</dict>
		<key>16FF71E11824A3300026C568</key>
		<dict>
			<key>fileRef</key>
			<string>16FF71E01824A3300026C568</string>
			<key>isa</key>
			<string>PBXBuildFile</string>
		</dict>
		<key>16FF71E21824A3300026C568</key>
		<dict>
			<key>fileRef</key>
			<string>16FF71C11824A3300026C568</string>
			<key>isa</key>
			<string>PBXBuildFile</string>
		</dict>
		<key>16FF71E31824A3300026C568</key>
		<dict>
			<key>fileRef</key>
			<string>16FF71C51824A3300026C568</string>
			<key>isa</key>
			<string>PBXBuildFile</string>
		</dict>
		<key>16FF71E41824A3300026C568</key>
		<dict>
			<key>containerPortal</key>
			<string>16FF71B61824A32F0026C568</string>
			<key>isa</key>
			<string>PBXContainerItemProxy</string>
			<key>proxyType</key>
			<string>1</string>
			<key>remoteGlobalIDString</key>
			<string>16FF71BD1824A3300026C568</string>
			<key>remoteInfo</key>
			<string>G-licious</string>
		</dict>
		<key>16FF71E51824A3300026C568</key>
		<dict>
			<key>isa</key>
			<string>PBXTargetDependency</string>
			<key>target</key>
			<string>16FF71BD1824A3300026C568</string>
			<key>targetProxy</key>
			<string>16FF71E41824A3300026C568</string>
		</dict>
		<key>16FF71E61824A3300026C568</key>
		<dict>
			<key>children</key>
			<array>
				<string>16FF71EC1824A3300026C568</string>
				<string>16FF71E71824A3300026C568</string>
			</array>
			<key>isa</key>
			<string>PBXGroup</string>
			<key>path</key>
			<string>G-liciousTests</string>
			<key>sourceTree</key>
			<string>&lt;group&gt;</string>
		</dict>
		<key>16FF71E71824A3300026C568</key>
		<dict>
			<key>children</key>
			<array>
				<string>16FF71E81824A3300026C568</string>
				<string>16FF71E91824A3300026C568</string>
			</array>
			<key>isa</key>
			<string>PBXGroup</string>
			<key>name</key>
			<string>Supporting Files</string>
			<key>sourceTree</key>
			<string>&lt;group&gt;</string>
		</dict>
		<key>16FF71E81824A3300026C568</key>
		<dict>
			<key>isa</key>
			<string>PBXFileReference</string>
			<key>lastKnownFileType</key>
			<string>text.plist.xml</string>
			<key>path</key>
			<string>G-liciousTests-Info.plist</string>
			<key>sourceTree</key>
			<string>&lt;group&gt;</string>
		</dict>
		<key>16FF71E91824A3300026C568</key>
		<dict>
			<key>children</key>
			<array>
				<string>16FF71EA1824A3300026C568</string>
			</array>
			<key>isa</key>
			<string>PBXVariantGroup</string>
			<key>name</key>
			<string>InfoPlist.strings</string>
			<key>sourceTree</key>
			<string>&lt;group&gt;</string>
		</dict>
		<key>16FF71EA1824A3300026C568</key>
		<dict>
			<key>isa</key>
			<string>PBXFileReference</string>
			<key>lastKnownFileType</key>
			<string>text.plist.strings</string>
			<key>name</key>
			<string>en</string>
			<key>path</key>
			<string>en.lproj/InfoPlist.strings</string>
			<key>sourceTree</key>
			<string>&lt;group&gt;</string>
		</dict>
		<key>16FF71EB1824A3300026C568</key>
		<dict>
			<key>fileRef</key>
			<string>16FF71E91824A3300026C568</string>
			<key>isa</key>
			<string>PBXBuildFile</string>
		</dict>
		<key>16FF71EC1824A3300026C568</key>
		<dict>
			<key>isa</key>
			<string>PBXFileReference</string>
			<key>lastKnownFileType</key>
			<string>sourcecode.c.objc</string>
			<key>path</key>
			<string>G_liciousTests.m</string>
			<key>sourceTree</key>
			<string>&lt;group&gt;</string>
		</dict>
		<key>16FF71ED1824A3300026C568</key>
		<dict>
			<key>fileRef</key>
			<string>16FF71EC1824A3300026C568</string>
			<key>isa</key>
			<string>PBXBuildFile</string>
		</dict>
		<key>16FF71EE1824A3300026C568</key>
		<dict>
			<key>buildSettings</key>
			<dict>
				<key>ALWAYS_SEARCH_USER_PATHS</key>
				<string>NO</string>
				<key>CLANG_CXX_LANGUAGE_STANDARD</key>
				<string>gnu++0x</string>
				<key>CLANG_CXX_LIBRARY</key>
				<string>libc++</string>
				<key>CLANG_ENABLE_MODULES</key>
				<string>YES</string>
				<key>CLANG_ENABLE_OBJC_ARC</key>
				<string>YES</string>
				<key>CLANG_WARN_BOOL_CONVERSION</key>
				<string>YES</string>
				<key>CLANG_WARN_CONSTANT_CONVERSION</key>
				<string>YES</string>
				<key>CLANG_WARN_DIRECT_OBJC_ISA_USAGE</key>
				<string>YES_ERROR</string>
				<key>CLANG_WARN_EMPTY_BODY</key>
				<string>YES</string>
				<key>CLANG_WARN_ENUM_CONVERSION</key>
				<string>YES</string>
				<key>CLANG_WARN_INT_CONVERSION</key>
				<string>YES</string>
				<key>CLANG_WARN_OBJC_ROOT_CLASS</key>
				<string>YES_ERROR</string>
				<key>CLANG_WARN__DUPLICATE_METHOD_MATCH</key>
				<string>YES</string>
				<key>CODE_SIGN_IDENTITY[sdk=iphoneos*]</key>
				<string>iPhone Developer</string>
				<key>COPY_PHASE_STRIP</key>
				<string>NO</string>
				<key>FRAMEWORK_SEARCH_PATHS</key>
				<array>
					<string>$(inherited)</string>
					<string>$(DEVELOPER_FRAMEWORKS_DIR)</string>
					<string>$(SDKROOT)/Developer/Library/Frameworks</string>
					<string>$(SRCROOT)</string>
				</array>
				<key>GCC_C_LANGUAGE_STANDARD</key>
				<string>gnu99</string>
				<key>GCC_DYNAMIC_NO_PIC</key>
				<string>NO</string>
				<key>GCC_OPTIMIZATION_LEVEL</key>
				<string>0</string>
				<key>GCC_PREPROCESSOR_DEFINITIONS</key>
				<array>
					<string>DEBUG=1</string>
					<string>$(inherited)</string>
				</array>
				<key>GCC_SYMBOLS_PRIVATE_EXTERN</key>
				<string>NO</string>
				<key>GCC_WARN_64_TO_32_BIT_CONVERSION</key>
				<string>YES</string>
				<key>GCC_WARN_ABOUT_RETURN_TYPE</key>
				<string>YES_ERROR</string>
				<key>GCC_WARN_UNDECLARED_SELECTOR</key>
				<string>YES</string>
				<key>GCC_WARN_UNINITIALIZED_AUTOS</key>
				<string>YES</string>
				<key>GCC_WARN_UNUSED_FUNCTION</key>
				<string>YES</string>
				<key>GCC_WARN_UNUSED_VARIABLE</key>
				<string>YES</string>
				<key>IPHONEOS_DEPLOYMENT_TARGET</key>
				<string>7.0</string>
				<key>ONLY_ACTIVE_ARCH</key>
				<string>YES</string>
				<key>SDKROOT</key>
				<string>iphoneos</string>
			</dict>
			<key>isa</key>
			<string>XCBuildConfiguration</string>
			<key>name</key>
			<string>Debug</string>
		</dict>
		<key>16FF71EF1824A3300026C568</key>
		<dict>
			<key>buildSettings</key>
			<dict>
				<key>ALWAYS_SEARCH_USER_PATHS</key>
				<string>NO</string>
				<key>CLANG_CXX_LANGUAGE_STANDARD</key>
				<string>gnu++0x</string>
				<key>CLANG_CXX_LIBRARY</key>
				<string>libc++</string>
				<key>CLANG_ENABLE_MODULES</key>
				<string>YES</string>
				<key>CLANG_ENABLE_OBJC_ARC</key>
				<string>YES</string>
				<key>CLANG_WARN_BOOL_CONVERSION</key>
				<string>YES</string>
				<key>CLANG_WARN_CONSTANT_CONVERSION</key>
				<string>YES</string>
				<key>CLANG_WARN_DIRECT_OBJC_ISA_USAGE</key>
				<string>YES_ERROR</string>
				<key>CLANG_WARN_EMPTY_BODY</key>
				<string>YES</string>
				<key>CLANG_WARN_ENUM_CONVERSION</key>
				<string>YES</string>
				<key>CLANG_WARN_INT_CONVERSION</key>
				<string>YES</string>
				<key>CLANG_WARN_OBJC_ROOT_CLASS</key>
				<string>YES_ERROR</string>
				<key>CLANG_WARN__DUPLICATE_METHOD_MATCH</key>
				<string>YES</string>
				<key>CODE_SIGN_IDENTITY[sdk=iphoneos*]</key>
				<string>iPhone Developer</string>
				<key>COPY_PHASE_STRIP</key>
				<string>YES</string>
				<key>ENABLE_NS_ASSERTIONS</key>
				<string>NO</string>
				<key>FRAMEWORK_SEARCH_PATHS</key>
				<array>
					<string>$(inherited)</string>
					<string>$(DEVELOPER_FRAMEWORKS_DIR)</string>
					<string>$(SDKROOT)/Developer/Library/Frameworks</string>
					<string>$(SRCROOT)</string>
				</array>
				<key>GCC_C_LANGUAGE_STANDARD</key>
				<string>gnu99</string>
				<key>GCC_WARN_64_TO_32_BIT_CONVERSION</key>
				<string>YES</string>
				<key>GCC_WARN_ABOUT_RETURN_TYPE</key>
				<string>YES_ERROR</string>
				<key>GCC_WARN_UNDECLARED_SELECTOR</key>
				<string>YES</string>
				<key>GCC_WARN_UNINITIALIZED_AUTOS</key>
				<string>YES</string>
				<key>GCC_WARN_UNUSED_FUNCTION</key>
				<string>YES</string>
				<key>GCC_WARN_UNUSED_VARIABLE</key>
				<string>YES</string>
				<key>IPHONEOS_DEPLOYMENT_TARGET</key>
				<string>7.0</string>
				<key>SDKROOT</key>
				<string>iphoneos</string>
				<key>VALIDATE_PRODUCT</key>
				<string>YES</string>
			</dict>
			<key>isa</key>
			<string>XCBuildConfiguration</string>
			<key>name</key>
			<string>Release</string>
		</dict>
		<key>16FF71F01824A3300026C568</key>
		<dict>
			<key>buildConfigurations</key>
			<array>
				<string>16FF71F11824A3300026C568</string>
				<string>16FF71F21824A3300026C568</string>
			</array>
			<key>defaultConfigurationIsVisible</key>
			<string>0</string>
			<key>defaultConfigurationName</key>
			<string>Release</string>
			<key>isa</key>
			<string>XCConfigurationList</string>
		</dict>
		<key>16FF71F11824A3300026C568</key>
		<dict>
			<key>baseConfigurationReference</key>
			<string>18370641A617AE8A328A0BCB</string>
			<key>buildSettings</key>
			<dict>
				<key>ASSETCATALOG_COMPILER_APPICON_NAME</key>
				<string>AppIcon</string>
				<key>ASSETCATALOG_COMPILER_LAUNCHIMAGE_NAME</key>
				<string>LaunchImage</string>
				<key>CLANG_ENABLE_MODULES</key>
				<string>YES</string>
				<key>CODE_SIGN_IDENTITY</key>
				<string>iPhone Developer</string>
				<key>CODE_SIGN_IDENTITY[sdk=iphoneos*]</key>
				<string>iPhone Developer</string>
				<key>FRAMEWORK_SEARCH_PATHS</key>
				<array>
					<string>$(inherited)</string>
					<string>$(DEVELOPER_FRAMEWORKS_DIR)</string>
					<string>$(SDKROOT)/Developer/Library/Frameworks</string>
					<string>$(SRCROOT)</string>
				</array>
				<key>GCC_PRECOMPILE_PREFIX_HEADER</key>
				<string>YES</string>
				<key>GCC_PREFIX_HEADER</key>
				<string>G-licious/G-licious-Prefix.pch</string>
				<key>INFOPLIST_FILE</key>
				<string>G-licious/G-licious-Info.plist</string>
				<key>IPHONEOS_DEPLOYMENT_TARGET</key>
				<string>7.0</string>
				<key>LD_RUNPATH_SEARCH_PATHS</key>
				<string>$(inherited) @executable_path/Frameworks</string>
				<key>ONLY_ACTIVE_ARCH</key>
				<string>YES</string>
				<key>PRODUCT_NAME</key>
				<string>$(TARGET_NAME)</string>
				<key>PROVISIONING_PROFILE</key>
				<string></string>
				<key>SWIFT_OBJC_BRIDGING_HEADER</key>
				<string>G-licious/Model/G-licious-Bridging-Header.h</string>
				<key>SWIFT_OPTIMIZATION_LEVEL</key>
				<string>-Onone</string>
				<key>TARGETED_DEVICE_FAMILY</key>
				<string>1,2</string>
				<key>WRAPPER_EXTENSION</key>
				<string>app</string>
			</dict>
			<key>isa</key>
			<string>XCBuildConfiguration</string>
			<key>name</key>
			<string>Debug</string>
		</dict>
		<key>16FF71F21824A3300026C568</key>
		<dict>
			<key>baseConfigurationReference</key>
			<string>415D9C2653FC147DC2D97491</string>
			<key>buildSettings</key>
			<dict>
				<key>ASSETCATALOG_COMPILER_APPICON_NAME</key>
				<string>AppIcon</string>
				<key>ASSETCATALOG_COMPILER_LAUNCHIMAGE_NAME</key>
				<string>LaunchImage</string>
				<key>CLANG_ENABLE_MODULES</key>
				<string>YES</string>
				<key>CODE_SIGN_IDENTITY</key>
				<string>iPhone Developer</string>
				<key>CODE_SIGN_IDENTITY[sdk=iphoneos*]</key>
				<string>iPhone Developer</string>
				<key>FRAMEWORK_SEARCH_PATHS</key>
				<array>
					<string>$(inherited)</string>
					<string>$(DEVELOPER_FRAMEWORKS_DIR)</string>
					<string>$(SDKROOT)/Developer/Library/Frameworks</string>
					<string>$(SRCROOT)</string>
				</array>
				<key>GCC_PRECOMPILE_PREFIX_HEADER</key>
				<string>YES</string>
				<key>GCC_PREFIX_HEADER</key>
				<string>G-licious/G-licious-Prefix.pch</string>
				<key>INFOPLIST_FILE</key>
				<string>G-licious/G-licious-Info.plist</string>
				<key>IPHONEOS_DEPLOYMENT_TARGET</key>
				<string>7.0</string>
				<key>LD_RUNPATH_SEARCH_PATHS</key>
				<string>$(inherited) @executable_path/Frameworks</string>
				<key>ONLY_ACTIVE_ARCH</key>
				<string>NO</string>
				<key>PRODUCT_NAME</key>
				<string>$(TARGET_NAME)</string>
				<key>PROVISIONING_PROFILE</key>
				<string></string>
				<key>SWIFT_OBJC_BRIDGING_HEADER</key>
				<string>G-licious/Model/G-licious-Bridging-Header.h</string>
				<key>TARGETED_DEVICE_FAMILY</key>
				<string>1,2</string>
				<key>WRAPPER_EXTENSION</key>
				<string>app</string>
			</dict>
			<key>isa</key>
			<string>XCBuildConfiguration</string>
			<key>name</key>
			<string>Release</string>
		</dict>
		<key>16FF71F31824A3300026C568</key>
		<dict>
			<key>buildConfigurations</key>
			<array>
				<string>16FF71F41824A3300026C568</string>
				<string>16FF71F51824A3300026C568</string>
			</array>
			<key>defaultConfigurationIsVisible</key>
			<string>0</string>
			<key>defaultConfigurationName</key>
			<string>Release</string>
			<key>isa</key>
			<string>XCConfigurationList</string>
		</dict>
		<key>16FF71F41824A3300026C568</key>
		<dict>
			<key>buildSettings</key>
			<dict>
				<key>BUNDLE_LOADER</key>
				<string>$(BUILT_PRODUCTS_DIR)/G-licious.app/G-licious</string>
				<key>FRAMEWORK_SEARCH_PATHS</key>
				<array>
					<string>$(SDKROOT)/Developer/Library/Frameworks</string>
					<string>$(inherited)</string>
					<string>$(DEVELOPER_FRAMEWORKS_DIR)</string>
				</array>
				<key>GCC_PRECOMPILE_PREFIX_HEADER</key>
				<string>YES</string>
				<key>GCC_PREFIX_HEADER</key>
				<string>G-licious/G-licious-Prefix.pch</string>
				<key>GCC_PREPROCESSOR_DEFINITIONS</key>
				<array>
					<string>DEBUG=1</string>
					<string>$(inherited)</string>
				</array>
				<key>INFOPLIST_FILE</key>
				<string>G-liciousTests/G-liciousTests-Info.plist</string>
				<key>PRODUCT_NAME</key>
				<string>$(TARGET_NAME)</string>
				<key>TEST_HOST</key>
				<string>$(BUNDLE_LOADER)</string>
				<key>WRAPPER_EXTENSION</key>
				<string>xctest</string>
			</dict>
			<key>isa</key>
			<string>XCBuildConfiguration</string>
			<key>name</key>
			<string>Debug</string>
		</dict>
		<key>16FF71F51824A3300026C568</key>
		<dict>
			<key>buildSettings</key>
			<dict>
				<key>BUNDLE_LOADER</key>
				<string>$(BUILT_PRODUCTS_DIR)/G-licious.app/G-licious</string>
				<key>FRAMEWORK_SEARCH_PATHS</key>
				<array>
					<string>$(SDKROOT)/Developer/Library/Frameworks</string>
					<string>$(inherited)</string>
					<string>$(DEVELOPER_FRAMEWORKS_DIR)</string>
				</array>
				<key>GCC_PRECOMPILE_PREFIX_HEADER</key>
				<string>YES</string>
				<key>GCC_PREFIX_HEADER</key>
				<string>G-licious/G-licious-Prefix.pch</string>
				<key>INFOPLIST_FILE</key>
				<string>G-liciousTests/G-liciousTests-Info.plist</string>
				<key>PRODUCT_NAME</key>
				<string>$(TARGET_NAME)</string>
				<key>TEST_HOST</key>
				<string>$(BUNDLE_LOADER)</string>
				<key>WRAPPER_EXTENSION</key>
				<string>xctest</string>
			</dict>
			<key>isa</key>
			<string>XCBuildConfiguration</string>
			<key>name</key>
			<string>Release</string>
		</dict>
		<key>16FF71F61824A3680026C568</key>
		<dict>
			<key>children</key>
			<array>
				<string>168B4405182E2E9A001808E3</string>
				<string>16AA38AF1825932C00374116</string>
				<string>16FF71F71824A36E0026C568</string>
			</array>
			<key>isa</key>
			<string>PBXGroup</string>
			<key>path</key>
			<string>Vendor</string>
			<key>sourceTree</key>
			<string>&lt;group&gt;</string>
		</dict>
		<key>16FF71F71824A36E0026C568</key>
		<dict>
			<key>children</key>
			<array>
				<string>16FF71F81824A3AD0026C568</string>
				<string>16FF71FD1824A3AD0026C568</string>
				<string>16FF71FE1824A3AD0026C568</string>
				<string>16FF71FF1824A3AD0026C568</string>
				<string>16FF72001824A3AD0026C568</string>
				<string>16FF72011824A3AD0026C568</string>
				<string>16FF72021824A3AD0026C568</string>
				<string>16FF72031824A3AD0026C568</string>
				<string>16FF72041824A3AD0026C568</string>
				<string>16FF72051824A3AD0026C568</string>
				<string>16FF72061824A3AD0026C568</string>
				<string>16FF72071824A3AD0026C568</string>
				<string>16FF72081824A3AD0026C568</string>
			</array>
			<key>isa</key>
			<string>PBXGroup</string>
			<key>path</key>
			<string>UIScrollViewSlidingPages</string>
			<key>sourceTree</key>
			<string>&lt;group&gt;</string>
		</dict>
		<key>16FF71F81824A3AD0026C568</key>
		<dict>
			<key>children</key>
			<array>
				<string>16FF71F91824A3AD0026C568</string>
			</array>
			<key>isa</key>
			<string>PBXGroup</string>
			<key>path</key>
			<string>Images</string>
			<key>sourceTree</key>
			<string>&lt;group&gt;</string>
		</dict>
		<key>16FF71F91824A3AD0026C568</key>
		<dict>
			<key>children</key>
			<array>
				<string>16FF71FA1824A3AD0026C568</string>
				<string>16FF71FB1824A3AD0026C568</string>
				<string>16FF71FC1824A3AD0026C568</string>
			</array>
			<key>isa</key>
			<string>PBXGroup</string>
			<key>path</key>
			<string>diagmonds</string>
			<key>sourceTree</key>
			<string>&lt;group&gt;</string>
		</dict>
		<key>16FF71FA1824A3AD0026C568</key>
		<dict>
			<key>isa</key>
			<string>PBXFileReference</string>
			<key>lastKnownFileType</key>
			<string>image.png</string>
			<key>path</key>
			<string>diagmonds.png</string>
			<key>sourceTree</key>
			<string>&lt;group&gt;</string>
		</dict>
		<key>16FF71FB1824A3AD0026C568</key>
		<dict>
			<key>isa</key>
			<string>PBXFileReference</string>
			<key>lastKnownFileType</key>
			<string>image.png</string>
			<key>path</key>
			<string>diagmonds_@2X.png</string>
			<key>sourceTree</key>
			<string>&lt;group&gt;</string>
		</dict>
		<key>16FF71FC1824A3AD0026C568</key>
		<dict>
			<key>fileEncoding</key>
			<string>4</string>
			<key>isa</key>
			<string>PBXFileReference</string>
			<key>lastKnownFileType</key>
			<string>text</string>
			<key>path</key>
			<string>readme.txt</string>
			<key>sourceTree</key>
			<string>&lt;group&gt;</string>
		</dict>
		<key>16FF71FD1824A3AD0026C568</key>
		<dict>
			<key>fileEncoding</key>
			<string>4</string>
			<key>isa</key>
			<string>PBXFileReference</string>
			<key>lastKnownFileType</key>
			<string>sourcecode.c.h</string>
			<key>path</key>
			<string>TTBlackTriangle.h</string>
			<key>sourceTree</key>
			<string>&lt;group&gt;</string>
		</dict>
		<key>16FF71FE1824A3AD0026C568</key>
		<dict>
			<key>fileEncoding</key>
			<string>4</string>
			<key>isa</key>
			<string>PBXFileReference</string>
			<key>lastKnownFileType</key>
			<string>sourcecode.c.objc</string>
			<key>path</key>
			<string>TTBlackTriangle.m</string>
			<key>sourceTree</key>
			<string>&lt;group&gt;</string>
		</dict>
		<key>16FF71FF1824A3AD0026C568</key>
		<dict>
			<key>fileEncoding</key>
			<string>4</string>
			<key>isa</key>
			<string>PBXFileReference</string>
			<key>lastKnownFileType</key>
			<string>sourcecode.c.h</string>
			<key>path</key>
			<string>TTScrollSlidingPagesController.h</string>
			<key>sourceTree</key>
			<string>&lt;group&gt;</string>
		</dict>
		<key>16FF72001824A3AD0026C568</key>
		<dict>
			<key>fileEncoding</key>
			<string>4</string>
			<key>isa</key>
			<string>PBXFileReference</string>
			<key>lastKnownFileType</key>
			<string>sourcecode.c.objc</string>
			<key>path</key>
			<string>TTScrollSlidingPagesController.m</string>
			<key>sourceTree</key>
			<string>&lt;group&gt;</string>
		</dict>
		<key>16FF72011824A3AD0026C568</key>
		<dict>
			<key>fileEncoding</key>
			<string>4</string>
			<key>isa</key>
			<string>PBXFileReference</string>
			<key>lastKnownFileType</key>
			<string>sourcecode.c.h</string>
			<key>path</key>
			<string>TTScrollViewWrapper.h</string>
			<key>sourceTree</key>
			<string>&lt;group&gt;</string>
		</dict>
		<key>16FF72021824A3AD0026C568</key>
		<dict>
			<key>fileEncoding</key>
			<string>4</string>
			<key>isa</key>
			<string>PBXFileReference</string>
			<key>lastKnownFileType</key>
			<string>sourcecode.c.objc</string>
			<key>path</key>
			<string>TTScrollViewWrapper.m</string>
			<key>sourceTree</key>
			<string>&lt;group&gt;</string>
		</dict>
		<key>16FF72031824A3AD0026C568</key>
		<dict>
			<key>fileEncoding</key>
			<string>4</string>
			<key>isa</key>
			<string>PBXFileReference</string>
			<key>lastKnownFileType</key>
			<string>sourcecode.c.h</string>
			<key>path</key>
			<string>TTSlidingPage.h</string>
			<key>sourceTree</key>
			<string>&lt;group&gt;</string>
		</dict>
		<key>16FF72041824A3AD0026C568</key>
		<dict>
			<key>fileEncoding</key>
			<string>4</string>
			<key>isa</key>
			<string>PBXFileReference</string>
			<key>lastKnownFileType</key>
			<string>sourcecode.c.objc</string>
			<key>path</key>
			<string>TTSlidingPage.m</string>
			<key>sourceTree</key>
			<string>&lt;group&gt;</string>
		</dict>
		<key>16FF72051824A3AD0026C568</key>
		<dict>
			<key>fileEncoding</key>
			<string>4</string>
			<key>isa</key>
			<string>PBXFileReference</string>
			<key>lastKnownFileType</key>
			<string>sourcecode.c.h</string>
			<key>path</key>
			<string>TTSlidingPagesDataSource.h</string>
			<key>sourceTree</key>
			<string>&lt;group&gt;</string>
		</dict>
		<key>16FF72061824A3AD0026C568</key>
		<dict>
			<key>fileEncoding</key>
			<string>4</string>
			<key>isa</key>
			<string>PBXFileReference</string>
			<key>lastKnownFileType</key>
			<string>sourcecode.c.h</string>
			<key>path</key>
			<string>TTSlidingPageTitle.h</string>
			<key>sourceTree</key>
			<string>&lt;group&gt;</string>
		</dict>
		<key>16FF72071824A3AD0026C568</key>
		<dict>
			<key>fileEncoding</key>
			<string>4</string>
			<key>isa</key>
			<string>PBXFileReference</string>
			<key>lastKnownFileType</key>
			<string>sourcecode.c.objc</string>
			<key>path</key>
			<string>TTSlidingPageTitle.m</string>
			<key>sourceTree</key>
			<string>&lt;group&gt;</string>
		</dict>
		<key>16FF72081824A3AD0026C568</key>
		<dict>
			<key>fileEncoding</key>
			<string>4</string>
			<key>isa</key>
			<string>PBXFileReference</string>
			<key>lastKnownFileType</key>
			<string>sourcecode.c.h</string>
			<key>path</key>
			<string>TTUIScrollViewSlidingPages.h</string>
			<key>sourceTree</key>
			<string>&lt;group&gt;</string>
		</dict>
		<key>16FF72091824A3AD0026C568</key>
		<dict>
			<key>fileRef</key>
			<string>16FF71FA1824A3AD0026C568</string>
			<key>isa</key>
			<string>PBXBuildFile</string>
		</dict>
		<key>16FF720A1824A3AD0026C568</key>
		<dict>
			<key>fileRef</key>
			<string>16FF71FB1824A3AD0026C568</string>
			<key>isa</key>
			<string>PBXBuildFile</string>
		</dict>
		<key>16FF720B1824A3AD0026C568</key>
		<dict>
			<key>fileRef</key>
			<string>16FF71FC1824A3AD0026C568</string>
			<key>isa</key>
			<string>PBXBuildFile</string>
		</dict>
		<key>16FF720C1824A3AD0026C568</key>
		<dict>
			<key>fileRef</key>
			<string>16FF71FE1824A3AD0026C568</string>
			<key>isa</key>
			<string>PBXBuildFile</string>
		</dict>
		<key>16FF720D1824A3AD0026C568</key>
		<dict>
			<key>fileRef</key>
			<string>16FF72001824A3AD0026C568</string>
			<key>isa</key>
			<string>PBXBuildFile</string>
		</dict>
		<key>16FF720E1824A3AD0026C568</key>
		<dict>
			<key>fileRef</key>
			<string>16FF72021824A3AD0026C568</string>
			<key>isa</key>
			<string>PBXBuildFile</string>
		</dict>
		<key>16FF720F1824A3AD0026C568</key>
		<dict>
			<key>fileRef</key>
			<string>16FF72041824A3AD0026C568</string>
			<key>isa</key>
			<string>PBXBuildFile</string>
		</dict>
		<key>16FF72101824A3AD0026C568</key>
		<dict>
			<key>fileRef</key>
			<string>16FF72071824A3AD0026C568</string>
			<key>isa</key>
			<string>PBXBuildFile</string>
		</dict>
		<key>16FF72111824A3C70026C568</key>
		<dict>
			<key>fileEncoding</key>
			<string>4</string>
			<key>isa</key>
			<string>PBXFileReference</string>
			<key>lastKnownFileType</key>
			<string>sourcecode.c.h</string>
			<key>path</key>
			<string>StationsViewController.h</string>
			<key>sourceTree</key>
			<string>&lt;group&gt;</string>
		</dict>
		<key>16FF72121824A3C70026C568</key>
		<dict>
			<key>fileEncoding</key>
			<string>4</string>
			<key>isa</key>
			<string>PBXFileReference</string>
			<key>lastKnownFileType</key>
			<string>sourcecode.c.objc</string>
			<key>path</key>
			<string>StationsViewController.m</string>
			<key>sourceTree</key>
			<string>&lt;group&gt;</string>
		</dict>
		<key>16FF72131824A3C70026C568</key>
		<dict>
			<key>fileRef</key>
			<string>16FF72121824A3C70026C568</string>
			<key>isa</key>
			<string>PBXBuildFile</string>
		</dict>
		<key>18370641A617AE8A328A0BCB</key>
		<dict>
			<key>includeInIndex</key>
			<string>1</string>
			<key>isa</key>
			<string>PBXFileReference</string>
			<key>lastKnownFileType</key>
			<string>text.xcconfig</string>
			<key>name</key>
			<string>Pods.debug.xcconfig</string>
			<key>path</key>
			<string>Pods/Target Support Files/Pods/Pods.debug.xcconfig</string>
			<key>sourceTree</key>
			<string>&lt;group&gt;</string>
		</dict>
		<key>34A6D83C5D584BCB9314657F</key>
		<dict>
			<key>fileRef</key>
			<string>3575E85EF1F9439AAB9C3D46</string>
			<key>isa</key>
			<string>PBXBuildFile</string>
		</dict>
		<key>3575E85EF1F9439AAB9C3D46</key>
		<dict>
			<key>explicitFileType</key>
			<string>archive.ar</string>
			<key>includeInIndex</key>
			<string>0</string>
			<key>isa</key>
			<string>PBXFileReference</string>
			<key>path</key>
			<string>libPods.a</string>
			<key>sourceTree</key>
			<string>BUILT_PRODUCTS_DIR</string>
		</dict>
		<key>415D9C2653FC147DC2D97491</key>
		<dict>
			<key>includeInIndex</key>
			<string>1</string>
			<key>isa</key>
			<string>PBXFileReference</string>
			<key>lastKnownFileType</key>
			<string>text.xcconfig</string>
			<key>name</key>
			<string>Pods.release.xcconfig</string>
			<key>path</key>
			<string>Pods/Target Support Files/Pods/Pods.release.xcconfig</string>
			<key>sourceTree</key>
			<string>&lt;group&gt;</string>
		</dict>
		<key>5E29B6A0FAC8433CA616AB6A</key>
		<dict>
			<key>buildActionMask</key>
			<string>2147483647</string>
			<key>files</key>
			<array/>
			<key>inputPaths</key>
			<array/>
			<key>isa</key>
			<string>PBXShellScriptBuildPhase</string>
			<key>name</key>
			<string>Copy Pods Resources</string>
			<key>outputPaths</key>
			<array/>
			<key>runOnlyForDeploymentPostprocessing</key>
			<string>0</string>
			<key>shellPath</key>
			<string>/bin/sh</string>
			<key>shellScript</key>
			<string>"${SRCROOT}/Pods/Target Support Files/Pods/Pods-resources.sh"
</string>
			<key>showEnvVarsInLog</key>
			<string>0</string>
		</dict>
		<key>830E3F4B399B49D8A3F74D7A</key>
		<dict>
			<key>buildActionMask</key>
			<string>2147483647</string>
			<key>files</key>
			<array/>
			<key>inputPaths</key>
			<array/>
			<key>isa</key>
			<string>PBXShellScriptBuildPhase</string>
			<key>name</key>
			<string>Check Pods Manifest.lock</string>
			<key>outputPaths</key>
			<array/>
			<key>runOnlyForDeploymentPostprocessing</key>
			<string>0</string>
			<key>shellPath</key>
			<string>/bin/sh</string>
			<key>shellScript</key>
			<string>diff "${PODS_ROOT}/../Podfile.lock" "${PODS_ROOT}/Manifest.lock" &gt; /dev/null
if [[ $? != 0 ]] ; then
    cat &lt;&lt; EOM
error: The sandbox is not in sync with the Podfile.lock. Run 'pod install' or update your CocoaPods installation.
EOM
    exit 1
fi
</string>
			<key>showEnvVarsInLog</key>
			<string>0</string>
		</dict>
		<key>8BBC826718836CDE004E9883</key>
		<dict>
			<key>isa</key>
			<string>PBXFileReference</string>
			<key>lastKnownFileType</key>
			<string>image.png</string>
			<key>path</key>
			<string>flip@2x.png</string>
			<key>sourceTree</key>
			<string>&lt;group&gt;</string>
		</dict>
		<key>8BBC826818836CDE004E9883</key>
		<dict>
			<key>isa</key>
			<string>PBXFileReference</string>
			<key>lastKnownFileType</key>
			<string>image.png</string>
			<key>path</key>
			<string>flip.png</string>
			<key>sourceTree</key>
			<string>&lt;group&gt;</string>
		</dict>
		<key>8BBC826918836CDE004E9883</key>
		<dict>
			<key>fileRef</key>
			<string>8BBC826718836CDE004E9883</string>
			<key>isa</key>
			<string>PBXBuildFile</string>
		</dict>
		<key>8BBC826A18836CDE004E9883</key>
		<dict>
			<key>fileRef</key>
			<string>8BBC826818836CDE004E9883</string>
			<key>isa</key>
			<string>PBXBuildFile</string>
		</dict>
		<key>8BBC826B188377D8004E9883</key>
		<dict>
			<key>isa</key>
			<string>PBXFileReference</string>
			<key>lastKnownFileType</key>
			<string>image.png</string>
			<key>path</key>
			<string>flipCopy.png</string>
			<key>sourceTree</key>
			<string>&lt;group&gt;</string>
		</dict>
		<key>8BBC826C188377D8004E9883</key>
		<dict>
			<key>isa</key>
			<string>PBXFileReference</string>
			<key>lastKnownFileType</key>
			<string>image.png</string>
			<key>path</key>
			<string>flipCopy@2x.png</string>
			<key>sourceTree</key>
			<string>&lt;group&gt;</string>
		</dict>
		<key>8BBC826D188377D8004E9883</key>
		<dict>
			<key>fileRef</key>
			<string>8BBC826B188377D8004E9883</string>
			<key>isa</key>
			<string>PBXBuildFile</string>
		</dict>
		<key>8BBC826E188377D8004E9883</key>
		<dict>
			<key>fileRef</key>
			<string>8BBC826C188377D8004E9883</string>
			<key>isa</key>
			<string>PBXBuildFile</string>
		</dict>
		<key>8BBC826F1883783D004E9883</key>
		<dict>
			<key>isa</key>
			<string>PBXFileReference</string>
			<key>lastKnownFileType</key>
			<string>image.png</string>
			<key>path</key>
			<string>flipCopy2@2x.png</string>
			<key>sourceTree</key>
			<string>&lt;group&gt;</string>
		</dict>
		<key>8BBC82701883783D004E9883</key>
		<dict>
			<key>isa</key>
			<string>PBXFileReference</string>
			<key>lastKnownFileType</key>
			<string>image.png</string>
			<key>path</key>
			<string>flipCopy2.png</string>
			<key>sourceTree</key>
			<string>&lt;group&gt;</string>
		</dict>
		<key>8BBC82711883783D004E9883</key>
		<dict>
			<key>fileRef</key>
			<string>8BBC826F1883783D004E9883</string>
			<key>isa</key>
			<string>PBXBuildFile</string>
		</dict>
		<key>8BBC82721883783D004E9883</key>
		<dict>
			<key>fileRef</key>
			<string>8BBC82701883783D004E9883</string>
			<key>isa</key>
			<string>PBXBuildFile</string>
		</dict>
		<key>8BBC8273188378A9004E9883</key>
		<dict>
			<key>isa</key>
			<string>PBXFileReference</string>
			<key>lastKnownFileType</key>
			<string>image.png</string>
			<key>path</key>
			<string>flip3.png</string>
			<key>sourceTree</key>
			<string>&lt;group&gt;</string>
		</dict>
		<key>8BBC8274188378A9004E9883</key>
		<dict>
			<key>isa</key>
			<string>PBXFileReference</string>
			<key>lastKnownFileType</key>
			<string>image.png</string>
			<key>path</key>
			<string>flip3@2x.png</string>
			<key>sourceTree</key>
			<string>&lt;group&gt;</string>
		</dict>
		<key>8BBC8275188378A9004E9883</key>
		<dict>
			<key>fileRef</key>
			<string>8BBC8273188378A9004E9883</string>
			<key>isa</key>
			<string>PBXBuildFile</string>
		</dict>
		<key>8BBC8276188378A9004E9883</key>
		<dict>
			<key>fileRef</key>
			<string>8BBC8274188378A9004E9883</string>
			<key>isa</key>
			<string>PBXBuildFile</string>
		</dict>
		<key>8BBC827718837B93004E9883</key>
		<dict>
			<key>isa</key>
			<string>PBXFileReference</string>
			<key>lastKnownFileType</key>
			<string>image.png</string>
			<key>path</key>
			<string>flipNew.png</string>
			<key>sourceTree</key>
			<string>&lt;group&gt;</string>
		</dict>
		<key>8BBC827818837B94004E9883</key>
		<dict>
			<key>isa</key>
			<string>PBXFileReference</string>
			<key>lastKnownFileType</key>
			<string>image.png</string>
			<key>path</key>
			<string>flipNew@2x.png</string>
			<key>sourceTree</key>
			<string>&lt;group&gt;</string>
		</dict>
		<key>8BBC827918837B94004E9883</key>
		<dict>
			<key>fileRef</key>
			<string>8BBC827718837B93004E9883</string>
			<key>isa</key>
			<string>PBXBuildFile</string>
		</dict>
		<key>8BBC827A18837B94004E9883</key>
		<dict>
			<key>fileRef</key>
			<string>8BBC827818837B94004E9883</string>
			<key>isa</key>
			<string>PBXBuildFile</string>
		</dict>
		<key>8BBC827B18837BE3004E9883</key>
		<dict>
			<key>isa</key>
			<string>PBXFileReference</string>
			<key>lastKnownFileType</key>
			<string>image.png</string>
			<key>path</key>
			<string>flipNew1.png</string>
			<key>sourceTree</key>
			<string>&lt;group&gt;</string>
		</dict>
		<key>8BBC827C18837BE3004E9883</key>
		<dict>
			<key>isa</key>
			<string>PBXFileReference</string>
			<key>lastKnownFileType</key>
			<string>image.png</string>
			<key>path</key>
			<string>flipNew1@2x.png</string>
			<key>sourceTree</key>
			<string>&lt;group&gt;</string>
		</dict>
		<key>8BBC827D18837BE3004E9883</key>
		<dict>
			<key>fileRef</key>
			<string>8BBC827B18837BE3004E9883</string>
			<key>isa</key>
			<string>PBXBuildFile</string>
		</dict>
		<key>8BBC827E18837BE3004E9883</key>
		<dict>
			<key>fileRef</key>
			<string>8BBC827C18837BE3004E9883</string>
			<key>isa</key>
			<string>PBXBuildFile</string>
		</dict>
		<key>8BBC827F18837C9F004E9883</key>
		<dict>
			<key>isa</key>
			<string>PBXFileReference</string>
			<key>lastKnownFileType</key>
			<string>image.png</string>
			<key>path</key>
			<string>flipNew2.png</string>
			<key>sourceTree</key>
			<string>&lt;group&gt;</string>
		</dict>
		<key>8BBC828018837C9F004E9883</key>
		<dict>
			<key>isa</key>
			<string>PBXFileReference</string>
			<key>lastKnownFileType</key>
			<string>image.png</string>
			<key>path</key>
			<string>flipNew2@2x.png</string>
			<key>sourceTree</key>
			<string>&lt;group&gt;</string>
		</dict>
		<key>8BBC828118837C9F004E9883</key>
		<dict>
			<key>fileRef</key>
			<string>8BBC827F18837C9F004E9883</string>
			<key>isa</key>
			<string>PBXBuildFile</string>
		</dict>
		<key>8BBC828218837C9F004E9883</key>
		<dict>
			<key>fileRef</key>
			<string>8BBC828018837C9F004E9883</string>
			<key>isa</key>
			<string>PBXBuildFile</string>
		</dict>
		<key>8BBC82831883888E004E9883</key>
		<dict>
			<key>isa</key>
			<string>PBXFileReference</string>
			<key>lastKnownFileType</key>
			<string>image.png</string>
			<key>path</key>
			<string>flips1.png</string>
			<key>sourceTree</key>
			<string>&lt;group&gt;</string>
		</dict>
		<key>8BBC82841883888E004E9883</key>
		<dict>
			<key>isa</key>
			<string>PBXFileReference</string>
			<key>lastKnownFileType</key>
			<string>image.png</string>
			<key>path</key>
			<string>flips1@2x.png</string>
			<key>sourceTree</key>
			<string>&lt;group&gt;</string>
		</dict>
		<key>8BBC82851883888E004E9883</key>
		<dict>
			<key>fileRef</key>
			<string>8BBC82831883888E004E9883</string>
			<key>isa</key>
			<string>PBXBuildFile</string>
		</dict>
		<key>8BBC82861883888F004E9883</key>
		<dict>
			<key>fileRef</key>
			<string>8BBC82841883888E004E9883</string>
			<key>isa</key>
			<string>PBXBuildFile</string>
		</dict>
		<key>8BBC828B18838980004E9883</key>
		<dict>
			<key>isa</key>
			<string>PBXFileReference</string>
			<key>lastKnownFileType</key>
			<string>image.png</string>
			<key>path</key>
			<string>flips2.png</string>
			<key>sourceTree</key>
			<string>&lt;group&gt;</string>
		</dict>
		<key>8BBC828C18838980004E9883</key>
		<dict>
			<key>isa</key>
			<string>PBXFileReference</string>
			<key>lastKnownFileType</key>
			<string>image.png</string>
			<key>path</key>
			<string>flips2@2x.png</string>
			<key>sourceTree</key>
			<string>&lt;group&gt;</string>
		</dict>
		<key>8BBC828D18838980004E9883</key>
		<dict>
			<key>fileRef</key>
			<string>8BBC828B18838980004E9883</string>
			<key>isa</key>
			<string>PBXBuildFile</string>
		</dict>
		<key>8BBC828E18838980004E9883</key>
		<dict>
			<key>fileRef</key>
			<string>8BBC828C18838980004E9883</string>
			<key>isa</key>
			<string>PBXBuildFile</string>
		</dict>
		<key>8BBC828F18838A58004E9883</key>
		<dict>
			<key>isa</key>
			<string>PBXFileReference</string>
			<key>lastKnownFileType</key>
			<string>image.png</string>
			<key>path</key>
			<string>flips3.png</string>
			<key>sourceTree</key>
			<string>&lt;group&gt;</string>
		</dict>
		<key>8BBC829018838A58004E9883</key>
		<dict>
			<key>isa</key>
			<string>PBXFileReference</string>
			<key>lastKnownFileType</key>
			<string>image.png</string>
			<key>path</key>
			<string>flips3@2x.png</string>
			<key>sourceTree</key>
			<string>&lt;group&gt;</string>
		</dict>
		<key>8BBC829118838A58004E9883</key>
		<dict>
			<key>fileRef</key>
			<string>8BBC828F18838A58004E9883</string>
			<key>isa</key>
			<string>PBXBuildFile</string>
		</dict>
		<key>8BBC829218838A58004E9883</key>
		<dict>
			<key>fileRef</key>
			<string>8BBC829018838A58004E9883</string>
			<key>isa</key>
			<string>PBXBuildFile</string>
		</dict>
		<key>8BBC829318838AD1004E9883</key>
		<dict>
			<key>isa</key>
			<string>PBXFileReference</string>
			<key>lastKnownFileType</key>
			<string>image.png</string>
			<key>path</key>
			<string>flips4.png</string>
			<key>sourceTree</key>
			<string>&lt;group&gt;</string>
		</dict>
		<key>8BBC829418838AD1004E9883</key>
		<dict>
			<key>isa</key>
			<string>PBXFileReference</string>
			<key>lastKnownFileType</key>
			<string>image.png</string>
			<key>path</key>
			<string>flips4@2x.png</string>
			<key>sourceTree</key>
			<string>&lt;group&gt;</string>
		</dict>
		<key>8BBC829518838AD1004E9883</key>
		<dict>
			<key>fileRef</key>
			<string>8BBC829318838AD1004E9883</string>
			<key>isa</key>
			<string>PBXBuildFile</string>
		</dict>
		<key>8BBC829618838AD1004E9883</key>
		<dict>
			<key>fileRef</key>
			<string>8BBC829418838AD1004E9883</string>
			<key>isa</key>
			<string>PBXBuildFile</string>
		</dict>
		<key>8BBC829718838B5D004E9883</key>
		<dict>
			<key>isa</key>
			<string>PBXFileReference</string>
			<key>lastKnownFileType</key>
			<string>image.png</string>
			<key>path</key>
			<string>flips5.png</string>
			<key>sourceTree</key>
			<string>&lt;group&gt;</string>
		</dict>
		<key>8BBC829818838B5D004E9883</key>
		<dict>
			<key>isa</key>
			<string>PBXFileReference</string>
			<key>lastKnownFileType</key>
			<string>image.png</string>
			<key>path</key>
			<string>flips5@2x.png</string>
			<key>sourceTree</key>
			<string>&lt;group&gt;</string>
		</dict>
		<key>8BBC829918838B5D004E9883</key>
		<dict>
			<key>fileRef</key>
			<string>8BBC829718838B5D004E9883</string>
			<key>isa</key>
			<string>PBXBuildFile</string>
		</dict>
		<key>8BBC829A18838B5D004E9883</key>
		<dict>
			<key>fileRef</key>
			<string>8BBC829818838B5D004E9883</string>
			<key>isa</key>
			<string>PBXBuildFile</string>
		</dict>
		<key>B6483DDC1A23CFCB00A2A876</key>
		<dict>
			<key>fileEncoding</key>
			<string>4</string>
			<key>isa</key>
			<string>PBXFileReference</string>
			<key>lastKnownFileType</key>
			<string>sourcecode.c.h</string>
			<key>path</key>
			<string>FavoritesManager.h</string>
			<key>sourceTree</key>
			<string>&lt;group&gt;</string>
		</dict>
		<key>B6483DDD1A23CFCB00A2A876</key>
		<dict>
			<key>fileEncoding</key>
			<string>4</string>
			<key>isa</key>
			<string>PBXFileReference</string>
			<key>lastKnownFileType</key>
			<string>sourcecode.c.objc</string>
			<key>path</key>
			<string>FavoritesManager.m</string>
			<key>sourceTree</key>
			<string>&lt;group&gt;</string>
		</dict>
		<key>B6483DDE1A23CFCB00A2A876</key>
		<dict>
			<key>fileRef</key>
			<string>B6483DDD1A23CFCB00A2A876</string>
			<key>isa</key>
			<string>PBXBuildFile</string>
		</dict>
		<key>B6D1494919E1B82600E2B801</key>
		<dict>
			<key>fileEncoding</key>
			<string>4</string>
			<key>isa</key>
			<string>PBXFileReference</string>
			<key>lastKnownFileType</key>
			<string>text.plist.strings</string>
			<key>name</key>
			<string>strings_private.strings</string>
			<key>path</key>
			<string>../strings_private.strings</string>
			<key>sourceTree</key>
			<string>&lt;group&gt;</string>
		</dict>
		<key>B6D1494A19E1B82600E2B801</key>
		<dict>
			<key>fileRef</key>
			<string>B6D1494919E1B82600E2B801</string>
			<key>isa</key>
			<string>PBXBuildFile</string>
		</dict>
		<key>B6D5EB491A23955E003922FC</key>
		<dict>
			<key>fileEncoding</key>
			<string>4</string>
			<key>isa</key>
			<string>PBXFileReference</string>
			<key>lastKnownFileType</key>
			<string>sourcecode.c.h</string>
			<key>path</key>
			<string>AJRNutritionViewController+GADish.h</string>
			<key>sourceTree</key>
			<string>&lt;group&gt;</string>
		</dict>
		<key>B6D5EB4A1A23955E003922FC</key>
		<dict>
			<key>fileEncoding</key>
			<string>4</string>
			<key>isa</key>
			<string>PBXFileReference</string>
			<key>lastKnownFileType</key>
			<string>sourcecode.c.objc</string>
			<key>path</key>
			<string>AJRNutritionViewController+GADish.m</string>
			<key>sourceTree</key>
			<string>&lt;group&gt;</string>
		</dict>
		<key>B6D5EB4B1A23955E003922FC</key>
		<dict>
			<key>fileRef</key>
			<string>B6D5EB4A1A23955E003922FC</string>
			<key>isa</key>
			<string>PBXBuildFile</string>
		</dict>
		<key>FC9B1ED49AD7E9DBB4037832</key>
		<dict>
			<key>children</key>
			<array>
				<string>18370641A617AE8A328A0BCB</string>
				<string>415D9C2653FC147DC2D97491</string>
			</array>
			<key>isa</key>
			<string>PBXGroup</string>
			<key>name</key>
			<string>Pods</string>
			<key>sourceTree</key>
			<string>&lt;group&gt;</string>
		</dict>
	</dict>
	<key>rootObject</key>
	<string>16FF71B61824A32F0026C568</string>
</dict>
</plist>
