// !$*UTF8*$!
{
	archiveVersion = 1;
	classes = {
	};
	objectVersion = 46;
	objects = {

/* Begin PBXBuildFile section */
		1605836A153F7E88006D83D8 /* Icon.png in Resources */ = {isa = PBXBuildFile; fileRef = 16058369153F7E88006D83D8 /* Icon.png */; };
		16058373153F80EE006D83D8 /* Icon-72.png in Resources */ = {isa = PBXBuildFile; fileRef = 1605836F153F80EE006D83D8 /* Icon-72.png */; };
		16058374153F80EE006D83D8 /* Icon-Small-50.png in Resources */ = {isa = PBXBuildFile; fileRef = 16058370153F80EE006D83D8 /* Icon-Small-50.png */; };
		16058375153F80EE006D83D8 /* Icon-Small.png in Resources */ = {isa = PBXBuildFile; fileRef = 16058371153F80EE006D83D8 /* Icon-Small.png */; };
		16058376153F80EE006D83D8 /* Icon-Small@2x.png in Resources */ = {isa = PBXBuildFile; fileRef = 16058372153F80EE006D83D8 /* Icon-Small@2x.png */; };
		1610B0C815B5EF5A001A2D3A /* nutrition-details.png in Resources */ = {isa = PBXBuildFile; fileRef = 1610B0C615B5EF5A001A2D3A /* nutrition-details.png */; };
		1610B0C915B5EF5A001A2D3A /* nutrition-details@2x .png in Resources */ = {isa = PBXBuildFile; fileRef = 1610B0C715B5EF5A001A2D3A /* nutrition-details@2x .png */; };
		1610B0CC15B5EFA2001A2D3A /* ingredients-list.png in Resources */ = {isa = PBXBuildFile; fileRef = 1610B0CA15B5EFA2001A2D3A /* ingredients-list.png */; };
		1610B0CD15B5EFA2001A2D3A /* ingredients-list@2x.png in Resources */ = {isa = PBXBuildFile; fileRef = 1610B0CB15B5EFA2001A2D3A /* ingredients-list@2x.png */; };
		1615ABBB151A9BD6006947DF /* libCrittercism_v3_1_4.a in Frameworks */ = {isa = PBXBuildFile; fileRef = 1615AB55151A9BD5006947DF /* libCrittercism_v3_1_4.a */; };
		1615ABBC151A9BD6006947DF /* crittercism-arrow-l.png in Resources */ = {isa = PBXBuildFile; fileRef = 1615AB71151A9BD5006947DF /* crittercism-arrow-l.png */; };
		1615ABBD151A9BD6006947DF /* crittercism-arrow-l@2x.png in Resources */ = {isa = PBXBuildFile; fileRef = 1615AB72151A9BD5006947DF /* crittercism-arrow-l@2x.png */; };
		1615ABBE151A9BD6006947DF /* crittercism-arrow-left-gray-border.png in Resources */ = {isa = PBXBuildFile; fileRef = 1615AB73151A9BD5006947DF /* crittercism-arrow-left-gray-border.png */; };
		1615ABBF151A9BD6006947DF /* crittercism-arrow-left-no-border.png in Resources */ = {isa = PBXBuildFile; fileRef = 1615AB74151A9BD5006947DF /* crittercism-arrow-left-no-border.png */; };
		1615ABC0151A9BD6006947DF /* crittercism-arrow-left.png in Resources */ = {isa = PBXBuildFile; fileRef = 1615AB75151A9BD5006947DF /* crittercism-arrow-left.png */; };
		1615ABC1151A9BD6006947DF /* crittercism-arrow-let-no-border.png in Resources */ = {isa = PBXBuildFile; fileRef = 1615AB76151A9BD5006947DF /* crittercism-arrow-let-no-border.png */; };
		1615ABC2151A9BD6006947DF /* crittercism-arrow-r.png in Resources */ = {isa = PBXBuildFile; fileRef = 1615AB77151A9BD5006947DF /* crittercism-arrow-r.png */; };
		1615ABC3151A9BD6006947DF /* crittercism-arrow-r@2x.png in Resources */ = {isa = PBXBuildFile; fileRef = 1615AB78151A9BD5006947DF /* crittercism-arrow-r@2x.png */; };
		1615ABC4151A9BD6006947DF /* crittercism-arrow-right-green-border.png in Resources */ = {isa = PBXBuildFile; fileRef = 1615AB79151A9BD5006947DF /* crittercism-arrow-right-green-border.png */; };
		1615ABC5151A9BD6006947DF /* crittercism-arrow-right-no-border.png in Resources */ = {isa = PBXBuildFile; fileRef = 1615AB7A151A9BD5006947DF /* crittercism-arrow-right-no-border.png */; };
		1615ABC6151A9BD6006947DF /* crittercism-avatar-default.png in Resources */ = {isa = PBXBuildFile; fileRef = 1615AB7B151A9BD5006947DF /* crittercism-avatar-default.png */; };
		1615ABC7151A9BD6006947DF /* crittercism-avatar-us.png in Resources */ = {isa = PBXBuildFile; fileRef = 1615AB7C151A9BD5006947DF /* crittercism-avatar-us.png */; };
		1615ABC8151A9BD6006947DF /* crittercism-bg-00.png in Resources */ = {isa = PBXBuildFile; fileRef = 1615AB7D151A9BD5006947DF /* crittercism-bg-00.png */; };
		1615ABC9151A9BD6006947DF /* crittercism-bg-categorize-as.png in Resources */ = {isa = PBXBuildFile; fileRef = 1615AB7E151A9BD5006947DF /* crittercism-bg-categorize-as.png */; };
		1615ABCA151A9BD6006947DF /* crittercism-bg-edit-form.png in Resources */ = {isa = PBXBuildFile; fileRef = 1615AB7F151A9BD5006947DF /* crittercism-bg-edit-form.png */; };
		1615ABCB151A9BD6006947DF /* crittercism-bg-edit-form@2x~iphone.png in Resources */ = {isa = PBXBuildFile; fileRef = 1615AB80151A9BD5006947DF /* crittercism-bg-edit-form@2x~iphone.png */; };
		1615ABCC151A9BD6006947DF /* crittercism-bg-inactive-overlay.png in Resources */ = {isa = PBXBuildFile; fileRef = 1615AB81151A9BD5006947DF /* crittercism-bg-inactive-overlay.png */; };
		1615ABCD151A9BD6006947DF /* crittercism-bg-reply-to.png in Resources */ = {isa = PBXBuildFile; fileRef = 1615AB82151A9BD5006947DF /* crittercism-bg-reply-to.png */; };
		1615ABCE151A9BD6006947DF /* crittercism-btn-add-comment-sel.png in Resources */ = {isa = PBXBuildFile; fileRef = 1615AB83151A9BD5006947DF /* crittercism-btn-add-comment-sel.png */; };
		1615ABCF151A9BD6006947DF /* crittercism-btn-add-comment.png in Resources */ = {isa = PBXBuildFile; fileRef = 1615AB84151A9BD5006947DF /* crittercism-btn-add-comment.png */; };
		1615ABD0151A9BD6006947DF /* crittercism-btn-cancel.png in Resources */ = {isa = PBXBuildFile; fileRef = 1615AB85151A9BD5006947DF /* crittercism-btn-cancel.png */; };
		1615ABD1151A9BD6006947DF /* crittercism-btn-close.png in Resources */ = {isa = PBXBuildFile; fileRef = 1615AB86151A9BD5006947DF /* crittercism-btn-close.png */; };
		1615ABD2151A9BD6006947DF /* crittercism-btn-submit.png in Resources */ = {isa = PBXBuildFile; fileRef = 1615AB87151A9BD5006947DF /* crittercism-btn-submit.png */; };
		1615ABD3151A9BD6006947DF /* crittercism-btn-thumbs-dn-default.png in Resources */ = {isa = PBXBuildFile; fileRef = 1615AB88151A9BD5006947DF /* crittercism-btn-thumbs-dn-default.png */; };
		1615ABD4151A9BD6006947DF /* crittercism-btn-thumbs-dn-voted.png in Resources */ = {isa = PBXBuildFile; fileRef = 1615AB89151A9BD5006947DF /* crittercism-btn-thumbs-dn-voted.png */; };
		1615ABD5151A9BD6006947DF /* crittercism-btn-thumbs-up-default.png in Resources */ = {isa = PBXBuildFile; fileRef = 1615AB8A151A9BD5006947DF /* crittercism-btn-thumbs-up-default.png */; };
		1615ABD6151A9BD6006947DF /* crittercism-btn-thumbs-up-pressed.png in Resources */ = {isa = PBXBuildFile; fileRef = 1615AB8B151A9BD5006947DF /* crittercism-btn-thumbs-up-pressed.png */; };
		1615ABD7151A9BD6006947DF /* crittercism-btn-thumbs-up-pressed@2x.png in Resources */ = {isa = PBXBuildFile; fileRef = 1615AB8C151A9BD5006947DF /* crittercism-btn-thumbs-up-pressed@2x.png */; };
		1615ABD8151A9BD6006947DF /* crittercism-btn-thumbs-up-voted.png in Resources */ = {isa = PBXBuildFile; fileRef = 1615AB8D151A9BD5006947DF /* crittercism-btn-thumbs-up-voted.png */; };
		1615ABD9151A9BD6006947DF /* crittercism-btn-thumbs-up.png in Resources */ = {isa = PBXBuildFile; fileRef = 1615AB8E151A9BD5006947DF /* crittercism-btn-thumbs-up.png */; };
		1615ABDA151A9BD6006947DF /* crittercism-btn-thumbs-up@2x.png in Resources */ = {isa = PBXBuildFile; fileRef = 1615AB8F151A9BD5006947DF /* crittercism-btn-thumbs-up@2x.png */; };
		1615ABDB151A9BD6006947DF /* crittercism-bug.png in Resources */ = {isa = PBXBuildFile; fileRef = 1615AB90151A9BD5006947DF /* crittercism-bug.png */; };
		1615ABDC151A9BD6006947DF /* crittercism-checkbox-checked.png in Resources */ = {isa = PBXBuildFile; fileRef = 1615AB91151A9BD5006947DF /* crittercism-checkbox-checked.png */; };
		1615ABDD151A9BD6006947DF /* crittercism-checkbox-unchecked.png in Resources */ = {isa = PBXBuildFile; fileRef = 1615AB92151A9BD5006947DF /* crittercism-checkbox-unchecked.png */; };
		1615ABDE151A9BD6006947DF /* crittercism-dev-profile-halfsize.png in Resources */ = {isa = PBXBuildFile; fileRef = 1615AB93151A9BD5006947DF /* crittercism-dev-profile-halfsize.png */; };
		1615ABDF151A9BD6006947DF /* crittercism-dev-profile-halfsize@2x.png in Resources */ = {isa = PBXBuildFile; fileRef = 1615AB94151A9BD5006947DF /* crittercism-dev-profile-halfsize@2x.png */; };
		1615ABE0151A9BD6006947DF /* crittercism-feedback-forum-bg-gradient.png in Resources */ = {isa = PBXBuildFile; fileRef = 1615AB95151A9BD5006947DF /* crittercism-feedback-forum-bg-gradient.png */; };
		1615ABE1151A9BD6006947DF /* crittercism-gray.png in Resources */ = {isa = PBXBuildFile; fileRef = 1615AB96151A9BD5006947DF /* crittercism-gray.png */; };
		1615ABE2151A9BD6006947DF /* crittercism-green.png in Resources */ = {isa = PBXBuildFile; fileRef = 1615AB97151A9BD5006947DF /* crittercism-green.png */; };
		1615ABE3151A9BD6006947DF /* crittercism-hamster-ftw.png in Resources */ = {isa = PBXBuildFile; fileRef = 1615AB98151A9BD5006947DF /* crittercism-hamster-ftw.png */; };
		1615ABE4151A9BD6006947DF /* crittercism-hamster-twitter.png in Resources */ = {isa = PBXBuildFile; fileRef = 1615AB99151A9BD5006947DF /* crittercism-hamster-twitter.png */; };
		1615ABE5151A9BD6006947DF /* crittercism-hamster.png in Resources */ = {isa = PBXBuildFile; fileRef = 1615AB9A151A9BD5006947DF /* crittercism-hamster.png */; };
		1615ABE6151A9BD6006947DF /* crittercism-icon-cat-idea.png in Resources */ = {isa = PBXBuildFile; fileRef = 1615AB9B151A9BD5006947DF /* crittercism-icon-cat-idea.png */; };
		1615ABE7151A9BD6006947DF /* crittercism-icon-cat-idea@2x.png in Resources */ = {isa = PBXBuildFile; fileRef = 1615AB9C151A9BD5006947DF /* crittercism-icon-cat-idea@2x.png */; };
		1615ABE8151A9BD6006947DF /* crittercism-icon-cat-love.png in Resources */ = {isa = PBXBuildFile; fileRef = 1615AB9D151A9BD5006947DF /* crittercism-icon-cat-love.png */; };
		1615ABE9151A9BD6006947DF /* crittercism-icon-cat-love@2x.png in Resources */ = {isa = PBXBuildFile; fileRef = 1615AB9E151A9BD5006947DF /* crittercism-icon-cat-love@2x.png */; };
		1615ABEA151A9BD6006947DF /* crittercism-icon-cat-problem.png in Resources */ = {isa = PBXBuildFile; fileRef = 1615AB9F151A9BD5006947DF /* crittercism-icon-cat-problem.png */; };
		1615ABEB151A9BD6006947DF /* crittercism-icon-cat-problem@2x.png in Resources */ = {isa = PBXBuildFile; fileRef = 1615ABA0151A9BD5006947DF /* crittercism-icon-cat-problem@2x.png */; };
		1615ABEC151A9BD6006947DF /* crittercism-icon-cat-question.png in Resources */ = {isa = PBXBuildFile; fileRef = 1615ABA1151A9BD5006947DF /* crittercism-icon-cat-question.png */; };
		1615ABED151A9BD6006947DF /* crittercism-icon-cat-question@2x.png in Resources */ = {isa = PBXBuildFile; fileRef = 1615ABA2151A9BD5006947DF /* crittercism-icon-cat-question@2x.png */; };
		1615ABEE151A9BD6006947DF /* crittercism-icon-tab-01.png in Resources */ = {isa = PBXBuildFile; fileRef = 1615ABA3151A9BD5006947DF /* crittercism-icon-tab-01.png */; };
		1615ABEF151A9BD6006947DF /* crittercism-idea.png in Resources */ = {isa = PBXBuildFile; fileRef = 1615ABA4151A9BD5006947DF /* crittercism-idea.png */; };
		1615ABF0151A9BD6006947DF /* crittercism-love.png in Resources */ = {isa = PBXBuildFile; fileRef = 1615ABA5151A9BD5006947DF /* crittercism-love.png */; };
		1615ABF1151A9BD6006947DF /* crittercism-other.png in Resources */ = {isa = PBXBuildFile; fileRef = 1615ABA6151A9BD5006947DF /* crittercism-other.png */; };
		1615ABF2151A9BD6006947DF /* crittercism-question.png in Resources */ = {isa = PBXBuildFile; fileRef = 1615ABA7151A9BD5006947DF /* crittercism-question.png */; };
		1615ABF3151A9BD6006947DF /* crittercism-tab-icon@1x~iphone.png in Resources */ = {isa = PBXBuildFile; fileRef = 1615ABA8151A9BD5006947DF /* crittercism-tab-icon@1x~iphone.png */; };
		1615ABF4151A9BD6006947DF /* crittercism-tab-icon@2x~ipad.png in Resources */ = {isa = PBXBuildFile; fileRef = 1615ABA9151A9BD5006947DF /* crittercism-tab-icon@2x~ipad.png */; };
		1615ABF5151A9BD6006947DF /* crittercism-title-bar.png in Resources */ = {isa = PBXBuildFile; fileRef = 1615ABAA151A9BD5006947DF /* crittercism-title-bar.png */; };
		1615ABF6151A9BD6006947DF /* crittercism-user-arrow-l.png in Resources */ = {isa = PBXBuildFile; fileRef = 1615ABAB151A9BD5006947DF /* crittercism-user-arrow-l.png */; };
		1615ABF7151A9BD6006947DF /* crittercism-user-arrow-l@2x.png in Resources */ = {isa = PBXBuildFile; fileRef = 1615ABAC151A9BD5006947DF /* crittercism-user-arrow-l@2x.png */; };
		1615ABF8151A9BD6006947DF /* crittercism-user-profile-halfsize.png in Resources */ = {isa = PBXBuildFile; fileRef = 1615ABAD151A9BD5006947DF /* crittercism-user-profile-halfsize.png */; };
		1615ABF9151A9BD6006947DF /* crittercism-user-profile.png in Resources */ = {isa = PBXBuildFile; fileRef = 1615ABAE151A9BD5006947DF /* crittercism-user-profile.png */; };
		1615ABFA151A9BD6006947DF /* crittercism-user-profile@2x.png in Resources */ = {isa = PBXBuildFile; fileRef = 1615ABAF151A9BD5006947DF /* crittercism-user-profile@2x.png */; };
		1615ABFB151A9BD6006947DF /* crittercism-votesLeftButton.png in Resources */ = {isa = PBXBuildFile; fileRef = 1615ABB0151A9BD5006947DF /* crittercism-votesLeftButton.png */; };
		1615ABFC151A9BD6006947DF /* crittercism_icon.png in Resources */ = {isa = PBXBuildFile; fileRef = 1615ABB1151A9BD5006947DF /* crittercism_icon.png */; };
		1615ABFD151A9BD6006947DF /* CrittercismAboutViewController.xib in Resources */ = {isa = PBXBuildFile; fileRef = 1615ABB3151A9BD5006947DF /* CrittercismAboutViewController.xib */; };
		1615ABFE151A9BD6006947DF /* CrittercismAddCommentViewController.xib in Resources */ = {isa = PBXBuildFile; fileRef = 1615ABB4151A9BD5006947DF /* CrittercismAddCommentViewController.xib */; };
		1615ABFF151A9BD6006947DF /* CrittercismAddViewController.xib in Resources */ = {isa = PBXBuildFile; fileRef = 1615ABB5151A9BD5006947DF /* CrittercismAddViewController.xib */; };
		1615AC00151A9BD6006947DF /* CrittercismCell.xib in Resources */ = {isa = PBXBuildFile; fileRef = 1615ABB6151A9BD5006947DF /* CrittercismCell.xib */; };
		1615AC01151A9BD6006947DF /* CrittercismDescriptionViewController.xib in Resources */ = {isa = PBXBuildFile; fileRef = 1615ABB7151A9BD5006947DF /* CrittercismDescriptionViewController.xib */; };
		1615AC02151A9BD6006947DF /* CrittercismGridViewController.xib in Resources */ = {isa = PBXBuildFile; fileRef = 1615ABB8151A9BD5006947DF /* CrittercismGridViewController.xib */; };
		1615AC03151A9BD6006947DF /* CrittercismRootViewController.xib in Resources */ = {isa = PBXBuildFile; fileRef = 1615ABB9151A9BD5006947DF /* CrittercismRootViewController.xib */; };
		1615AC04151A9BD6006947DF /* CrittercismViewController.xib in Resources */ = {isa = PBXBuildFile; fileRef = 1615ABBA151A9BD5006947DF /* CrittercismViewController.xib */; };
		1615AC07151A9C03006947DF /* QuartzCore.framework in Frameworks */ = {isa = PBXBuildFile; fileRef = 1615AC06151A9C03006947DF /* QuartzCore.framework */; };
		161A7E4C153F813A0023BF40 /* Icon@2x.png in Resources */ = {isa = PBXBuildFile; fileRef = 161A7E4B153F813A0023BF40 /* Icon@2x.png */; };
		161E4710153F778A00C51C2B /* Vivaldi Italic.ttf in Resources */ = {isa = PBXBuildFile; fileRef = 161E470F153F778A00C51C2B /* Vivaldi Italic.ttf */; };
		163C85A715BDCBA400FC8578 /* TDBadgedCell.m in Sources */ = {isa = PBXBuildFile; fileRef = 163C85A615BDCBA300FC8578 /* TDBadgedCell.m */; settings = {COMPILER_FLAGS = "-fno-objc-arc "; }; };
		163C85A815BDCD6700FC8578 /* TDBadgedCell.m in Sources */ = {isa = PBXBuildFile; fileRef = 163C85A615BDCBA300FC8578 /* TDBadgedCell.m */; settings = {COMPILER_FLAGS = "-fno-objc-arc "; }; };
		163C861315C0AA9F00FC8578 /* datePicker_background.png in Resources */ = {isa = PBXBuildFile; fileRef = 163C861215C0AA9F00FC8578 /* datePicker_background.png */; };
		163CF0F91544A90300B0397C /* iTunesArtwork in Resources */ = {isa = PBXBuildFile; fileRef = 163CF0F81544A90300B0397C /* iTunesArtwork */; };
		1682E988153F818E0065F9FA /* glicious5.png in Resources */ = {isa = PBXBuildFile; fileRef = 1682E987153F818E0065F9FA /* glicious5.png */; };
		1682E9981540CBDE0065F9FA /* glicious-banner-3.png in Resources */ = {isa = PBXBuildFile; fileRef = 1682E9911540CBDE0065F9FA /* glicious-banner-3.png */; };
		1682E9991540CBDE0065F9FA /* glicious-banner1.png in Resources */ = {isa = PBXBuildFile; fileRef = 1682E9921540CBDE0065F9FA /* glicious-banner1.png */; };
		1682E99A1540CBDE0065F9FA /* glicious-banner2.png in Resources */ = {isa = PBXBuildFile; fileRef = 1682E9931540CBDE0065F9FA /* glicious-banner2.png */; };
		1682E99B1540CBDE0065F9FA /* glicious-banner4.png in Resources */ = {isa = PBXBuildFile; fileRef = 1682E9941540CBDE0065F9FA /* glicious-banner4.png */; };
		1682E99C1540CBDE0065F9FA /* glicious-banner5.png in Resources */ = {isa = PBXBuildFile; fileRef = 1682E9951540CBDE0065F9FA /* glicious-banner5.png */; };
		1682E99D1540CBDE0065F9FA /* glicious-banner6.png in Resources */ = {isa = PBXBuildFile; fileRef = 1682E9961540CBDE0065F9FA /* glicious-banner6.png */; };
		1682E99E1540CBDE0065F9FA /* glicious-banner7.png in Resources */ = {isa = PBXBuildFile; fileRef = 1682E9971540CBDE0065F9FA /* glicious-banner7.png */; };
		168D0812152A2C6A005B690E /* libFlurryAnalytics.a in Frameworks */ = {isa = PBXBuildFile; fileRef = 168D0811152A2C6A005B690E /* libFlurryAnalytics.a */; };
		16A83B36154678550097FCF2 /* MessageUI.framework in Frameworks */ = {isa = PBXBuildFile; fileRef = 16A83B35154678540097FCF2 /* MessageUI.framework */; };
		16BF1DF515CE214E00C4D9CA /* changeMeal.png in Resources */ = {isa = PBXBuildFile; fileRef = 16BF1DF415CE214E00C4D9CA /* changeMeal.png */; };
		16BF1DF815CE29B800C4D9CA /* Calendar-Week.png in Resources */ = {isa = PBXBuildFile; fileRef = 16BF1DF715CE29B800C4D9CA /* Calendar-Week.png */; };
		16FF360915C7058700C9DC09 /* red_textured_background.png in Resources */ = {isa = PBXBuildFile; fileRef = 16FF360815C7058700C9DC09 /* red_textured_background.png */; };
		16FF362415C72BC500C9DC09 /* Calendar-Day-of-Week.png in Resources */ = {isa = PBXBuildFile; fileRef = 16FF362115C72BC500C9DC09 /* Calendar-Day-of-Week.png */; };
		16FF362515C72BC500C9DC09 /* Calendar-Day.png in Resources */ = {isa = PBXBuildFile; fileRef = 16FF362215C72BC500C9DC09 /* Calendar-Day.png */; };
		16FF366515C769CB00C9DC09 /* splash.png in Resources */ = {isa = PBXBuildFile; fileRef = 16FF366415C769CB00C9DC09 /* splash.png */; };
		16FF366715C76A2100C9DC09 /* Default.png in Resources */ = {isa = PBXBuildFile; fileRef = 16FF366615C76A2000C9DC09 /* Default.png */; };
		16FF366A15C7748500C9DC09 /* MBProgressHUD.m in Sources */ = {isa = PBXBuildFile; fileRef = 16FF366915C7748500C9DC09 /* MBProgressHUD.m */; settings = {COMPILER_FLAGS = "-fno-objc-arc "; }; };
		16FF367215C7789C00C9DC09 /* MBProgressHUD.m in Sources */ = {isa = PBXBuildFile; fileRef = 16FF366915C7748500C9DC09 /* MBProgressHUD.m */; };
		16FF367815C7953900C9DC09 /* DatePickerViewController.h in Sources */ = {isa = PBXBuildFile; fileRef = E1A0C549145324480072BE76 /* DatePickerViewController.h */; };
		16FF368315C83F6900C9DC09 /* 37x-Checkmark.png in Resources */ = {isa = PBXBuildFile; fileRef = 16FF368115C83F6900C9DC09 /* 37x-Checkmark.png */; };
		16FF368415C83F6900C9DC09 /* 37x-Checkmark@2x.png in Resources */ = {isa = PBXBuildFile; fileRef = 16FF368215C83F6900C9DC09 /* 37x-Checkmark@2x.png */; };
		314CC43414EA0A410004F963 /* Reachability.m in Sources */ = {isa = PBXBuildFile; fileRef = 314CC43314EA0A410004F963 /* Reachability.m */; };
		314CC43614EA0B4A0004F963 /* SystemConfiguration.framework in Frameworks */ = {isa = PBXBuildFile; fileRef = 314CC43514EA0B4A0004F963 /* SystemConfiguration.framework */; };
		87B46EA0146A3ED7001007BA /* Venue.m in Sources */ = {isa = PBXBuildFile; fileRef = 87B46E9F146A3ED7001007BA /* Venue.m */; };
		E1A0C530145324470072BE76 /* UIKit.framework in Frameworks */ = {isa = PBXBuildFile; fileRef = E1A0C52F145324470072BE76 /* UIKit.framework */; };
		E1A0C532145324470072BE76 /* Foundation.framework in Frameworks */ = {isa = PBXBuildFile; fileRef = E1A0C531145324470072BE76 /* Foundation.framework */; };
		E1A0C534145324470072BE76 /* CoreGraphics.framework in Frameworks */ = {isa = PBXBuildFile; fileRef = E1A0C533145324470072BE76 /* CoreGraphics.framework */; };
		E1A0C536145324470072BE76 /* CoreData.framework in Frameworks */ = {isa = PBXBuildFile; fileRef = E1A0C535145324470072BE76 /* CoreData.framework */; };
		E1A0C53C145324470072BE76 /* InfoPlist.strings in Resources */ = {isa = PBXBuildFile; fileRef = E1A0C53A145324470072BE76 /* InfoPlist.strings */; };
		E1A0C53F145324470072BE76 /* main.m in Sources */ = {isa = PBXBuildFile; fileRef = E1A0C53E145324470072BE76 /* main.m */; };
		E1A0C542145324470072BE76 /* Grinnell_Menu_iOSAppDelegate.m in Sources */ = {isa = PBXBuildFile; fileRef = E1A0C541145324470072BE76 /* Grinnell_Menu_iOSAppDelegate.m */; };
		E1A0C548145324480072BE76 /* MainWindow.xib in Resources */ = {isa = PBXBuildFile; fileRef = E1A0C546145324480072BE76 /* MainWindow.xib */; };
		E1A0C54B145324480072BE76 /* DatePickerViewController.m in Sources */ = {isa = PBXBuildFile; fileRef = E1A0C54A145324480072BE76 /* DatePickerViewController.m */; };
		E1A0C54E145324480072BE76 /* DatePickerViewController.xib in Resources */ = {isa = PBXBuildFile; fileRef = E1A0C54C145324480072BE76 /* DatePickerViewController.xib */; };
		E1A0C555145324480072BE76 /* UIKit.framework in Frameworks */ = {isa = PBXBuildFile; fileRef = E1A0C52F145324470072BE76 /* UIKit.framework */; };
		E1A0C556145324480072BE76 /* Foundation.framework in Frameworks */ = {isa = PBXBuildFile; fileRef = E1A0C531145324470072BE76 /* Foundation.framework */; };
		E1A0C557145324480072BE76 /* CoreGraphics.framework in Frameworks */ = {isa = PBXBuildFile; fileRef = E1A0C533145324470072BE76 /* CoreGraphics.framework */; };
		E1A0C558145324480072BE76 /* CoreData.framework in Frameworks */ = {isa = PBXBuildFile; fileRef = E1A0C535145324470072BE76 /* CoreData.framework */; };
		E1A0C560145324490072BE76 /* InfoPlist.strings in Resources */ = {isa = PBXBuildFile; fileRef = E1A0C55E145324490072BE76 /* InfoPlist.strings */; };
		E1A0C563145324490072BE76 /* Grinnell_Menu_iOSTests.h in Resources */ = {isa = PBXBuildFile; fileRef = E1A0C562145324490072BE76 /* Grinnell_Menu_iOSTests.h */; };
		E1A0C565145324490072BE76 /* Grinnell_Menu_iOSTests.m in Sources */ = {isa = PBXBuildFile; fileRef = E1A0C564145324490072BE76 /* Grinnell_Menu_iOSTests.m */; };
		E1A0C579145326010072BE76 /* VenueViewController.m in Sources */ = {isa = PBXBuildFile; fileRef = E1A0C577145326010072BE76 /* VenueViewController.m */; };
		E1A0C57A145326010072BE76 /* VenueViewController.xib in Resources */ = {isa = PBXBuildFile; fileRef = E1A0C578145326010072BE76 /* VenueViewController.xib */; };
		E1A0C5891453270D0072BE76 /* SettingsViewController.m in Sources */ = {isa = PBXBuildFile; fileRef = E1A0C57F1453270B0072BE76 /* SettingsViewController.m */; };
		E1A0C58A1453270D0072BE76 /* SettingsViewController.xib in Resources */ = {isa = PBXBuildFile; fileRef = E1A0C5801453270B0072BE76 /* SettingsViewController.xib */; };
		E1A806E8147853A500ABBDDA /* black-button.png in Resources */ = {isa = PBXBuildFile; fileRef = E1A806E7147853A500ABBDDA /* black-button.png */; };
		E1A806EA147853B900ABBDDA /* green-button.png in Resources */ = {isa = PBXBuildFile; fileRef = E1A806E9147853B900ABBDDA /* green-button.png */; };
		E1A806F61478569700ABBDDA /* DishViewController.m in Sources */ = {isa = PBXBuildFile; fileRef = E1A806F41478569600ABBDDA /* DishViewController.m */; };
		E1A806F71478569700ABBDDA /* DishViewController.xib in Resources */ = {isa = PBXBuildFile; fileRef = E1A806F51478569600ABBDDA /* DishViewController.xib */; };
		E1DBA300145C922C0099E8CE /* Dish.m in Sources */ = {isa = PBXBuildFile; fileRef = E1DBA2FF145C922B0099E8CE /* Dish.m */; };
/* End PBXBuildFile section */

/* Begin PBXContainerItemProxy section */
		E1A0C559145324480072BE76 /* PBXContainerItemProxy */ = {
			isa = PBXContainerItemProxy;
			containerPortal = E1A0C522145324450072BE76 /* Project object */;
			proxyType = 1;
			remoteGlobalIDString = E1A0C52A145324460072BE76;
			remoteInfo = "Grinnell-Menu-iOS";
		};
/* End PBXContainerItemProxy section */

/* Begin PBXFileReference section */
		16058369153F7E88006D83D8 /* Icon.png */ = {isa = PBXFileReference; lastKnownFileType = image.png; path = Icon.png; sourceTree = "<group>"; };
		1605836F153F80EE006D83D8 /* Icon-72.png */ = {isa = PBXFileReference; lastKnownFileType = image.png; name = "Icon-72.png"; path = "../Icon-72.png"; sourceTree = "<group>"; };
		16058370153F80EE006D83D8 /* Icon-Small-50.png */ = {isa = PBXFileReference; lastKnownFileType = image.png; name = "Icon-Small-50.png"; path = "../Icon-Small-50.png"; sourceTree = "<group>"; };
		16058371153F80EE006D83D8 /* Icon-Small.png */ = {isa = PBXFileReference; lastKnownFileType = image.png; name = "Icon-Small.png"; path = "../Icon-Small.png"; sourceTree = "<group>"; };
		16058372153F80EE006D83D8 /* Icon-Small@2x.png */ = {isa = PBXFileReference; lastKnownFileType = image.png; name = "Icon-Small@2x.png"; path = "../Icon-Small@2x.png"; sourceTree = "<group>"; };
		1610B0C615B5EF5A001A2D3A /* nutrition-details.png */ = {isa = PBXFileReference; lastKnownFileType = image.png; path = "nutrition-details.png"; sourceTree = "<group>"; };
		1610B0C715B5EF5A001A2D3A /* nutrition-details@2x .png */ = {isa = PBXFileReference; lastKnownFileType = image.png; path = "nutrition-details@2x .png"; sourceTree = "<group>"; };
		1610B0CA15B5EFA2001A2D3A /* ingredients-list.png */ = {isa = PBXFileReference; lastKnownFileType = image.png; path = "ingredients-list.png"; sourceTree = "<group>"; };
		1610B0CB15B5EFA2001A2D3A /* ingredients-list@2x.png */ = {isa = PBXFileReference; lastKnownFileType = image.png; path = "ingredients-list@2x.png"; sourceTree = "<group>"; };
		1615AB51151A9BD5006947DF /* CrashReporter.h */ = {isa = PBXFileReference; fileEncoding = 4; lastKnownFileType = sourcecode.c.h; path = CrashReporter.h; sourceTree = "<group>"; };
		1615AB52151A9BD5006947DF /* Crittercism.h */ = {isa = PBXFileReference; fileEncoding = 4; lastKnownFileType = sourcecode.c.h; path = Crittercism.h; sourceTree = "<group>"; };
		1615AB53151A9BD5006947DF /* CrittercismJSONKit.h */ = {isa = PBXFileReference; fileEncoding = 4; lastKnownFileType = sourcecode.c.h; path = CrittercismJSONKit.h; sourceTree = "<group>"; };
		1615AB54151A9BD5006947DF /* CrittercismReachability.h */ = {isa = PBXFileReference; fileEncoding = 4; lastKnownFileType = sourcecode.c.h; path = CrittercismReachability.h; sourceTree = "<group>"; };
		1615AB55151A9BD5006947DF /* libCrittercism_v3_1_4.a */ = {isa = PBXFileReference; lastKnownFileType = archive.ar; path = libCrittercism_v3_1_4.a; sourceTree = "<group>"; };
		1615AB56151A9BD5006947DF /* PLCrashAsync.h */ = {isa = PBXFileReference; fileEncoding = 4; lastKnownFileType = sourcecode.c.h; path = PLCrashAsync.h; sourceTree = "<group>"; };
		1615AB57151A9BD5006947DF /* PLCrashAsyncImage.h */ = {isa = PBXFileReference; fileEncoding = 4; lastKnownFileType = sourcecode.c.h; path = PLCrashAsyncImage.h; sourceTree = "<group>"; };
		1615AB58151A9BD5006947DF /* PLCrashAsyncSignalInfo.h */ = {isa = PBXFileReference; fileEncoding = 4; lastKnownFileType = sourcecode.c.h; path = PLCrashAsyncSignalInfo.h; sourceTree = "<group>"; };
		1615AB59151A9BD5006947DF /* PLCrashFrameWalker.h */ = {isa = PBXFileReference; fileEncoding = 4; lastKnownFileType = sourcecode.c.h; path = PLCrashFrameWalker.h; sourceTree = "<group>"; };
		1615AB5A151A9BD5006947DF /* PLCrashFrameWalker_arm.h */ = {isa = PBXFileReference; fileEncoding = 4; lastKnownFileType = sourcecode.c.h; path = PLCrashFrameWalker_arm.h; sourceTree = "<group>"; };
		1615AB5B151A9BD5006947DF /* PLCrashFrameWalker_i386.h */ = {isa = PBXFileReference; fileEncoding = 4; lastKnownFileType = sourcecode.c.h; path = PLCrashFrameWalker_i386.h; sourceTree = "<group>"; };
		1615AB5C151A9BD5006947DF /* PLCrashFrameWalker_ppc.h */ = {isa = PBXFileReference; fileEncoding = 4; lastKnownFileType = sourcecode.c.h; path = PLCrashFrameWalker_ppc.h; sourceTree = "<group>"; };
		1615AB5D151A9BD5006947DF /* PLCrashFrameWalker_x86_64.h */ = {isa = PBXFileReference; fileEncoding = 4; lastKnownFileType = sourcecode.c.h; path = PLCrashFrameWalker_x86_64.h; sourceTree = "<group>"; };
		1615AB5E151A9BD5006947DF /* PLCrashLogWriter.h */ = {isa = PBXFileReference; fileEncoding = 4; lastKnownFileType = sourcecode.c.h; path = PLCrashLogWriter.h; sourceTree = "<group>"; };
		1615AB5F151A9BD5006947DF /* PLCrashLogWriterEncoding.h */ = {isa = PBXFileReference; fileEncoding = 4; lastKnownFileType = sourcecode.c.h; path = PLCrashLogWriterEncoding.h; sourceTree = "<group>"; };
		1615AB60151A9BD5006947DF /* PLCrashReport.h */ = {isa = PBXFileReference; fileEncoding = 4; lastKnownFileType = sourcecode.c.h; path = PLCrashReport.h; sourceTree = "<group>"; };
		1615AB61151A9BD5006947DF /* PLCrashReportApplicationInfo.h */ = {isa = PBXFileReference; fileEncoding = 4; lastKnownFileType = sourcecode.c.h; path = PLCrashReportApplicationInfo.h; sourceTree = "<group>"; };
		1615AB62151A9BD5006947DF /* PLCrashReportBinaryImageInfo.h */ = {isa = PBXFileReference; fileEncoding = 4; lastKnownFileType = sourcecode.c.h; path = PLCrashReportBinaryImageInfo.h; sourceTree = "<group>"; };
		1615AB63151A9BD5006947DF /* PLCrashReporter.h */ = {isa = PBXFileReference; fileEncoding = 4; lastKnownFileType = sourcecode.c.h; path = PLCrashReporter.h; sourceTree = "<group>"; };
		1615AB64151A9BD5006947DF /* PLCrashReportExceptionInfo.h */ = {isa = PBXFileReference; fileEncoding = 4; lastKnownFileType = sourcecode.c.h; path = PLCrashReportExceptionInfo.h; sourceTree = "<group>"; };
		1615AB65151A9BD5006947DF /* PLCrashReportFormatter.h */ = {isa = PBXFileReference; fileEncoding = 4; lastKnownFileType = sourcecode.c.h; path = PLCrashReportFormatter.h; sourceTree = "<group>"; };
		1615AB66151A9BD5006947DF /* PLCrashReportMachineInfo.h */ = {isa = PBXFileReference; fileEncoding = 4; lastKnownFileType = sourcecode.c.h; path = PLCrashReportMachineInfo.h; sourceTree = "<group>"; };
		1615AB67151A9BD5006947DF /* PLCrashReportProcessInfo.h */ = {isa = PBXFileReference; fileEncoding = 4; lastKnownFileType = sourcecode.c.h; path = PLCrashReportProcessInfo.h; sourceTree = "<group>"; };
		1615AB68151A9BD5006947DF /* PLCrashReportProcessorInfo.h */ = {isa = PBXFileReference; fileEncoding = 4; lastKnownFileType = sourcecode.c.h; path = PLCrashReportProcessorInfo.h; sourceTree = "<group>"; };
		1615AB69151A9BD5006947DF /* PLCrashReportSignalInfo.h */ = {isa = PBXFileReference; fileEncoding = 4; lastKnownFileType = sourcecode.c.h; path = PLCrashReportSignalInfo.h; sourceTree = "<group>"; };
		1615AB6A151A9BD5006947DF /* PLCrashReportSystemInfo.h */ = {isa = PBXFileReference; fileEncoding = 4; lastKnownFileType = sourcecode.c.h; path = PLCrashReportSystemInfo.h; sourceTree = "<group>"; };
		1615AB6B151A9BD5006947DF /* PLCrashReportTextFormatter.h */ = {isa = PBXFileReference; fileEncoding = 4; lastKnownFileType = sourcecode.c.h; path = PLCrashReportTextFormatter.h; sourceTree = "<group>"; };
		1615AB6C151A9BD5006947DF /* PLCrashReportThreadInfo.h */ = {isa = PBXFileReference; fileEncoding = 4; lastKnownFileType = sourcecode.c.h; path = PLCrashReportThreadInfo.h; sourceTree = "<group>"; };
		1615AB6D151A9BD5006947DF /* PLCrashSignalHandler.h */ = {isa = PBXFileReference; fileEncoding = 4; lastKnownFileType = sourcecode.c.h; path = PLCrashSignalHandler.h; sourceTree = "<group>"; };
		1615AB6E151A9BD5006947DF /* PLCrashSysctl.h */ = {isa = PBXFileReference; fileEncoding = 4; lastKnownFileType = sourcecode.c.h; path = PLCrashSysctl.h; sourceTree = "<group>"; };
		1615AB71151A9BD5006947DF /* crittercism-arrow-l.png */ = {isa = PBXFileReference; lastKnownFileType = image.png; path = "crittercism-arrow-l.png"; sourceTree = "<group>"; };
		1615AB72151A9BD5006947DF /* crittercism-arrow-l@2x.png */ = {isa = PBXFileReference; lastKnownFileType = image.png; path = "crittercism-arrow-l@2x.png"; sourceTree = "<group>"; };
		1615AB73151A9BD5006947DF /* crittercism-arrow-left-gray-border.png */ = {isa = PBXFileReference; lastKnownFileType = image.png; path = "crittercism-arrow-left-gray-border.png"; sourceTree = "<group>"; };
		1615AB74151A9BD5006947DF /* crittercism-arrow-left-no-border.png */ = {isa = PBXFileReference; lastKnownFileType = image.png; path = "crittercism-arrow-left-no-border.png"; sourceTree = "<group>"; };
		1615AB75151A9BD5006947DF /* crittercism-arrow-left.png */ = {isa = PBXFileReference; lastKnownFileType = image.png; path = "crittercism-arrow-left.png"; sourceTree = "<group>"; };
		1615AB76151A9BD5006947DF /* crittercism-arrow-let-no-border.png */ = {isa = PBXFileReference; lastKnownFileType = image.png; path = "crittercism-arrow-let-no-border.png"; sourceTree = "<group>"; };
		1615AB77151A9BD5006947DF /* crittercism-arrow-r.png */ = {isa = PBXFileReference; lastKnownFileType = image.png; path = "crittercism-arrow-r.png"; sourceTree = "<group>"; };
		1615AB78151A9BD5006947DF /* crittercism-arrow-r@2x.png */ = {isa = PBXFileReference; lastKnownFileType = image.png; path = "crittercism-arrow-r@2x.png"; sourceTree = "<group>"; };
		1615AB79151A9BD5006947DF /* crittercism-arrow-right-green-border.png */ = {isa = PBXFileReference; lastKnownFileType = image.png; path = "crittercism-arrow-right-green-border.png"; sourceTree = "<group>"; };
		1615AB7A151A9BD5006947DF /* crittercism-arrow-right-no-border.png */ = {isa = PBXFileReference; lastKnownFileType = image.png; path = "crittercism-arrow-right-no-border.png"; sourceTree = "<group>"; };
		1615AB7B151A9BD5006947DF /* crittercism-avatar-default.png */ = {isa = PBXFileReference; lastKnownFileType = image.png; path = "crittercism-avatar-default.png"; sourceTree = "<group>"; };
		1615AB7C151A9BD5006947DF /* crittercism-avatar-us.png */ = {isa = PBXFileReference; lastKnownFileType = image.png; path = "crittercism-avatar-us.png"; sourceTree = "<group>"; };
		1615AB7D151A9BD5006947DF /* crittercism-bg-00.png */ = {isa = PBXFileReference; lastKnownFileType = image.png; path = "crittercism-bg-00.png"; sourceTree = "<group>"; };
		1615AB7E151A9BD5006947DF /* crittercism-bg-categorize-as.png */ = {isa = PBXFileReference; lastKnownFileType = image.png; path = "crittercism-bg-categorize-as.png"; sourceTree = "<group>"; };
		1615AB7F151A9BD5006947DF /* crittercism-bg-edit-form.png */ = {isa = PBXFileReference; lastKnownFileType = image.png; path = "crittercism-bg-edit-form.png"; sourceTree = "<group>"; };
		1615AB80151A9BD5006947DF /* crittercism-bg-edit-form@2x~iphone.png */ = {isa = PBXFileReference; lastKnownFileType = image.png; path = "crittercism-bg-edit-form@2x~iphone.png"; sourceTree = "<group>"; };
		1615AB81151A9BD5006947DF /* crittercism-bg-inactive-overlay.png */ = {isa = PBXFileReference; lastKnownFileType = image.png; path = "crittercism-bg-inactive-overlay.png"; sourceTree = "<group>"; };
		1615AB82151A9BD5006947DF /* crittercism-bg-reply-to.png */ = {isa = PBXFileReference; lastKnownFileType = image.png; path = "crittercism-bg-reply-to.png"; sourceTree = "<group>"; };
		1615AB83151A9BD5006947DF /* crittercism-btn-add-comment-sel.png */ = {isa = PBXFileReference; lastKnownFileType = image.png; path = "crittercism-btn-add-comment-sel.png"; sourceTree = "<group>"; };
		1615AB84151A9BD5006947DF /* crittercism-btn-add-comment.png */ = {isa = PBXFileReference; lastKnownFileType = image.png; path = "crittercism-btn-add-comment.png"; sourceTree = "<group>"; };
		1615AB85151A9BD5006947DF /* crittercism-btn-cancel.png */ = {isa = PBXFileReference; lastKnownFileType = image.png; path = "crittercism-btn-cancel.png"; sourceTree = "<group>"; };
		1615AB86151A9BD5006947DF /* crittercism-btn-close.png */ = {isa = PBXFileReference; lastKnownFileType = image.png; path = "crittercism-btn-close.png"; sourceTree = "<group>"; };
		1615AB87151A9BD5006947DF /* crittercism-btn-submit.png */ = {isa = PBXFileReference; lastKnownFileType = image.png; path = "crittercism-btn-submit.png"; sourceTree = "<group>"; };
		1615AB88151A9BD5006947DF /* crittercism-btn-thumbs-dn-default.png */ = {isa = PBXFileReference; lastKnownFileType = image.png; path = "crittercism-btn-thumbs-dn-default.png"; sourceTree = "<group>"; };
		1615AB89151A9BD5006947DF /* crittercism-btn-thumbs-dn-voted.png */ = {isa = PBXFileReference; lastKnownFileType = image.png; path = "crittercism-btn-thumbs-dn-voted.png"; sourceTree = "<group>"; };
		1615AB8A151A9BD5006947DF /* crittercism-btn-thumbs-up-default.png */ = {isa = PBXFileReference; lastKnownFileType = image.png; path = "crittercism-btn-thumbs-up-default.png"; sourceTree = "<group>"; };
		1615AB8B151A9BD5006947DF /* crittercism-btn-thumbs-up-pressed.png */ = {isa = PBXFileReference; lastKnownFileType = image.png; path = "crittercism-btn-thumbs-up-pressed.png"; sourceTree = "<group>"; };
		1615AB8C151A9BD5006947DF /* crittercism-btn-thumbs-up-pressed@2x.png */ = {isa = PBXFileReference; lastKnownFileType = image.png; path = "crittercism-btn-thumbs-up-pressed@2x.png"; sourceTree = "<group>"; };
		1615AB8D151A9BD5006947DF /* crittercism-btn-thumbs-up-voted.png */ = {isa = PBXFileReference; lastKnownFileType = image.png; path = "crittercism-btn-thumbs-up-voted.png"; sourceTree = "<group>"; };
		1615AB8E151A9BD5006947DF /* crittercism-btn-thumbs-up.png */ = {isa = PBXFileReference; lastKnownFileType = image.png; path = "crittercism-btn-thumbs-up.png"; sourceTree = "<group>"; };
		1615AB8F151A9BD5006947DF /* crittercism-btn-thumbs-up@2x.png */ = {isa = PBXFileReference; lastKnownFileType = image.png; path = "crittercism-btn-thumbs-up@2x.png"; sourceTree = "<group>"; };
		1615AB90151A9BD5006947DF /* crittercism-bug.png */ = {isa = PBXFileReference; lastKnownFileType = image.png; path = "crittercism-bug.png"; sourceTree = "<group>"; };
		1615AB91151A9BD5006947DF /* crittercism-checkbox-checked.png */ = {isa = PBXFileReference; lastKnownFileType = image.png; path = "crittercism-checkbox-checked.png"; sourceTree = "<group>"; };
		1615AB92151A9BD5006947DF /* crittercism-checkbox-unchecked.png */ = {isa = PBXFileReference; lastKnownFileType = image.png; path = "crittercism-checkbox-unchecked.png"; sourceTree = "<group>"; };
		1615AB93151A9BD5006947DF /* crittercism-dev-profile-halfsize.png */ = {isa = PBXFileReference; lastKnownFileType = image.png; path = "crittercism-dev-profile-halfsize.png"; sourceTree = "<group>"; };
		1615AB94151A9BD5006947DF /* crittercism-dev-profile-halfsize@2x.png */ = {isa = PBXFileReference; lastKnownFileType = image.png; path = "crittercism-dev-profile-halfsize@2x.png"; sourceTree = "<group>"; };
		1615AB95151A9BD5006947DF /* crittercism-feedback-forum-bg-gradient.png */ = {isa = PBXFileReference; lastKnownFileType = image.png; path = "crittercism-feedback-forum-bg-gradient.png"; sourceTree = "<group>"; };
		1615AB96151A9BD5006947DF /* crittercism-gray.png */ = {isa = PBXFileReference; lastKnownFileType = image.png; path = "crittercism-gray.png"; sourceTree = "<group>"; };
		1615AB97151A9BD5006947DF /* crittercism-green.png */ = {isa = PBXFileReference; lastKnownFileType = image.png; path = "crittercism-green.png"; sourceTree = "<group>"; };
		1615AB98151A9BD5006947DF /* crittercism-hamster-ftw.png */ = {isa = PBXFileReference; lastKnownFileType = image.png; path = "crittercism-hamster-ftw.png"; sourceTree = "<group>"; };
		1615AB99151A9BD5006947DF /* crittercism-hamster-twitter.png */ = {isa = PBXFileReference; lastKnownFileType = image.png; path = "crittercism-hamster-twitter.png"; sourceTree = "<group>"; };
		1615AB9A151A9BD5006947DF /* crittercism-hamster.png */ = {isa = PBXFileReference; lastKnownFileType = image.png; path = "crittercism-hamster.png"; sourceTree = "<group>"; };
		1615AB9B151A9BD5006947DF /* crittercism-icon-cat-idea.png */ = {isa = PBXFileReference; lastKnownFileType = image.png; path = "crittercism-icon-cat-idea.png"; sourceTree = "<group>"; };
		1615AB9C151A9BD5006947DF /* crittercism-icon-cat-idea@2x.png */ = {isa = PBXFileReference; lastKnownFileType = image.png; path = "crittercism-icon-cat-idea@2x.png"; sourceTree = "<group>"; };
		1615AB9D151A9BD5006947DF /* crittercism-icon-cat-love.png */ = {isa = PBXFileReference; lastKnownFileType = image.png; path = "crittercism-icon-cat-love.png"; sourceTree = "<group>"; };
		1615AB9E151A9BD5006947DF /* crittercism-icon-cat-love@2x.png */ = {isa = PBXFileReference; lastKnownFileType = image.png; path = "crittercism-icon-cat-love@2x.png"; sourceTree = "<group>"; };
		1615AB9F151A9BD5006947DF /* crittercism-icon-cat-problem.png */ = {isa = PBXFileReference; lastKnownFileType = image.png; path = "crittercism-icon-cat-problem.png"; sourceTree = "<group>"; };
		1615ABA0151A9BD5006947DF /* crittercism-icon-cat-problem@2x.png */ = {isa = PBXFileReference; lastKnownFileType = image.png; path = "crittercism-icon-cat-problem@2x.png"; sourceTree = "<group>"; };
		1615ABA1151A9BD5006947DF /* crittercism-icon-cat-question.png */ = {isa = PBXFileReference; lastKnownFileType = image.png; path = "crittercism-icon-cat-question.png"; sourceTree = "<group>"; };
		1615ABA2151A9BD5006947DF /* crittercism-icon-cat-question@2x.png */ = {isa = PBXFileReference; lastKnownFileType = image.png; path = "crittercism-icon-cat-question@2x.png"; sourceTree = "<group>"; };
		1615ABA3151A9BD5006947DF /* crittercism-icon-tab-01.png */ = {isa = PBXFileReference; lastKnownFileType = image.png; path = "crittercism-icon-tab-01.png"; sourceTree = "<group>"; };
		1615ABA4151A9BD5006947DF /* crittercism-idea.png */ = {isa = PBXFileReference; lastKnownFileType = image.png; path = "crittercism-idea.png"; sourceTree = "<group>"; };
		1615ABA5151A9BD5006947DF /* crittercism-love.png */ = {isa = PBXFileReference; lastKnownFileType = image.png; path = "crittercism-love.png"; sourceTree = "<group>"; };
		1615ABA6151A9BD5006947DF /* crittercism-other.png */ = {isa = PBXFileReference; lastKnownFileType = image.png; path = "crittercism-other.png"; sourceTree = "<group>"; };
		1615ABA7151A9BD5006947DF /* crittercism-question.png */ = {isa = PBXFileReference; lastKnownFileType = image.png; path = "crittercism-question.png"; sourceTree = "<group>"; };
		1615ABA8151A9BD5006947DF /* crittercism-tab-icon@1x~iphone.png */ = {isa = PBXFileReference; lastKnownFileType = image.png; path = "crittercism-tab-icon@1x~iphone.png"; sourceTree = "<group>"; };
		1615ABA9151A9BD5006947DF /* crittercism-tab-icon@2x~ipad.png */ = {isa = PBXFileReference; lastKnownFileType = image.png; path = "crittercism-tab-icon@2x~ipad.png"; sourceTree = "<group>"; };
		1615ABAA151A9BD5006947DF /* crittercism-title-bar.png */ = {isa = PBXFileReference; lastKnownFileType = image.png; path = "crittercism-title-bar.png"; sourceTree = "<group>"; };
		1615ABAB151A9BD5006947DF /* crittercism-user-arrow-l.png */ = {isa = PBXFileReference; lastKnownFileType = image.png; path = "crittercism-user-arrow-l.png"; sourceTree = "<group>"; };
		1615ABAC151A9BD5006947DF /* crittercism-user-arrow-l@2x.png */ = {isa = PBXFileReference; lastKnownFileType = image.png; path = "crittercism-user-arrow-l@2x.png"; sourceTree = "<group>"; };
		1615ABAD151A9BD5006947DF /* crittercism-user-profile-halfsize.png */ = {isa = PBXFileReference; lastKnownFileType = image.png; path = "crittercism-user-profile-halfsize.png"; sourceTree = "<group>"; };
		1615ABAE151A9BD5006947DF /* crittercism-user-profile.png */ = {isa = PBXFileReference; lastKnownFileType = image.png; path = "crittercism-user-profile.png"; sourceTree = "<group>"; };
		1615ABAF151A9BD5006947DF /* crittercism-user-profile@2x.png */ = {isa = PBXFileReference; lastKnownFileType = image.png; path = "crittercism-user-profile@2x.png"; sourceTree = "<group>"; };
		1615ABB0151A9BD5006947DF /* crittercism-votesLeftButton.png */ = {isa = PBXFileReference; lastKnownFileType = image.png; path = "crittercism-votesLeftButton.png"; sourceTree = "<group>"; };
		1615ABB1151A9BD5006947DF /* crittercism_icon.png */ = {isa = PBXFileReference; lastKnownFileType = image.png; path = crittercism_icon.png; sourceTree = "<group>"; };
		1615ABB3151A9BD5006947DF /* CrittercismAboutViewController.xib */ = {isa = PBXFileReference; fileEncoding = 4; lastKnownFileType = file.xib; path = CrittercismAboutViewController.xib; sourceTree = "<group>"; };
		1615ABB4151A9BD5006947DF /* CrittercismAddCommentViewController.xib */ = {isa = PBXFileReference; fileEncoding = 4; lastKnownFileType = file.xib; path = CrittercismAddCommentViewController.xib; sourceTree = "<group>"; };
		1615ABB5151A9BD5006947DF /* CrittercismAddViewController.xib */ = {isa = PBXFileReference; fileEncoding = 4; lastKnownFileType = file.xib; path = CrittercismAddViewController.xib; sourceTree = "<group>"; };
		1615ABB6151A9BD5006947DF /* CrittercismCell.xib */ = {isa = PBXFileReference; fileEncoding = 4; lastKnownFileType = file.xib; path = CrittercismCell.xib; sourceTree = "<group>"; };
		1615ABB7151A9BD5006947DF /* CrittercismDescriptionViewController.xib */ = {isa = PBXFileReference; fileEncoding = 4; lastKnownFileType = file.xib; path = CrittercismDescriptionViewController.xib; sourceTree = "<group>"; };
		1615ABB8151A9BD5006947DF /* CrittercismGridViewController.xib */ = {isa = PBXFileReference; fileEncoding = 4; lastKnownFileType = file.xib; path = CrittercismGridViewController.xib; sourceTree = "<group>"; };
		1615ABB9151A9BD5006947DF /* CrittercismRootViewController.xib */ = {isa = PBXFileReference; fileEncoding = 4; lastKnownFileType = file.xib; path = CrittercismRootViewController.xib; sourceTree = "<group>"; };
		1615ABBA151A9BD5006947DF /* CrittercismViewController.xib */ = {isa = PBXFileReference; fileEncoding = 4; lastKnownFileType = file.xib; path = CrittercismViewController.xib; sourceTree = "<group>"; };
		1615AC06151A9C03006947DF /* QuartzCore.framework */ = {isa = PBXFileReference; lastKnownFileType = wrapper.framework; name = QuartzCore.framework; path = System/Library/Frameworks/QuartzCore.framework; sourceTree = SDKROOT; };
		161A7E4B153F813A0023BF40 /* Icon@2x.png */ = {isa = PBXFileReference; lastKnownFileType = image.png; name = "Icon@2x.png"; path = "../Icon@2x.png"; sourceTree = "<group>"; };
		161E470F153F778A00C51C2B /* Vivaldi Italic.ttf */ = {isa = PBXFileReference; lastKnownFileType = file; path = "Vivaldi Italic.ttf"; sourceTree = "<group>"; };
		163C85A515BDCBA300FC8578 /* TDBadgedCell.h */ = {isa = PBXFileReference; fileEncoding = 4; lastKnownFileType = sourcecode.c.h; name = TDBadgedCell.h; path = "Grinnell-Menu-iOS/TDBadgedCell.h"; sourceTree = "<group>"; };
		163C85A615BDCBA300FC8578 /* TDBadgedCell.m */ = {isa = PBXFileReference; fileEncoding = 4; lastKnownFileType = sourcecode.c.objc; name = TDBadgedCell.m; path = "Grinnell-Menu-iOS/TDBadgedCell.m"; sourceTree = "<group>"; };
		163C861215C0AA9F00FC8578 /* datePicker_background.png */ = {isa = PBXFileReference; lastKnownFileType = image.png; path = datePicker_background.png; sourceTree = "<group>"; };
		163CF0F81544A90300B0397C /* iTunesArtwork */ = {isa = PBXFileReference; lastKnownFileType = file; path = iTunesArtwork; sourceTree = "<group>"; };
		1682E987153F818E0065F9FA /* glicious5.png */ = {isa = PBXFileReference; lastKnownFileType = image.png; path = glicious5.png; sourceTree = "<group>"; };
		1682E9911540CBDE0065F9FA /* glicious-banner-3.png */ = {isa = PBXFileReference; lastKnownFileType = image.png; path = "glicious-banner-3.png"; sourceTree = "<group>"; };
		1682E9921540CBDE0065F9FA /* glicious-banner1.png */ = {isa = PBXFileReference; lastKnownFileType = image.png; path = "glicious-banner1.png"; sourceTree = "<group>"; };
		1682E9931540CBDE0065F9FA /* glicious-banner2.png */ = {isa = PBXFileReference; lastKnownFileType = image.png; path = "glicious-banner2.png"; sourceTree = "<group>"; };
		1682E9941540CBDE0065F9FA /* glicious-banner4.png */ = {isa = PBXFileReference; lastKnownFileType = image.png; path = "glicious-banner4.png"; sourceTree = "<group>"; };
		1682E9951540CBDE0065F9FA /* glicious-banner5.png */ = {isa = PBXFileReference; lastKnownFileType = image.png; path = "glicious-banner5.png"; sourceTree = "<group>"; };
		1682E9961540CBDE0065F9FA /* glicious-banner6.png */ = {isa = PBXFileReference; lastKnownFileType = image.png; path = "glicious-banner6.png"; sourceTree = "<group>"; };
		1682E9971540CBDE0065F9FA /* glicious-banner7.png */ = {isa = PBXFileReference; lastKnownFileType = image.png; path = "glicious-banner7.png"; sourceTree = "<group>"; };
		168D0810152A2C6A005B690E /* FlurryAnalytics.h */ = {isa = PBXFileReference; fileEncoding = 4; lastKnownFileType = sourcecode.c.h; path = FlurryAnalytics.h; sourceTree = "<group>"; };
		168D0811152A2C6A005B690E /* libFlurryAnalytics.a */ = {isa = PBXFileReference; lastKnownFileType = archive.ar; path = libFlurryAnalytics.a; sourceTree = "<group>"; };
		16A83B35154678540097FCF2 /* MessageUI.framework */ = {isa = PBXFileReference; lastKnownFileType = wrapper.framework; name = MessageUI.framework; path = System/Library/Frameworks/MessageUI.framework; sourceTree = SDKROOT; };
		16BF1DF415CE214E00C4D9CA /* changeMeal.png */ = {isa = PBXFileReference; lastKnownFileType = image.png; path = changeMeal.png; sourceTree = "<group>"; };
		16BF1DF715CE29B800C4D9CA /* Calendar-Week.png */ = {isa = PBXFileReference; lastKnownFileType = image.png; path = "Calendar-Week.png"; sourceTree = "<group>"; };
		16FF360815C7058700C9DC09 /* red_textured_background.png */ = {isa = PBXFileReference; lastKnownFileType = image.png; path = red_textured_background.png; sourceTree = "<group>"; };
		16FF362115C72BC500C9DC09 /* Calendar-Day-of-Week.png */ = {isa = PBXFileReference; lastKnownFileType = image.png; path = "Calendar-Day-of-Week.png"; sourceTree = "<group>"; };
		16FF362215C72BC500C9DC09 /* Calendar-Day.png */ = {isa = PBXFileReference; lastKnownFileType = image.png; path = "Calendar-Day.png"; sourceTree = "<group>"; };
		16FF366415C769CB00C9DC09 /* splash.png */ = {isa = PBXFileReference; lastKnownFileType = image.png; path = splash.png; sourceTree = "<group>"; };
		16FF366615C76A2000C9DC09 /* Default.png */ = {isa = PBXFileReference; lastKnownFileType = image.png; path = Default.png; sourceTree = "<group>"; };
		16FF366815C7748500C9DC09 /* MBProgressHUD.h */ = {isa = PBXFileReference; fileEncoding = 4; lastKnownFileType = sourcecode.c.h; path = MBProgressHUD.h; sourceTree = "<group>"; };
		16FF366915C7748500C9DC09 /* MBProgressHUD.m */ = {isa = PBXFileReference; fileEncoding = 4; lastKnownFileType = sourcecode.c.objc; path = MBProgressHUD.m; sourceTree = "<group>"; };
		16FF368115C83F6900C9DC09 /* 37x-Checkmark.png */ = {isa = PBXFileReference; lastKnownFileType = image.png; path = "37x-Checkmark.png"; sourceTree = "<group>"; };
		16FF368215C83F6900C9DC09 /* 37x-Checkmark@2x.png */ = {isa = PBXFileReference; lastKnownFileType = image.png; path = "37x-Checkmark@2x.png"; sourceTree = "<group>"; };
		314CC43214EA0A410004F963 /* Reachability.h */ = {isa = PBXFileReference; fileEncoding = 4; lastKnownFileType = sourcecode.c.h; name = Reachability.h; path = "Grinnell-Menu-iOS/Reachability.h"; sourceTree = "<group>"; };
		314CC43314EA0A410004F963 /* Reachability.m */ = {isa = PBXFileReference; fileEncoding = 4; lastKnownFileType = sourcecode.c.objc; name = Reachability.m; path = "Grinnell-Menu-iOS/Reachability.m"; sourceTree = "<group>"; };
		314CC43514EA0B4A0004F963 /* SystemConfiguration.framework */ = {isa = PBXFileReference; lastKnownFileType = wrapper.framework; name = SystemConfiguration.framework; path = System/Library/Frameworks/SystemConfiguration.framework; sourceTree = SDKROOT; };
		87B46E9E146A3ED7001007BA /* Venue.h */ = {isa = PBXFileReference; fileEncoding = 4; lastKnownFileType = sourcecode.c.h; name = Venue.h; path = "Grinnell-Menu-iOS/Venue.h"; sourceTree = "<group>"; };
		87B46E9F146A3ED7001007BA /* Venue.m */ = {isa = PBXFileReference; fileEncoding = 4; lastKnownFileType = sourcecode.c.objc; name = Venue.m; path = "Grinnell-Menu-iOS/Venue.m"; sourceTree = "<group>"; };
		E1A0C52B145324460072BE76 /* Grinnell-Menu-iOS.app */ = {isa = PBXFileReference; explicitFileType = wrapper.application; includeInIndex = 0; path = "Grinnell-Menu-iOS.app"; sourceTree = BUILT_PRODUCTS_DIR; };
		E1A0C52F145324470072BE76 /* UIKit.framework */ = {isa = PBXFileReference; lastKnownFileType = wrapper.framework; name = UIKit.framework; path = System/Library/Frameworks/UIKit.framework; sourceTree = SDKROOT; };
		E1A0C531145324470072BE76 /* Foundation.framework */ = {isa = PBXFileReference; lastKnownFileType = wrapper.framework; name = Foundation.framework; path = System/Library/Frameworks/Foundation.framework; sourceTree = SDKROOT; };
		E1A0C533145324470072BE76 /* CoreGraphics.framework */ = {isa = PBXFileReference; lastKnownFileType = wrapper.framework; name = CoreGraphics.framework; path = System/Library/Frameworks/CoreGraphics.framework; sourceTree = SDKROOT; };
		E1A0C535145324470072BE76 /* CoreData.framework */ = {isa = PBXFileReference; lastKnownFileType = wrapper.framework; name = CoreData.framework; path = System/Library/Frameworks/CoreData.framework; sourceTree = SDKROOT; };
		E1A0C539145324470072BE76 /* Grinnell-Menu-iOS-Info.plist */ = {isa = PBXFileReference; lastKnownFileType = text.plist.xml; path = "Grinnell-Menu-iOS-Info.plist"; sourceTree = "<group>"; };
		E1A0C53B145324470072BE76 /* en */ = {isa = PBXFileReference; lastKnownFileType = text.plist.strings; name = en; path = en.lproj/InfoPlist.strings; sourceTree = "<group>"; };
		E1A0C53D145324470072BE76 /* Grinnell-Menu-iOS-Prefix.pch */ = {isa = PBXFileReference; lastKnownFileType = sourcecode.c.h; path = "Grinnell-Menu-iOS-Prefix.pch"; sourceTree = "<group>"; };
		E1A0C53E145324470072BE76 /* main.m */ = {isa = PBXFileReference; lastKnownFileType = sourcecode.c.objc; path = main.m; sourceTree = "<group>"; };
		E1A0C540145324470072BE76 /* Grinnell_Menu_iOSAppDelegate.h */ = {isa = PBXFileReference; lastKnownFileType = sourcecode.c.h; name = Grinnell_Menu_iOSAppDelegate.h; path = "Grinnell-Menu-iOS/Grinnell_Menu_iOSAppDelegate.h"; sourceTree = "<group>"; };
		E1A0C541145324470072BE76 /* Grinnell_Menu_iOSAppDelegate.m */ = {isa = PBXFileReference; lastKnownFileType = sourcecode.c.objc; name = Grinnell_Menu_iOSAppDelegate.m; path = "Grinnell-Menu-iOS/Grinnell_Menu_iOSAppDelegate.m"; sourceTree = "<group>"; };
		E1A0C547145324480072BE76 /* en */ = {isa = PBXFileReference; lastKnownFileType = file.xib; name = en; path = en.lproj/MainWindow.xib; sourceTree = "<group>"; };
		E1A0C549145324480072BE76 /* DatePickerViewController.h */ = {isa = PBXFileReference; explicitFileType = sourcecode.c.objc; path = DatePickerViewController.h; sourceTree = "<group>"; };
		E1A0C54A145324480072BE76 /* DatePickerViewController.m */ = {isa = PBXFileReference; lastKnownFileType = sourcecode.c.objc; path = DatePickerViewController.m; sourceTree = "<group>"; };
		E1A0C54D145324480072BE76 /* en */ = {isa = PBXFileReference; lastKnownFileType = file.xib; name = en; path = en.lproj/DatePickerViewController.xib; sourceTree = "<group>"; };
		E1A0C554145324480072BE76 /* Grinnell-Menu-iOSTests.octest */ = {isa = PBXFileReference; explicitFileType = wrapper.cfbundle; includeInIndex = 0; path = "Grinnell-Menu-iOSTests.octest"; sourceTree = BUILT_PRODUCTS_DIR; };
		E1A0C55D145324490072BE76 /* Grinnell-Menu-iOSTests-Info.plist */ = {isa = PBXFileReference; lastKnownFileType = text.plist.xml; path = "Grinnell-Menu-iOSTests-Info.plist"; sourceTree = "<group>"; };
		E1A0C55F145324490072BE76 /* en */ = {isa = PBXFileReference; lastKnownFileType = text.plist.strings; name = en; path = en.lproj/InfoPlist.strings; sourceTree = "<group>"; };
		E1A0C561145324490072BE76 /* Grinnell-Menu-iOSTests-Prefix.pch */ = {isa = PBXFileReference; lastKnownFileType = sourcecode.c.h; path = "Grinnell-Menu-iOSTests-Prefix.pch"; sourceTree = "<group>"; };
		E1A0C562145324490072BE76 /* Grinnell_Menu_iOSTests.h */ = {isa = PBXFileReference; lastKnownFileType = sourcecode.c.h; path = Grinnell_Menu_iOSTests.h; sourceTree = "<group>"; };
		E1A0C564145324490072BE76 /* Grinnell_Menu_iOSTests.m */ = {isa = PBXFileReference; lastKnownFileType = sourcecode.c.objc; path = Grinnell_Menu_iOSTests.m; sourceTree = "<group>"; };
		E1A0C576145326010072BE76 /* VenueViewController.h */ = {isa = PBXFileReference; fileEncoding = 4; lastKnownFileType = sourcecode.c.h; path = VenueViewController.h; sourceTree = "<group>"; };
		E1A0C577145326010072BE76 /* VenueViewController.m */ = {isa = PBXFileReference; fileEncoding = 4; lastKnownFileType = sourcecode.c.objc; path = VenueViewController.m; sourceTree = "<group>"; };
		E1A0C578145326010072BE76 /* VenueViewController.xib */ = {isa = PBXFileReference; fileEncoding = 4; lastKnownFileType = file.xib; path = VenueViewController.xib; sourceTree = "<group>"; };
		E1A0C57E1453270B0072BE76 /* SettingsViewController.h */ = {isa = PBXFileReference; fileEncoding = 4; lastKnownFileType = sourcecode.c.h; path = SettingsViewController.h; sourceTree = "<group>"; };
		E1A0C57F1453270B0072BE76 /* SettingsViewController.m */ = {isa = PBXFileReference; fileEncoding = 4; lastKnownFileType = sourcecode.c.objc; path = SettingsViewController.m; sourceTree = "<group>"; };
		E1A0C5801453270B0072BE76 /* SettingsViewController.xib */ = {isa = PBXFileReference; fileEncoding = 4; lastKnownFileType = file.xib; path = SettingsViewController.xib; sourceTree = "<group>"; };
		E1A806E7147853A500ABBDDA /* black-button.png */ = {isa = PBXFileReference; lastKnownFileType = image.png; path = "black-button.png"; sourceTree = "<group>"; };
		E1A806E9147853B900ABBDDA /* green-button.png */ = {isa = PBXFileReference; lastKnownFileType = image.png; path = "green-button.png"; sourceTree = "<group>"; };
		E1A806F31478569600ABBDDA /* DishViewController.h */ = {isa = PBXFileReference; fileEncoding = 4; lastKnownFileType = sourcecode.c.h; path = DishViewController.h; sourceTree = "<group>"; };
		E1A806F41478569600ABBDDA /* DishViewController.m */ = {isa = PBXFileReference; fileEncoding = 4; lastKnownFileType = sourcecode.c.objc; path = DishViewController.m; sourceTree = "<group>"; };
		E1A806F51478569600ABBDDA /* DishViewController.xib */ = {isa = PBXFileReference; fileEncoding = 4; lastKnownFileType = file.xib; path = DishViewController.xib; sourceTree = "<group>"; };
		E1DBA2FE145C922A0099E8CE /* Dish.h */ = {isa = PBXFileReference; fileEncoding = 4; lastKnownFileType = sourcecode.c.h; name = Dish.h; path = "Grinnell-Menu-iOS/Dish.h"; sourceTree = "<group>"; };
		E1DBA2FF145C922B0099E8CE /* Dish.m */ = {isa = PBXFileReference; fileEncoding = 4; lastKnownFileType = sourcecode.c.objc; name = Dish.m; path = "Grinnell-Menu-iOS/Dish.m"; sourceTree = "<group>"; };
/* End PBXFileReference section */

/* Begin PBXFrameworksBuildPhase section */
		E1A0C528145324460072BE76 /* Frameworks */ = {
			isa = PBXFrameworksBuildPhase;
			buildActionMask = 2147483647;
			files = (
				16A83B36154678550097FCF2 /* MessageUI.framework in Frameworks */,
				1615AC07151A9C03006947DF /* QuartzCore.framework in Frameworks */,
				314CC43614EA0B4A0004F963 /* SystemConfiguration.framework in Frameworks */,
				E1A0C530145324470072BE76 /* UIKit.framework in Frameworks */,
				E1A0C532145324470072BE76 /* Foundation.framework in Frameworks */,
				E1A0C534145324470072BE76 /* CoreGraphics.framework in Frameworks */,
				E1A0C536145324470072BE76 /* CoreData.framework in Frameworks */,
				1615ABBB151A9BD6006947DF /* libCrittercism_v3_1_4.a in Frameworks */,
				168D0812152A2C6A005B690E /* libFlurryAnalytics.a in Frameworks */,
			);
			runOnlyForDeploymentPostprocessing = 0;
		};
		E1A0C550145324480072BE76 /* Frameworks */ = {
			isa = PBXFrameworksBuildPhase;
			buildActionMask = 2147483647;
			files = (
				E1A0C555145324480072BE76 /* UIKit.framework in Frameworks */,
				E1A0C556145324480072BE76 /* Foundation.framework in Frameworks */,
				E1A0C557145324480072BE76 /* CoreGraphics.framework in Frameworks */,
				E1A0C558145324480072BE76 /* CoreData.framework in Frameworks */,
			);
			runOnlyForDeploymentPostprocessing = 0;
		};
/* End PBXFrameworksBuildPhase section */

/* Begin PBXGroup section */
		1615AB50151A9BD5006947DF /* CrittercismSDK */ = {
			isa = PBXGroup;
			children = (
				1615AB51151A9BD5006947DF /* CrashReporter.h */,
				1615AB52151A9BD5006947DF /* Crittercism.h */,
				1615AB53151A9BD5006947DF /* CrittercismJSONKit.h */,
				1615AB54151A9BD5006947DF /* CrittercismReachability.h */,
				1615AB55151A9BD5006947DF /* libCrittercism_v3_1_4.a */,
				1615AB56151A9BD5006947DF /* PLCrashAsync.h */,
				1615AB57151A9BD5006947DF /* PLCrashAsyncImage.h */,
				1615AB58151A9BD5006947DF /* PLCrashAsyncSignalInfo.h */,
				1615AB59151A9BD5006947DF /* PLCrashFrameWalker.h */,
				1615AB5A151A9BD5006947DF /* PLCrashFrameWalker_arm.h */,
				1615AB5B151A9BD5006947DF /* PLCrashFrameWalker_i386.h */,
				1615AB5C151A9BD5006947DF /* PLCrashFrameWalker_ppc.h */,
				1615AB5D151A9BD5006947DF /* PLCrashFrameWalker_x86_64.h */,
				1615AB5E151A9BD5006947DF /* PLCrashLogWriter.h */,
				1615AB5F151A9BD5006947DF /* PLCrashLogWriterEncoding.h */,
				1615AB60151A9BD5006947DF /* PLCrashReport.h */,
				1615AB61151A9BD5006947DF /* PLCrashReportApplicationInfo.h */,
				1615AB62151A9BD5006947DF /* PLCrashReportBinaryImageInfo.h */,
				1615AB63151A9BD5006947DF /* PLCrashReporter.h */,
				1615AB64151A9BD5006947DF /* PLCrashReportExceptionInfo.h */,
				1615AB65151A9BD5006947DF /* PLCrashReportFormatter.h */,
				1615AB66151A9BD5006947DF /* PLCrashReportMachineInfo.h */,
				1615AB67151A9BD5006947DF /* PLCrashReportProcessInfo.h */,
				1615AB68151A9BD5006947DF /* PLCrashReportProcessorInfo.h */,
				1615AB69151A9BD5006947DF /* PLCrashReportSignalInfo.h */,
				1615AB6A151A9BD5006947DF /* PLCrashReportSystemInfo.h */,
				1615AB6B151A9BD5006947DF /* PLCrashReportTextFormatter.h */,
				1615AB6C151A9BD5006947DF /* PLCrashReportThreadInfo.h */,
				1615AB6D151A9BD5006947DF /* PLCrashSignalHandler.h */,
				1615AB6E151A9BD5006947DF /* PLCrashSysctl.h */,
				1615AB6F151A9BD5006947DF /* Resources */,
			);
			path = CrittercismSDK;
			sourceTree = "<group>";
		};
		1615AB6F151A9BD5006947DF /* Resources */ = {
			isa = PBXGroup;
			children = (
				1615AB70151A9BD5006947DF /* Images */,
				1615ABB2151A9BD5006947DF /* Nibs */,
			);
			path = Resources;
			sourceTree = "<group>";
		};
		1615AB70151A9BD5006947DF /* Images */ = {
			isa = PBXGroup;
			children = (
				1615AB71151A9BD5006947DF /* crittercism-arrow-l.png */,
				1615AB72151A9BD5006947DF /* crittercism-arrow-l@2x.png */,
				1615AB73151A9BD5006947DF /* crittercism-arrow-left-gray-border.png */,
				1615AB74151A9BD5006947DF /* crittercism-arrow-left-no-border.png */,
				1615AB75151A9BD5006947DF /* crittercism-arrow-left.png */,
				1615AB76151A9BD5006947DF /* crittercism-arrow-let-no-border.png */,
				1615AB77151A9BD5006947DF /* crittercism-arrow-r.png */,
				1615AB78151A9BD5006947DF /* crittercism-arrow-r@2x.png */,
				1615AB79151A9BD5006947DF /* crittercism-arrow-right-green-border.png */,
				1615AB7A151A9BD5006947DF /* crittercism-arrow-right-no-border.png */,
				1615AB7B151A9BD5006947DF /* crittercism-avatar-default.png */,
				1615AB7C151A9BD5006947DF /* crittercism-avatar-us.png */,
				1615AB7D151A9BD5006947DF /* crittercism-bg-00.png */,
				1615AB7E151A9BD5006947DF /* crittercism-bg-categorize-as.png */,
				1615AB7F151A9BD5006947DF /* crittercism-bg-edit-form.png */,
				1615AB80151A9BD5006947DF /* crittercism-bg-edit-form@2x~iphone.png */,
				1615AB81151A9BD5006947DF /* crittercism-bg-inactive-overlay.png */,
				1615AB82151A9BD5006947DF /* crittercism-bg-reply-to.png */,
				1615AB83151A9BD5006947DF /* crittercism-btn-add-comment-sel.png */,
				1615AB84151A9BD5006947DF /* crittercism-btn-add-comment.png */,
				1615AB85151A9BD5006947DF /* crittercism-btn-cancel.png */,
				1615AB86151A9BD5006947DF /* crittercism-btn-close.png */,
				1615AB87151A9BD5006947DF /* crittercism-btn-submit.png */,
				1615AB88151A9BD5006947DF /* crittercism-btn-thumbs-dn-default.png */,
				1615AB89151A9BD5006947DF /* crittercism-btn-thumbs-dn-voted.png */,
				1615AB8A151A9BD5006947DF /* crittercism-btn-thumbs-up-default.png */,
				1615AB8B151A9BD5006947DF /* crittercism-btn-thumbs-up-pressed.png */,
				1615AB8C151A9BD5006947DF /* crittercism-btn-thumbs-up-pressed@2x.png */,
				1615AB8D151A9BD5006947DF /* crittercism-btn-thumbs-up-voted.png */,
				1615AB8E151A9BD5006947DF /* crittercism-btn-thumbs-up.png */,
				1615AB8F151A9BD5006947DF /* crittercism-btn-thumbs-up@2x.png */,
				1615AB90151A9BD5006947DF /* crittercism-bug.png */,
				1615AB91151A9BD5006947DF /* crittercism-checkbox-checked.png */,
				1615AB92151A9BD5006947DF /* crittercism-checkbox-unchecked.png */,
				1615AB93151A9BD5006947DF /* crittercism-dev-profile-halfsize.png */,
				1615AB94151A9BD5006947DF /* crittercism-dev-profile-halfsize@2x.png */,
				1615AB95151A9BD5006947DF /* crittercism-feedback-forum-bg-gradient.png */,
				1615AB96151A9BD5006947DF /* crittercism-gray.png */,
				1615AB97151A9BD5006947DF /* crittercism-green.png */,
				1615AB98151A9BD5006947DF /* crittercism-hamster-ftw.png */,
				1615AB99151A9BD5006947DF /* crittercism-hamster-twitter.png */,
				1615AB9A151A9BD5006947DF /* crittercism-hamster.png */,
				1615AB9B151A9BD5006947DF /* crittercism-icon-cat-idea.png */,
				1615AB9C151A9BD5006947DF /* crittercism-icon-cat-idea@2x.png */,
				1615AB9D151A9BD5006947DF /* crittercism-icon-cat-love.png */,
				1615AB9E151A9BD5006947DF /* crittercism-icon-cat-love@2x.png */,
				1615AB9F151A9BD5006947DF /* crittercism-icon-cat-problem.png */,
				1615ABA0151A9BD5006947DF /* crittercism-icon-cat-problem@2x.png */,
				1615ABA1151A9BD5006947DF /* crittercism-icon-cat-question.png */,
				1615ABA2151A9BD5006947DF /* crittercism-icon-cat-question@2x.png */,
				1615ABA3151A9BD5006947DF /* crittercism-icon-tab-01.png */,
				1615ABA4151A9BD5006947DF /* crittercism-idea.png */,
				1615ABA5151A9BD5006947DF /* crittercism-love.png */,
				1615ABA6151A9BD5006947DF /* crittercism-other.png */,
				1615ABA7151A9BD5006947DF /* crittercism-question.png */,
				1615ABA8151A9BD5006947DF /* crittercism-tab-icon@1x~iphone.png */,
				1615ABA9151A9BD5006947DF /* crittercism-tab-icon@2x~ipad.png */,
				1615ABAA151A9BD5006947DF /* crittercism-title-bar.png */,
				1615ABAB151A9BD5006947DF /* crittercism-user-arrow-l.png */,
				1615ABAC151A9BD5006947DF /* crittercism-user-arrow-l@2x.png */,
				1615ABAD151A9BD5006947DF /* crittercism-user-profile-halfsize.png */,
				1615ABAE151A9BD5006947DF /* crittercism-user-profile.png */,
				1615ABAF151A9BD5006947DF /* crittercism-user-profile@2x.png */,
				1615ABB0151A9BD5006947DF /* crittercism-votesLeftButton.png */,
				1615ABB1151A9BD5006947DF /* crittercism_icon.png */,
			);
			path = Images;
			sourceTree = "<group>";
		};
		1615ABB2151A9BD5006947DF /* Nibs */ = {
			isa = PBXGroup;
			children = (
				1615ABB3151A9BD5006947DF /* CrittercismAboutViewController.xib */,
				1615ABB4151A9BD5006947DF /* CrittercismAddCommentViewController.xib */,
				1615ABB5151A9BD5006947DF /* CrittercismAddViewController.xib */,
				1615ABB6151A9BD5006947DF /* CrittercismCell.xib */,
				1615ABB7151A9BD5006947DF /* CrittercismDescriptionViewController.xib */,
				1615ABB8151A9BD5006947DF /* CrittercismGridViewController.xib */,
				1615ABB9151A9BD5006947DF /* CrittercismRootViewController.xib */,
				1615ABBA151A9BD5006947DF /* CrittercismViewController.xib */,
			);
			path = Nibs;
			sourceTree = "<group>";
		};
		168D080F152A2C6A005B690E /* FlurryAnalytics */ = {
			isa = PBXGroup;
			children = (
				168D0810152A2C6A005B690E /* FlurryAnalytics.h */,
				168D0811152A2C6A005B690E /* libFlurryAnalytics.a */,
			);
			path = FlurryAnalytics;
			sourceTree = "<group>";
		};
		16FF361415C7087600C9DC09 /* Helper Classes */ = {
			isa = PBXGroup;
			children = (
				16FF366815C7748500C9DC09 /* MBProgressHUD.h */,
				16FF366915C7748500C9DC09 /* MBProgressHUD.m */,
				314CC43214EA0A410004F963 /* Reachability.h */,
				314CC43314EA0A410004F963 /* Reachability.m */,
				163C85A515BDCBA300FC8578 /* TDBadgedCell.h */,
				163C85A615BDCBA300FC8578 /* TDBadgedCell.m */,
				E1DBA2FE145C922A0099E8CE /* Dish.h */,
				E1DBA2FF145C922B0099E8CE /* Dish.m */,
				87B46E9E146A3ED7001007BA /* Venue.h */,
				87B46E9F146A3ED7001007BA /* Venue.m */,
			);
			name = "Helper Classes";
			sourceTree = "<group>";
		};
		16FF361615C708BB00C9DC09 /* AppDelegate */ = {
			isa = PBXGroup;
			children = (
				E1A0C540145324470072BE76 /* Grinnell_Menu_iOSAppDelegate.h */,
				E1A0C541145324470072BE76 /* Grinnell_Menu_iOSAppDelegate.m */,
				E1A0C546145324480072BE76 /* MainWindow.xib */,
			);
			name = AppDelegate;
			sourceTree = "<group>";
		};
		E1A0C520145324450072BE76 = {
			isa = PBXGroup;
			children = (
				16FF366615C76A2000C9DC09 /* Default.png */,
				E1AE39CF148730620078DC40 /* Assets */,
				16FF361615C708BB00C9DC09 /* AppDelegate */,
				16FF361415C7087600C9DC09 /* Helper Classes */,
				E1A0C537145324470072BE76 /* Grinnell-Menu-iOS */,
				E1A0C55B145324480072BE76 /* Grinnell-Menu-iOSTests */,
				E1A0C52E145324460072BE76 /* Frameworks */,
				E1A0C52C145324460072BE76 /* Products */,
			);
			sourceTree = "<group>";
		};
		E1A0C52C145324460072BE76 /* Products */ = {
			isa = PBXGroup;
			children = (
				E1A0C52B145324460072BE76 /* Grinnell-Menu-iOS.app */,
				E1A0C554145324480072BE76 /* Grinnell-Menu-iOSTests.octest */,
			);
			name = Products;
			sourceTree = "<group>";
		};
		E1A0C52E145324460072BE76 /* Frameworks */ = {
			isa = PBXGroup;
			children = (
				16A83B35154678540097FCF2 /* MessageUI.framework */,
				1615AC06151A9C03006947DF /* QuartzCore.framework */,
				314CC43514EA0B4A0004F963 /* SystemConfiguration.framework */,
				E1A0C52F145324470072BE76 /* UIKit.framework */,
				E1A0C531145324470072BE76 /* Foundation.framework */,
				E1A0C533145324470072BE76 /* CoreGraphics.framework */,
				E1A0C535145324470072BE76 /* CoreData.framework */,
			);
			name = Frameworks;
			sourceTree = "<group>";
		};
		E1A0C537145324470072BE76 /* Grinnell-Menu-iOS */ = {
			isa = PBXGroup;
			children = (
				E1A0C549145324480072BE76 /* DatePickerViewController.h */,
				E1A0C54A145324480072BE76 /* DatePickerViewController.m */,
				E1A0C54C145324480072BE76 /* DatePickerViewController.xib */,
				E1A0C576145326010072BE76 /* VenueViewController.h */,
				E1A0C577145326010072BE76 /* VenueViewController.m */,
				E1A0C578145326010072BE76 /* VenueViewController.xib */,
				E1A0C57E1453270B0072BE76 /* SettingsViewController.h */,
				E1A0C57F1453270B0072BE76 /* SettingsViewController.m */,
				E1A0C5801453270B0072BE76 /* SettingsViewController.xib */,
				E1A806F31478569600ABBDDA /* DishViewController.h */,
				E1A806F41478569600ABBDDA /* DishViewController.m */,
				E1A806F51478569600ABBDDA /* DishViewController.xib */,
				168D080F152A2C6A005B690E /* FlurryAnalytics */,
				1615AB50151A9BD5006947DF /* CrittercismSDK */,
				E1A0C538145324470072BE76 /* Supporting Files */,
			);
			path = "Grinnell-Menu-iOS";
			sourceTree = "<group>";
		};
		E1A0C538145324470072BE76 /* Supporting Files */ = {
			isa = PBXGroup;
			children = (
				161E470F153F778A00C51C2B /* Vivaldi Italic.ttf */,
				E1A0C539145324470072BE76 /* Grinnell-Menu-iOS-Info.plist */,
				E1A0C53A145324470072BE76 /* InfoPlist.strings */,
				E1A0C53D145324470072BE76 /* Grinnell-Menu-iOS-Prefix.pch */,
				E1A0C53E145324470072BE76 /* main.m */,
			);
			name = "Supporting Files";
			sourceTree = "<group>";
		};
		E1A0C55B145324480072BE76 /* Grinnell-Menu-iOSTests */ = {
			isa = PBXGroup;
			children = (
				E1A0C562145324490072BE76 /* Grinnell_Menu_iOSTests.h */,
				E1A0C564145324490072BE76 /* Grinnell_Menu_iOSTests.m */,
				E1A0C55C145324490072BE76 /* Supporting Files */,
			);
			path = "Grinnell-Menu-iOSTests";
			sourceTree = "<group>";
		};
		E1A0C55C145324490072BE76 /* Supporting Files */ = {
			isa = PBXGroup;
			children = (
				E1A0C55D145324490072BE76 /* Grinnell-Menu-iOSTests-Info.plist */,
				E1A0C55E145324490072BE76 /* InfoPlist.strings */,
				E1A0C561145324490072BE76 /* Grinnell-Menu-iOSTests-Prefix.pch */,
			);
			name = "Supporting Files";
			sourceTree = "<group>";
		};
		E1AE39CF148730620078DC40 /* Assets */ = {
			isa = PBXGroup;
			children = (
				16FF368115C83F6900C9DC09 /* 37x-Checkmark.png */,
				16FF368215C83F6900C9DC09 /* 37x-Checkmark@2x.png */,
				16FF366415C769CB00C9DC09 /* splash.png */,
				16FF362115C72BC500C9DC09 /* Calendar-Day-of-Week.png */,
				16FF362215C72BC500C9DC09 /* Calendar-Day.png */,
				16FF360815C7058700C9DC09 /* red_textured_background.png */,
				163C861215C0AA9F00FC8578 /* datePicker_background.png */,
				1610B0CA15B5EFA2001A2D3A /* ingredients-list.png */,
				1610B0CB15B5EFA2001A2D3A /* ingredients-list@2x.png */,
				1610B0C615B5EF5A001A2D3A /* nutrition-details.png */,
				1610B0C715B5EF5A001A2D3A /* nutrition-details@2x .png */,
				E1A806E7147853A500ABBDDA /* black-button.png */,
				E1A806E9147853B900ABBDDA /* green-button.png */,
				163CF0F81544A90300B0397C /* iTunesArtwork */,
				16058369153F7E88006D83D8 /* Icon.png */,
				1605836F153F80EE006D83D8 /* Icon-72.png */,
				16058370153F80EE006D83D8 /* Icon-Small-50.png */,
				16058371153F80EE006D83D8 /* Icon-Small.png */,
				16058372153F80EE006D83D8 /* Icon-Small@2x.png */,
				161A7E4B153F813A0023BF40 /* Icon@2x.png */,
				1682E987153F818E0065F9FA /* glicious5.png */,
				1682E9911540CBDE0065F9FA /* glicious-banner-3.png */,
				1682E9921540CBDE0065F9FA /* glicious-banner1.png */,
				1682E9931540CBDE0065F9FA /* glicious-banner2.png */,
				1682E9941540CBDE0065F9FA /* glicious-banner4.png */,
				1682E9951540CBDE0065F9FA /* glicious-banner5.png */,
				1682E9961540CBDE0065F9FA /* glicious-banner6.png */,
				1682E9971540CBDE0065F9FA /* glicious-banner7.png */,
				16BF1DF415CE214E00C4D9CA /* changeMeal.png */,
				16BF1DF715CE29B800C4D9CA /* Calendar-Week.png */,
			);
			name = Assets;
			path = "Grinnell-Menu-iOS";
			sourceTree = "<group>";
		};
/* End PBXGroup section */

/* Begin PBXNativeTarget section */
		E1A0C52A145324460072BE76 /* Grinnell-Menu-iOS */ = {
			isa = PBXNativeTarget;
			buildConfigurationList = E1A0C568145324490072BE76 /* Build configuration list for PBXNativeTarget "Grinnell-Menu-iOS" */;
			buildPhases = (
				E1A0C527145324460072BE76 /* Sources */,
				E1A0C528145324460072BE76 /* Frameworks */,
				E1A0C529145324460072BE76 /* Resources */,
			);
			buildRules = (
			);
			dependencies = (
			);
			name = "Grinnell-Menu-iOS";
			productName = "Grinnell-Menu-iOS";
			productReference = E1A0C52B145324460072BE76 /* Grinnell-Menu-iOS.app */;
			productType = "com.apple.product-type.application";
		};
		E1A0C553145324480072BE76 /* Grinnell-Menu-iOSTests */ = {
			isa = PBXNativeTarget;
			buildConfigurationList = E1A0C56B145324490072BE76 /* Build configuration list for PBXNativeTarget "Grinnell-Menu-iOSTests" */;
			buildPhases = (
				E1A0C54F145324480072BE76 /* Sources */,
				E1A0C550145324480072BE76 /* Frameworks */,
				E1A0C551145324480072BE76 /* Resources */,
				E1A0C552145324480072BE76 /* ShellScript */,
			);
			buildRules = (
			);
			dependencies = (
				E1A0C55A145324480072BE76 /* PBXTargetDependency */,
			);
			name = "Grinnell-Menu-iOSTests";
			productName = "Grinnell-Menu-iOSTests";
			productReference = E1A0C554145324480072BE76 /* Grinnell-Menu-iOSTests.octest */;
			productType = "com.apple.product-type.bundle";
		};
/* End PBXNativeTarget section */

/* Begin PBXProject section */
		E1A0C522145324450072BE76 /* Project object */ = {
			isa = PBXProject;
			attributes = {
				LastUpgradeCheck = 0440;
			};
			buildConfigurationList = E1A0C525145324460072BE76 /* Build configuration list for PBXProject "Grinnell-Menu-iOS" */;
			compatibilityVersion = "Xcode 3.2";
			developmentRegion = English;
			hasScannedForEncodings = 0;
			knownRegions = (
				en,
			);
			mainGroup = E1A0C520145324450072BE76;
			productRefGroup = E1A0C52C145324460072BE76 /* Products */;
			projectDirPath = "";
			projectRoot = "";
			targets = (
				E1A0C52A145324460072BE76 /* Grinnell-Menu-iOS */,
				E1A0C553145324480072BE76 /* Grinnell-Menu-iOSTests */,
			);
		};
/* End PBXProject section */

/* Begin PBXResourcesBuildPhase section */
		E1A0C529145324460072BE76 /* Resources */ = {
			isa = PBXResourcesBuildPhase;
			buildActionMask = 2147483647;
			files = (
				161A7E4C153F813A0023BF40 /* Icon@2x.png in Resources */,
				16058373153F80EE006D83D8 /* Icon-72.png in Resources */,
				16058374153F80EE006D83D8 /* Icon-Small-50.png in Resources */,
				16058375153F80EE006D83D8 /* Icon-Small.png in Resources */,
				16058376153F80EE006D83D8 /* Icon-Small@2x.png in Resources */,
				E1A0C53C145324470072BE76 /* InfoPlist.strings in Resources */,
				E1A0C548145324480072BE76 /* MainWindow.xib in Resources */,
				E1A0C54E145324480072BE76 /* DatePickerViewController.xib in Resources */,
				E1A0C57A145326010072BE76 /* VenueViewController.xib in Resources */,
				E1A0C58A1453270D0072BE76 /* SettingsViewController.xib in Resources */,
				E1A806E8147853A500ABBDDA /* black-button.png in Resources */,
				E1A806EA147853B900ABBDDA /* green-button.png in Resources */,
				E1A806F71478569700ABBDDA /* DishViewController.xib in Resources */,
				1615ABBC151A9BD6006947DF /* crittercism-arrow-l.png in Resources */,
				1615ABBD151A9BD6006947DF /* crittercism-arrow-l@2x.png in Resources */,
				1615ABBE151A9BD6006947DF /* crittercism-arrow-left-gray-border.png in Resources */,
				1615ABBF151A9BD6006947DF /* crittercism-arrow-left-no-border.png in Resources */,
				1615ABC0151A9BD6006947DF /* crittercism-arrow-left.png in Resources */,
				1615ABC1151A9BD6006947DF /* crittercism-arrow-let-no-border.png in Resources */,
				1615ABC2151A9BD6006947DF /* crittercism-arrow-r.png in Resources */,
				1615ABC3151A9BD6006947DF /* crittercism-arrow-r@2x.png in Resources */,
				1615ABC4151A9BD6006947DF /* crittercism-arrow-right-green-border.png in Resources */,
				1615ABC5151A9BD6006947DF /* crittercism-arrow-right-no-border.png in Resources */,
				1615ABC6151A9BD6006947DF /* crittercism-avatar-default.png in Resources */,
				1615ABC7151A9BD6006947DF /* crittercism-avatar-us.png in Resources */,
				1615ABC8151A9BD6006947DF /* crittercism-bg-00.png in Resources */,
				1615ABC9151A9BD6006947DF /* crittercism-bg-categorize-as.png in Resources */,
				1615ABCA151A9BD6006947DF /* crittercism-bg-edit-form.png in Resources */,
				1615ABCB151A9BD6006947DF /* crittercism-bg-edit-form@2x~iphone.png in Resources */,
				1615ABCC151A9BD6006947DF /* crittercism-bg-inactive-overlay.png in Resources */,
				1615ABCD151A9BD6006947DF /* crittercism-bg-reply-to.png in Resources */,
				1615ABCE151A9BD6006947DF /* crittercism-btn-add-comment-sel.png in Resources */,
				1615ABCF151A9BD6006947DF /* crittercism-btn-add-comment.png in Resources */,
				1615ABD0151A9BD6006947DF /* crittercism-btn-cancel.png in Resources */,
				1615ABD1151A9BD6006947DF /* crittercism-btn-close.png in Resources */,
				1615ABD2151A9BD6006947DF /* crittercism-btn-submit.png in Resources */,
				1615ABD3151A9BD6006947DF /* crittercism-btn-thumbs-dn-default.png in Resources */,
				1615ABD4151A9BD6006947DF /* crittercism-btn-thumbs-dn-voted.png in Resources */,
				1615ABD5151A9BD6006947DF /* crittercism-btn-thumbs-up-default.png in Resources */,
				1615ABD6151A9BD6006947DF /* crittercism-btn-thumbs-up-pressed.png in Resources */,
				1615ABD7151A9BD6006947DF /* crittercism-btn-thumbs-up-pressed@2x.png in Resources */,
				1615ABD8151A9BD6006947DF /* crittercism-btn-thumbs-up-voted.png in Resources */,
				1615ABD9151A9BD6006947DF /* crittercism-btn-thumbs-up.png in Resources */,
				1615ABDA151A9BD6006947DF /* crittercism-btn-thumbs-up@2x.png in Resources */,
				1615ABDB151A9BD6006947DF /* crittercism-bug.png in Resources */,
				1615ABDC151A9BD6006947DF /* crittercism-checkbox-checked.png in Resources */,
				1615ABDD151A9BD6006947DF /* crittercism-checkbox-unchecked.png in Resources */,
				1615ABDE151A9BD6006947DF /* crittercism-dev-profile-halfsize.png in Resources */,
				1615ABDF151A9BD6006947DF /* crittercism-dev-profile-halfsize@2x.png in Resources */,
				1615ABE0151A9BD6006947DF /* crittercism-feedback-forum-bg-gradient.png in Resources */,
				1615ABE1151A9BD6006947DF /* crittercism-gray.png in Resources */,
				1615ABE2151A9BD6006947DF /* crittercism-green.png in Resources */,
				1615ABE3151A9BD6006947DF /* crittercism-hamster-ftw.png in Resources */,
				1615ABE4151A9BD6006947DF /* crittercism-hamster-twitter.png in Resources */,
				1615ABE5151A9BD6006947DF /* crittercism-hamster.png in Resources */,
				1615ABE6151A9BD6006947DF /* crittercism-icon-cat-idea.png in Resources */,
				1615ABE7151A9BD6006947DF /* crittercism-icon-cat-idea@2x.png in Resources */,
				1615ABE8151A9BD6006947DF /* crittercism-icon-cat-love.png in Resources */,
				1615ABE9151A9BD6006947DF /* crittercism-icon-cat-love@2x.png in Resources */,
				1615ABEA151A9BD6006947DF /* crittercism-icon-cat-problem.png in Resources */,
				1615ABEB151A9BD6006947DF /* crittercism-icon-cat-problem@2x.png in Resources */,
				1615ABEC151A9BD6006947DF /* crittercism-icon-cat-question.png in Resources */,
				1615ABED151A9BD6006947DF /* crittercism-icon-cat-question@2x.png in Resources */,
				1615ABEE151A9BD6006947DF /* crittercism-icon-tab-01.png in Resources */,
				1615ABEF151A9BD6006947DF /* crittercism-idea.png in Resources */,
				1615ABF0151A9BD6006947DF /* crittercism-love.png in Resources */,
				1615ABF1151A9BD6006947DF /* crittercism-other.png in Resources */,
				1615ABF2151A9BD6006947DF /* crittercism-question.png in Resources */,
				1615ABF3151A9BD6006947DF /* crittercism-tab-icon@1x~iphone.png in Resources */,
				1615ABF4151A9BD6006947DF /* crittercism-tab-icon@2x~ipad.png in Resources */,
				1615ABF5151A9BD6006947DF /* crittercism-title-bar.png in Resources */,
				1615ABF6151A9BD6006947DF /* crittercism-user-arrow-l.png in Resources */,
				1615ABF7151A9BD6006947DF /* crittercism-user-arrow-l@2x.png in Resources */,
				1615ABF8151A9BD6006947DF /* crittercism-user-profile-halfsize.png in Resources */,
				1615ABF9151A9BD6006947DF /* crittercism-user-profile.png in Resources */,
				1615ABFA151A9BD6006947DF /* crittercism-user-profile@2x.png in Resources */,
				1615ABFB151A9BD6006947DF /* crittercism-votesLeftButton.png in Resources */,
				1615ABFC151A9BD6006947DF /* crittercism_icon.png in Resources */,
				1615ABFD151A9BD6006947DF /* CrittercismAboutViewController.xib in Resources */,
				1615ABFE151A9BD6006947DF /* CrittercismAddCommentViewController.xib in Resources */,
				1615ABFF151A9BD6006947DF /* CrittercismAddViewController.xib in Resources */,
				1615AC00151A9BD6006947DF /* CrittercismCell.xib in Resources */,
				1615AC01151A9BD6006947DF /* CrittercismDescriptionViewController.xib in Resources */,
				1615AC02151A9BD6006947DF /* CrittercismGridViewController.xib in Resources */,
				1615AC03151A9BD6006947DF /* CrittercismRootViewController.xib in Resources */,
				1615AC04151A9BD6006947DF /* CrittercismViewController.xib in Resources */,
				161E4710153F778A00C51C2B /* Vivaldi Italic.ttf in Resources */,
				1605836A153F7E88006D83D8 /* Icon.png in Resources */,
				1682E988153F818E0065F9FA /* glicious5.png in Resources */,
				1682E9981540CBDE0065F9FA /* glicious-banner-3.png in Resources */,
				1682E9991540CBDE0065F9FA /* glicious-banner1.png in Resources */,
				1682E99A1540CBDE0065F9FA /* glicious-banner2.png in Resources */,
				1682E99B1540CBDE0065F9FA /* glicious-banner4.png in Resources */,
				1682E99C1540CBDE0065F9FA /* glicious-banner5.png in Resources */,
				1682E99D1540CBDE0065F9FA /* glicious-banner6.png in Resources */,
				1682E99E1540CBDE0065F9FA /* glicious-banner7.png in Resources */,
				163CF0F91544A90300B0397C /* iTunesArtwork in Resources */,
				1610B0C815B5EF5A001A2D3A /* nutrition-details.png in Resources */,
				1610B0C915B5EF5A001A2D3A /* nutrition-details@2x .png in Resources */,
				1610B0CC15B5EFA2001A2D3A /* ingredients-list.png in Resources */,
				1610B0CD15B5EFA2001A2D3A /* ingredients-list@2x.png in Resources */,
				163C861315C0AA9F00FC8578 /* datePicker_background.png in Resources */,
				16FF360915C7058700C9DC09 /* red_textured_background.png in Resources */,
				16FF362415C72BC500C9DC09 /* Calendar-Day-of-Week.png in Resources */,
				16FF362515C72BC500C9DC09 /* Calendar-Day.png in Resources */,
				16FF366515C769CB00C9DC09 /* splash.png in Resources */,
				16FF366715C76A2100C9DC09 /* Default.png in Resources */,
				16FF368315C83F6900C9DC09 /* 37x-Checkmark.png in Resources */,
				16FF368415C83F6900C9DC09 /* 37x-Checkmark@2x.png in Resources */,
				16BF1DF515CE214E00C4D9CA /* changeMeal.png in Resources */,
				16BF1DF815CE29B800C4D9CA /* Calendar-Week.png in Resources */,
			);
			runOnlyForDeploymentPostprocessing = 0;
		};
		E1A0C551145324480072BE76 /* Resources */ = {
			isa = PBXResourcesBuildPhase;
			buildActionMask = 2147483647;
			files = (
				E1A0C560145324490072BE76 /* InfoPlist.strings in Resources */,
				E1A0C563145324490072BE76 /* Grinnell_Menu_iOSTests.h in Resources */,
			);
			runOnlyForDeploymentPostprocessing = 0;
		};
/* End PBXResourcesBuildPhase section */

/* Begin PBXShellScriptBuildPhase section */
		E1A0C552145324480072BE76 /* ShellScript */ = {
			isa = PBXShellScriptBuildPhase;
			buildActionMask = 2147483647;
			files = (
			);
			inputPaths = (
			);
			outputPaths = (
			);
			runOnlyForDeploymentPostprocessing = 0;
			shellPath = /bin/sh;
			shellScript = "# Run the unit tests in this test bundle.\n\"${SYSTEM_DEVELOPER_DIR}/Tools/RunUnitTests\"\n";
		};
/* End PBXShellScriptBuildPhase section */

/* Begin PBXSourcesBuildPhase section */
		E1A0C527145324460072BE76 /* Sources */ = {
			isa = PBXSourcesBuildPhase;
			buildActionMask = 2147483647;
			files = (
				163C85A815BDCD6700FC8578 /* TDBadgedCell.m in Sources */,
				E1A0C53F145324470072BE76 /* main.m in Sources */,
				E1A0C542145324470072BE76 /* Grinnell_Menu_iOSAppDelegate.m in Sources */,
				E1A0C54B145324480072BE76 /* DatePickerViewController.m in Sources */,
				E1A0C579145326010072BE76 /* VenueViewController.m in Sources */,
				E1A0C5891453270D0072BE76 /* SettingsViewController.m in Sources */,
				E1DBA300145C922C0099E8CE /* Dish.m in Sources */,
				87B46EA0146A3ED7001007BA /* Venue.m in Sources */,
				E1A806F61478569700ABBDDA /* DishViewController.m in Sources */,
				314CC43414EA0A410004F963 /* Reachability.m in Sources */,
				16FF367215C7789C00C9DC09 /* MBProgressHUD.m in Sources */,
				16FF367815C7953900C9DC09 /* DatePickerViewController.h in Sources */,
			);
			runOnlyForDeploymentPostprocessing = 0;
		};
		E1A0C54F145324480072BE76 /* Sources */ = {
			isa = PBXSourcesBuildPhase;
			buildActionMask = 2147483647;
			files = (
				E1A0C565145324490072BE76 /* Grinnell_Menu_iOSTests.m in Sources */,
				163C85A715BDCBA400FC8578 /* TDBadgedCell.m in Sources */,
				16FF366A15C7748500C9DC09 /* MBProgressHUD.m in Sources */,
			);
			runOnlyForDeploymentPostprocessing = 0;
		};
/* End PBXSourcesBuildPhase section */

/* Begin PBXTargetDependency section */
		E1A0C55A145324480072BE76 /* PBXTargetDependency */ = {
			isa = PBXTargetDependency;
			target = E1A0C52A145324460072BE76 /* Grinnell-Menu-iOS */;
			targetProxy = E1A0C559145324480072BE76 /* PBXContainerItemProxy */;
		};
/* End PBXTargetDependency section */

/* Begin PBXVariantGroup section */
		E1A0C53A145324470072BE76 /* InfoPlist.strings */ = {
			isa = PBXVariantGroup;
			children = (
				E1A0C53B145324470072BE76 /* en */,
			);
			name = InfoPlist.strings;
			sourceTree = "<group>";
		};
		E1A0C546145324480072BE76 /* MainWindow.xib */ = {
			isa = PBXVariantGroup;
			children = (
				E1A0C547145324480072BE76 /* en */,
			);
			name = MainWindow.xib;
			path = "Grinnell-Menu-iOS";
			sourceTree = "<group>";
		};
		E1A0C54C145324480072BE76 /* DatePickerViewController.xib */ = {
			isa = PBXVariantGroup;
			children = (
				E1A0C54D145324480072BE76 /* en */,
			);
			name = DatePickerViewController.xib;
			sourceTree = "<group>";
		};
		E1A0C55E145324490072BE76 /* InfoPlist.strings */ = {
			isa = PBXVariantGroup;
			children = (
				E1A0C55F145324490072BE76 /* en */,
			);
			name = InfoPlist.strings;
			sourceTree = "<group>";
		};
/* End PBXVariantGroup section */

/* Begin XCBuildConfiguration section */
		163CF0F31544A2FD00B0397C /* Ad hoc Distribution */ = {
			isa = XCBuildConfiguration;
			buildSettings = {
				ARCHS = "$(ARCHS_STANDARD_32_BIT)";
				CLANG_ENABLE_OBJC_ARC = YES;
				CLANG_WARN_OBJCPP_ARC_ABI = YES;
				CODE_SIGN_IDENTITY = "iPhone Developer: Maijid Moujaled (KLAZ34BHQN)";
				"CODE_SIGN_IDENTITY[sdk=iphoneos*]" = "";
				GCC_C_LANGUAGE_STANDARD = gnu99;
				GCC_VERSION = com.apple.compilers.llvmgcc42;
				GCC_WARN_ABOUT_RETURN_TYPE = YES;
				GCC_WARN_UNUSED_VARIABLE = YES;
				IPHONEOS_DEPLOYMENT_TARGET = 5.0;
				OTHER_CFLAGS = "-DNS_BLOCK_ASSERTIONS=1";
				PROVISIONING_PROFILE = "69C40969-7937-4711-A46A-674145C5BA3F";
				SDKROOT = iphoneos;
				SKIP_INSTALL = YES;
			};
			name = "Ad hoc Distribution";
		};
		163CF0F41544A2FD00B0397C /* Ad hoc Distribution */ = {
			isa = XCBuildConfiguration;
			buildSettings = {
				ALWAYS_SEARCH_USER_PATHS = NO;
				CODE_SIGN_IDENTITY = "iPhone Developer: Maijid Moujaled (KLAZ34BHQN)";
				COPY_PHASE_STRIP = YES;
				GCC_PRECOMPILE_PREFIX_HEADER = YES;
				GCC_PREFIX_HEADER = "Grinnell-Menu-iOS/Grinnell-Menu-iOS-Prefix.pch";
				GCC_VERSION = com.apple.compilers.llvm.clang.1_0;
				INFOPLIST_FILE = "Grinnell-Menu-iOS/Grinnell-Menu-iOS-Info.plist";
				IPHONEOS_DEPLOYMENT_TARGET = 5.0;
				LIBRARY_SEARCH_PATHS = (
					"$(inherited)",
					"\"$(SRCROOT)/Grinnell-Menu-iOS/CrittercismSDK\"",
					"\"$(SRCROOT)/Grinnell-Menu-iOS/FlurryAnalytics\"",
				);
				PRODUCT_NAME = "$(TARGET_NAME)";
				PROVISIONING_PROFILE = "B898FFC9-AE8F-4602-9622-D3EA1D7C2453";
				SKIP_INSTALL = NO;
				TARGETED_DEVICE_FAMILY = 1;
				VALIDATE_PRODUCT = YES;
				VALID_ARCHS = armv7;
				WRAPPER_EXTENSION = app;
			};
			name = "Ad hoc Distribution";
		};
		163CF0F51544A2FD00B0397C /* Ad hoc Distribution */ = {
			isa = XCBuildConfiguration;
			buildSettings = {
				ALWAYS_SEARCH_USER_PATHS = NO;
				BUNDLE_LOADER = "$(BUILT_PRODUCTS_DIR)/Grinnell-Menu-iOS.app/Grinnell-Menu-iOS";
				FRAMEWORK_SEARCH_PATHS = (
					"$(SDKROOT)/Developer/Library/Frameworks",
					"$(DEVELOPER_LIBRARY_DIR)/Frameworks",
				);
				GCC_PRECOMPILE_PREFIX_HEADER = YES;
				GCC_PREFIX_HEADER = "Grinnell-Menu-iOSTests/Grinnell-Menu-iOSTests-Prefix.pch";
				GCC_VERSION = com.apple.compilers.llvm.clang.1_0;
				INFOPLIST_FILE = "Grinnell-Menu-iOSTests/Grinnell-Menu-iOSTests-Info.plist";
				OTHER_LDFLAGS = (
					"-framework",
					SenTestingKit,
				);
				PRODUCT_NAME = "$(TARGET_NAME)";
				TEST_HOST = "$(BUNDLE_LOADER)";
				WRAPPER_EXTENSION = octest;
			};
			name = "Ad hoc Distribution";
		};
		E1A0C566145324490072BE76 /* Debug */ = {
			isa = XCBuildConfiguration;
			buildSettings = {
				ARCHS = "$(ARCHS_STANDARD_32_BIT)";
				CLANG_ENABLE_OBJC_ARC = YES;
				CLANG_WARN_OBJCPP_ARC_ABI = YES;
				CODE_SIGN_IDENTITY = "iPhone Developer: Maijid Moujaled (KLAZ34BHQN)";
				"CODE_SIGN_IDENTITY[sdk=iphoneos*]" = "";
				GCC_C_LANGUAGE_STANDARD = gnu99;
				GCC_OPTIMIZATION_LEVEL = 0;
				GCC_PREPROCESSOR_DEFINITIONS = DEBUG;
				GCC_SYMBOLS_PRIVATE_EXTERN = NO;
				GCC_VERSION = com.apple.compilers.llvmgcc42;
				GCC_WARN_ABOUT_RETURN_TYPE = YES;
				GCC_WARN_UNUSED_VARIABLE = YES;
				IPHONEOS_DEPLOYMENT_TARGET = 5.0;
				PROVISIONING_PROFILE = "69C40969-7937-4711-A46A-674145C5BA3F";
				SDKROOT = iphoneos;
				SKIP_INSTALL = YES;
			};
			name = Debug;
		};
		E1A0C567145324490072BE76 /* Release */ = {
			isa = XCBuildConfiguration;
			buildSettings = {
				ARCHS = "$(ARCHS_STANDARD_32_BIT)";
				CLANG_ENABLE_OBJC_ARC = YES;
				CLANG_WARN_OBJCPP_ARC_ABI = YES;
				CODE_SIGN_IDENTITY = "iPhone Developer: Maijid Moujaled (KLAZ34BHQN)";
				"CODE_SIGN_IDENTITY[sdk=iphoneos*]" = "iPhone Developer: Maijid Moujaled (KLAZ34BHQN)";
				GCC_C_LANGUAGE_STANDARD = gnu99;
				GCC_VERSION = com.apple.compilers.llvmgcc42;
				GCC_WARN_ABOUT_RETURN_TYPE = YES;
				GCC_WARN_UNUSED_VARIABLE = YES;
				IPHONEOS_DEPLOYMENT_TARGET = 5.0;
				OTHER_CFLAGS = "-DNS_BLOCK_ASSERTIONS=1";
				PROVISIONING_PROFILE = "69C40969-7937-4711-A46A-674145C5BA3F";
				"PROVISIONING_PROFILE[sdk=iphoneos*]" = "A096F1DA-D581-42CA-9E0D-9BCA6256F787";
				SDKROOT = iphoneos;
				SKIP_INSTALL = YES;
			};
			name = Release;
		};
		E1A0C569145324490072BE76 /* Debug */ = {
			isa = XCBuildConfiguration;
			buildSettings = {
				ALWAYS_SEARCH_USER_PATHS = NO;
				CODE_SIGN_IDENTITY = "iPhone Developer: Maijid Moujaled (KLAZ34BHQN)";
				COPY_PHASE_STRIP = NO;
				GCC_DYNAMIC_NO_PIC = NO;
				GCC_PRECOMPILE_PREFIX_HEADER = YES;
				GCC_PREFIX_HEADER = "Grinnell-Menu-iOS/Grinnell-Menu-iOS-Prefix.pch";
				GCC_VERSION = com.apple.compilers.llvm.clang.1_0;
				INFOPLIST_FILE = "Grinnell-Menu-iOS/Grinnell-Menu-iOS-Info.plist";
				IPHONEOS_DEPLOYMENT_TARGET = 5.0;
				LIBRARY_SEARCH_PATHS = (
					"$(inherited)",
					"\"$(SRCROOT)/Grinnell-Menu-iOS/CrittercismSDK\"",
					"\"$(SRCROOT)/Grinnell-Menu-iOS/FlurryAnalytics\"",
				);
				PRODUCT_NAME = "$(TARGET_NAME)";
				PROVISIONING_PROFILE = "B898FFC9-AE8F-4602-9622-D3EA1D7C2453";
				SKIP_INSTALL = NO;
				TARGETED_DEVICE_FAMILY = 1;
				VALID_ARCHS = armv7;
				WRAPPER_EXTENSION = app;
			};
			name = Debug;
		};
		E1A0C56A145324490072BE76 /* Release */ = {
			isa = XCBuildConfiguration;
			buildSettings = {
				ALWAYS_SEARCH_USER_PATHS = NO;
				CODE_SIGN_IDENTITY = "iPhone Developer: Maijid Moujaled (KLAZ34BHQN)";
				COPY_PHASE_STRIP = YES;
				GCC_PRECOMPILE_PREFIX_HEADER = YES;
				GCC_PREFIX_HEADER = "Grinnell-Menu-iOS/Grinnell-Menu-iOS-Prefix.pch";
				GCC_VERSION = com.apple.compilers.llvm.clang.1_0;
				INFOPLIST_FILE = "Grinnell-Menu-iOS/Grinnell-Menu-iOS-Info.plist";
				IPHONEOS_DEPLOYMENT_TARGET = 5.0;
				LIBRARY_SEARCH_PATHS = (
					"$(inherited)",
					"\"$(SRCROOT)/Grinnell-Menu-iOS/CrittercismSDK\"",
					"\"$(SRCROOT)/Grinnell-Menu-iOS/FlurryAnalytics\"",
				);
				PRODUCT_NAME = "$(TARGET_NAME)";
				PROVISIONING_PROFILE = "B898FFC9-AE8F-4602-9622-D3EA1D7C2453";
				SKIP_INSTALL = NO;
				TARGETED_DEVICE_FAMILY = 1;
				VALIDATE_PRODUCT = YES;
				VALID_ARCHS = armv7;
				WRAPPER_EXTENSION = app;
			};
			name = Release;
		};
		E1A0C56C145324490072BE76 /* Debug */ = {
			isa = XCBuildConfiguration;
			buildSettings = {
				ALWAYS_SEARCH_USER_PATHS = NO;
				BUNDLE_LOADER = "$(BUILT_PRODUCTS_DIR)/Grinnell-Menu-iOS.app/Grinnell-Menu-iOS";
				FRAMEWORK_SEARCH_PATHS = (
					"$(SDKROOT)/Developer/Library/Frameworks",
					"$(DEVELOPER_LIBRARY_DIR)/Frameworks",
				);
				GCC_PRECOMPILE_PREFIX_HEADER = YES;
				GCC_PREFIX_HEADER = "Grinnell-Menu-iOSTests/Grinnell-Menu-iOSTests-Prefix.pch";
				GCC_VERSION = com.apple.compilers.llvm.clang.1_0;
				INFOPLIST_FILE = "Grinnell-Menu-iOSTests/Grinnell-Menu-iOSTests-Info.plist";
				OTHER_LDFLAGS = (
					"-framework",
					SenTestingKit,
				);
				PRODUCT_NAME = "$(TARGET_NAME)";
				TEST_HOST = "$(BUNDLE_LOADER)";
				WRAPPER_EXTENSION = octest;
			};
			name = Debug;
		};
		E1A0C56D145324490072BE76 /* Release */ = {
			isa = XCBuildConfiguration;
			buildSettings = {
				ALWAYS_SEARCH_USER_PATHS = NO;
				BUNDLE_LOADER = "$(BUILT_PRODUCTS_DIR)/Grinnell-Menu-iOS.app/Grinnell-Menu-iOS";
				CODE_SIGN_IDENTITY = "iPhone Developer: Maijid Moujaled (KLAZ34BHQN)";
				"CODE_SIGN_IDENTITY[sdk=iphoneos*]" = "iPhone Developer: Maijid Moujaled (KLAZ34BHQN)";
				FRAMEWORK_SEARCH_PATHS = (
					"$(SDKROOT)/Developer/Library/Frameworks",
					"$(DEVELOPER_LIBRARY_DIR)/Frameworks",
				);
				GCC_PRECOMPILE_PREFIX_HEADER = YES;
				GCC_PREFIX_HEADER = "Grinnell-Menu-iOSTests/Grinnell-Menu-iOSTests-Prefix.pch";
				GCC_VERSION = com.apple.compilers.llvm.clang.1_0;
				INFOPLIST_FILE = "Grinnell-Menu-iOSTests/Grinnell-Menu-iOSTests-Info.plist";
				OTHER_LDFLAGS = (
					"-framework",
					SenTestingKit,
				);
				PRODUCT_NAME = "$(TARGET_NAME)";
				PROVISIONING_PROFILE = "A096F1DA-D581-42CA-9E0D-9BCA6256F787";
				"PROVISIONING_PROFILE[sdk=iphoneos*]" = "A096F1DA-D581-42CA-9E0D-9BCA6256F787";
				TEST_HOST = "$(BUNDLE_LOADER)";
				WRAPPER_EXTENSION = octest;
			};
			name = Release;
		};
/* End XCBuildConfiguration section */

/* Begin XCConfigurationList section */
		E1A0C525145324460072BE76 /* Build configuration list for PBXProject "Grinnell-Menu-iOS" */ = {
			isa = XCConfigurationList;
			buildConfigurations = (
				E1A0C566145324490072BE76 /* Debug */,
				E1A0C567145324490072BE76 /* Release */,
				163CF0F31544A2FD00B0397C /* Ad hoc Distribution */,
			);
			defaultConfigurationIsVisible = 0;
			defaultConfigurationName = Release;
		};
		E1A0C568145324490072BE76 /* Build configuration list for PBXNativeTarget "Grinnell-Menu-iOS" */ = {
			isa = XCConfigurationList;
			buildConfigurations = (
				E1A0C569145324490072BE76 /* Debug */,
				E1A0C56A145324490072BE76 /* Release */,
				163CF0F41544A2FD00B0397C /* Ad hoc Distribution */,
			);
			defaultConfigurationIsVisible = 0;
			defaultConfigurationName = Release;
		};
		E1A0C56B145324490072BE76 /* Build configuration list for PBXNativeTarget "Grinnell-Menu-iOSTests" */ = {
			isa = XCConfigurationList;
			buildConfigurations = (
				E1A0C56C145324490072BE76 /* Debug */,
				E1A0C56D145324490072BE76 /* Release */,
				163CF0F51544A2FD00B0397C /* Ad hoc Distribution */,
			);
			defaultConfigurationIsVisible = 0;
			defaultConfigurationName = Release;
		};
/* End XCConfigurationList section */
	};
	rootObject = E1A0C522145324450072BE76 /* Project object */;
}
